// !$*UTF8*$!
{
	archiveVersion = 1;
	classes = {
	};
	objectVersion = 46;
	objects = {

/* Begin PBXBuildFile section */
		3B0A44ED1F1F6C23004757F1 /* PandaChain.swift in Sources */ = {isa = PBXBuildFile; fileRef = 3B0A44EC1F1F6C23004757F1 /* PandaChain.swift */; };
		3B2B900D1DC70A3E00B4E92F /* Panda.h in Headers */ = {isa = PBXBuildFile; fileRef = 3B2B900B1DC70A3E00B4E92F /* Panda.h */; settings = {ATTRIBUTES = (Public, ); }; };
		3B2B90151DC70D9B00B4E92F /* UIView.swift in Sources */ = {isa = PBXBuildFile; fileRef = 3B2B90141DC70D9B00B4E92F /* UIView.swift */; };
		3B2B90191DC7770500B4E92F /* UIViewExtensions.swift in Sources */ = {isa = PBXBuildFile; fileRef = 3B2B90181DC7770500B4E92F /* UIViewExtensions.swift */; };
		3B2B901C1DC84F5500B4E92F /* UIResponder.swift in Sources */ = {isa = PBXBuildFile; fileRef = 3B2B901B1DC84F5500B4E92F /* UIResponder.swift */; };
		3B2B901E1DC8519D00B4E92F /* UIControl.swift in Sources */ = {isa = PBXBuildFile; fileRef = 3B2B901D1DC8519D00B4E92F /* UIControl.swift */; };
		3B2B90201DC8530800B4E92F /* Actions.swift in Sources */ = {isa = PBXBuildFile; fileRef = 3B2B901F1DC8530800B4E92F /* Actions.swift */; };
		3B40806F1F20800700F810BE /* NSLayoutConstraint.swift in Sources */ = {isa = PBXBuildFile; fileRef = 3B40805B1F207FE700F810BE /* NSLayoutConstraint.swift */; };
		3B4080701F20800700F810BE /* NSLayoutManager.swift in Sources */ = {isa = PBXBuildFile; fileRef = 3B40806D1F207FE800F810BE /* NSLayoutManager.swift */; };
		3B4080711F20800700F810BE /* NSMutableParagraphStyle.swift in Sources */ = {isa = PBXBuildFile; fileRef = 3B4080631F207FE800F810BE /* NSMutableParagraphStyle.swift */; };
		3B4080721F20800700F810BE /* NSObject.swift in Sources */ = {isa = PBXBuildFile; fileRef = 3B40806A1F207FE800F810BE /* NSObject.swift */; };
		3B4080731F20800700F810BE /* NSShadow.swift in Sources */ = {isa = PBXBuildFile; fileRef = 3B4080541F207FE700F810BE /* NSShadow.swift */; };
		3B4080741F20800700F810BE /* NSStringDrawingContext.swift in Sources */ = {isa = PBXBuildFile; fileRef = 3B4080681F207FE800F810BE /* NSStringDrawingContext.swift */; };
		3B4080751F20800700F810BE /* NSTextAttachment.swift in Sources */ = {isa = PBXBuildFile; fileRef = 3B40805D1F207FE700F810BE /* NSTextAttachment.swift */; };
		3B4080761F20800700F810BE /* NSTextContainer.swift in Sources */ = {isa = PBXBuildFile; fileRef = 3B40806B1F207FE800F810BE /* NSTextContainer.swift */; };
		3B4080771F20800700F810BE /* NSTextStorage.swift in Sources */ = {isa = PBXBuildFile; fileRef = 3B40805E1F207FE700F810BE /* NSTextStorage.swift */; };
		3B4080781F20800700F810BE /* UIAccessibilityCustomAction.swift in Sources */ = {isa = PBXBuildFile; fileRef = 3B40805C1F207FE700F810BE /* UIAccessibilityCustomAction.swift */; };
		3B4080791F20800700F810BE /* UIAccessibilityCustomRotor.swift in Sources */ = {isa = PBXBuildFile; fileRef = 3B4080591F207FE700F810BE /* UIAccessibilityCustomRotor.swift */; };
		3B40807A1F20800700F810BE /* UIAccessibilityCustomRotorItemResult.swift in Sources */ = {isa = PBXBuildFile; fileRef = 3B4080561F207FE700F810BE /* UIAccessibilityCustomRotorItemResult.swift */; };
		3B40807B1F20800700F810BE /* UIAccessibilityCustomRotorSearchPredicate.swift in Sources */ = {isa = PBXBuildFile; fileRef = 3B4080661F207FE800F810BE /* UIAccessibilityCustomRotorSearchPredicate.swift */; };
		3B40807C1F20800700F810BE /* UIAccessibilityElement.swift in Sources */ = {isa = PBXBuildFile; fileRef = 3B4080611F207FE800F810BE /* UIAccessibilityElement.swift */; };
		3B40807D1F20800700F810BE /* UIAccessibilityIdentification.swift in Sources */ = {isa = PBXBuildFile; fileRef = 3B4080641F207FE800F810BE /* UIAccessibilityIdentification.swift */; };
		3B40807E1F20800700F810BE /* UIActionSheet.swift in Sources */ = {isa = PBXBuildFile; fileRef = 3B4080691F207FE800F810BE /* UIActionSheet.swift */; };
		3B40807F1F20800700F810BE /* UIActivityIndicatorView.swift in Sources */ = {isa = PBXBuildFile; fileRef = 3B4080671F207FE800F810BE /* UIActivityIndicatorView.swift */; };
		3B4080801F20800700F810BE /* UIActivityViewController.swift in Sources */ = {isa = PBXBuildFile; fileRef = 3B40805F1F207FE700F810BE /* UIActivityViewController.swift */; };
		3B4080811F20800700F810BE /* UIAlertAction.swift in Sources */ = {isa = PBXBuildFile; fileRef = 3B40805A1F207FE700F810BE /* UIAlertAction.swift */; };
		3B4080821F20800700F810BE /* UIAlertController.swift in Sources */ = {isa = PBXBuildFile; fileRef = 3B4080581F207FE700F810BE /* UIAlertController.swift */; };
		3B4080831F20800700F810BE /* UIAlertView.swift in Sources */ = {isa = PBXBuildFile; fileRef = 3B4080601F207FE700F810BE /* UIAlertView.swift */; };
		3B4080841F20800700F810BE /* UIApplication.swift in Sources */ = {isa = PBXBuildFile; fileRef = 3B4080651F207FE800F810BE /* UIApplication.swift */; };
		3B4080851F20800700F810BE /* UIAttachmentBehavior.swift in Sources */ = {isa = PBXBuildFile; fileRef = 3B4080571F207FE700F810BE /* UIAttachmentBehavior.swift */; };
		3B4080861F20800700F810BE /* UIBarButtonItem.swift in Sources */ = {isa = PBXBuildFile; fileRef = 3B40806E1F207FE800F810BE /* UIBarButtonItem.swift */; };
		3B4080871F20800700F810BE /* UIBarButtonItemGroup.swift in Sources */ = {isa = PBXBuildFile; fileRef = 3B4080551F207FE700F810BE /* UIBarButtonItemGroup.swift */; };
		3B4080881F20800700F810BE /* UIBarItem.swift in Sources */ = {isa = PBXBuildFile; fileRef = 3B40806C1F207FE800F810BE /* UIBarItem.swift */; };
		3B4080891F20800700F810BE /* UIBezierPath.swift in Sources */ = {isa = PBXBuildFile; fileRef = 3B4080621F207FE800F810BE /* UIBezierPath.swift */; };
		3B40808A1F20800700F810BE /* UICloudSharingController.swift in Sources */ = {isa = PBXBuildFile; fileRef = 3B4080511F207FC200F810BE /* UICloudSharingController.swift */; };
		3B40808B1F20800700F810BE /* UICollectionViewCell.swift in Sources */ = {isa = PBXBuildFile; fileRef = 3B4080531F207FC200F810BE /* UICollectionViewCell.swift */; };
		3B40808C1F20800700F810BE /* UICollectionViewController.swift in Sources */ = {isa = PBXBuildFile; fileRef = 3B4080521F207FC200F810BE /* UICollectionViewController.swift */; };
		3B40808D1F20800700F810BE /* UICollectionViewFlowLayoutInvalidationContext.swift in Sources */ = {isa = PBXBuildFile; fileRef = 3B40804B1F207FA100F810BE /* UICollectionViewFlowLayoutInvalidationContext.swift */; };
		3B40808E1F20800700F810BE /* UICollectionViewLayoutAttributes.swift in Sources */ = {isa = PBXBuildFile; fileRef = 3B40804C1F207FA100F810BE /* UICollectionViewLayoutAttributes.swift */; };
		3B40808F1F20800700F810BE /* UICollectionViewLayoutInvalidationContext.swift in Sources */ = {isa = PBXBuildFile; fileRef = 3B4080501F207FA100F810BE /* UICollectionViewLayoutInvalidationContext.swift */; };
		3B4080901F20800700F810BE /* UICollectionViewTransitionLayout.swift in Sources */ = {isa = PBXBuildFile; fileRef = 3B40804E1F207FA100F810BE /* UICollectionViewTransitionLayout.swift */; };
		3B4080911F20800700F810BE /* UICollisionBehavior.swift in Sources */ = {isa = PBXBuildFile; fileRef = 3B40804D1F207FA100F810BE /* UICollisionBehavior.swift */; };
		3B4080921F20800700F810BE /* UIContentSizeCategoryAdjusting.swift in Sources */ = {isa = PBXBuildFile; fileRef = 3B40804F1F207FA100F810BE /* UIContentSizeCategoryAdjusting.swift */; };
		3B4080931F20800700F810BE /* UIDatePicker.swift in Sources */ = {isa = PBXBuildFile; fileRef = 3B4080471F207F8700F810BE /* UIDatePicker.swift */; };
		3B4080941F20800700F810BE /* UIDevice.swift in Sources */ = {isa = PBXBuildFile; fileRef = 3B4080431F207F8600F810BE /* UIDevice.swift */; };
		3B4080951F20800700F810BE /* UIDocument.swift in Sources */ = {isa = PBXBuildFile; fileRef = 3B40803F1F207F8600F810BE /* UIDocument.swift */; };
		3B4080961F20800700F810BE /* UIDocumentInteractionController.swift in Sources */ = {isa = PBXBuildFile; fileRef = 3B4080491F207F8700F810BE /* UIDocumentInteractionController.swift */; };
		3B4080971F20800700F810BE /* UIDocumentMenuViewController.swift in Sources */ = {isa = PBXBuildFile; fileRef = 3B4080421F207F8600F810BE /* UIDocumentMenuViewController.swift */; };
		3B4080981F20800700F810BE /* UIDocumentPickerViewController.swift in Sources */ = {isa = PBXBuildFile; fileRef = 3B4080481F207F8700F810BE /* UIDocumentPickerViewController.swift */; };
		3B4080991F20800700F810BE /* UIDynamicAnimator.swift in Sources */ = {isa = PBXBuildFile; fileRef = 3B4080441F207F8600F810BE /* UIDynamicAnimator.swift */; };
		3B40809A1F20800700F810BE /* UIDynamicBehavior.swift in Sources */ = {isa = PBXBuildFile; fileRef = 3B4080461F207F8700F810BE /* UIDynamicBehavior.swift */; };
		3B40809B1F20800700F810BE /* UIDynamicItem.swift in Sources */ = {isa = PBXBuildFile; fileRef = 3B4080411F207F8600F810BE /* UIDynamicItem.swift */; };
		3B40809C1F20800700F810BE /* UIDynamicItemBehavior.swift in Sources */ = {isa = PBXBuildFile; fileRef = 3B40804A1F207F8700F810BE /* UIDynamicItemBehavior.swift */; };
		3B40809D1F20800700F810BE /* UIFieldBehavior.swift in Sources */ = {isa = PBXBuildFile; fileRef = 3B4080401F207F8600F810BE /* UIFieldBehavior.swift */; };
		3B40809E1F20800700F810BE /* UIFocusGuide.swift in Sources */ = {isa = PBXBuildFile; fileRef = 3B4080451F207F8600F810BE /* UIFocusGuide.swift */; };
		3B40809F1F20800700F810BE /* UIGraphicsImageRendererFormat.swift in Sources */ = {isa = PBXBuildFile; fileRef = 3B40803C1F207F6C00F810BE /* UIGraphicsImageRendererFormat.swift */; };
		3B4080A01F20800700F810BE /* UIGraphicsPDFRendererFormat.swift in Sources */ = {isa = PBXBuildFile; fileRef = 3B40803D1F207F6C00F810BE /* UIGraphicsPDFRendererFormat.swift */; };
		3B4080A11F20800700F810BE /* UIGravityBehavior.swift in Sources */ = {isa = PBXBuildFile; fileRef = 3B40803B1F207F6C00F810BE /* UIGravityBehavior.swift */; };
		3B4080A21F20800700F810BE /* UIImagePickerController.swift in Sources */ = {isa = PBXBuildFile; fileRef = 3B40803E1F207F6C00F810BE /* UIImagePickerController.swift */; };
		3B4080A31F20800700F810BE /* UIInputView.swift in Sources */ = {isa = PBXBuildFile; fileRef = 3B4080391F207F5800F810BE /* UIInputView.swift */; };
		3B4080A41F20800700F810BE /* UIInputViewController.swift in Sources */ = {isa = PBXBuildFile; fileRef = 3B40803A1F207F5800F810BE /* UIInputViewController.swift */; };
		3B4080A51F20800700F810BE /* UIInterpolatingMotionEffect.swift in Sources */ = {isa = PBXBuildFile; fileRef = 3B4080381F207F5800F810BE /* UIInterpolatingMotionEffect.swift */; };
		3B4080A61F20800700F810BE /* UIKeyCommand.swift in Sources */ = {isa = PBXBuildFile; fileRef = 3B4080371F207F5800F810BE /* UIKeyCommand.swift */; };
		3B4080A71F20800700F810BE /* UILayoutGuide.swift in Sources */ = {isa = PBXBuildFile; fileRef = 3B40802E1F207EE600F810BE /* UILayoutGuide.swift */; };
		3B4080A81F20800700F810BE /* UILocalNotification.swift in Sources */ = {isa = PBXBuildFile; fileRef = 3B4080161F207EE400F810BE /* UILocalNotification.swift */; };
		3B4080A91F20800700F810BE /* UILongPressGestureRecognizer.swift in Sources */ = {isa = PBXBuildFile; fileRef = 3B4080361F207EE600F810BE /* UILongPressGestureRecognizer.swift */; };
		3B4080AA1F20800700F810BE /* UIManagedDocument.swift in Sources */ = {isa = PBXBuildFile; fileRef = 3B4080221F207EE500F810BE /* UIManagedDocument.swift */; };
		3B4080AB1F20800700F810BE /* UIMarkupTextPrintFormatter.swift in Sources */ = {isa = PBXBuildFile; fileRef = 3B4080291F207EE600F810BE /* UIMarkupTextPrintFormatter.swift */; };
		3B4080AC1F20800700F810BE /* UIMenuController.swift in Sources */ = {isa = PBXBuildFile; fileRef = 3B4080241F207EE600F810BE /* UIMenuController.swift */; };
		3B4080AD1F20800700F810BE /* UIMenuItem.swift in Sources */ = {isa = PBXBuildFile; fileRef = 3B40802B1F207EE600F810BE /* UIMenuItem.swift */; };
		3B4080AE1F20800700F810BE /* UIMotionEffectGroup.swift in Sources */ = {isa = PBXBuildFile; fileRef = 3B40802F1F207EE600F810BE /* UIMotionEffectGroup.swift */; };
		3B4080AF1F20800700F810BE /* UIMutableApplicationShortcutItem.swift in Sources */ = {isa = PBXBuildFile; fileRef = 3B4080351F207EE600F810BE /* UIMutableApplicationShortcutItem.swift */; };
		3B4080B01F20800700F810BE /* UIMutableUserNotificationAction.swift in Sources */ = {isa = PBXBuildFile; fileRef = 3B4080311F207EE600F810BE /* UIMutableUserNotificationAction.swift */; };
		3B4080B11F20800700F810BE /* UIMutableUserNotificationCategory.swift in Sources */ = {isa = PBXBuildFile; fileRef = 3B4080331F207EE600F810BE /* UIMutableUserNotificationCategory.swift */; };
		3B4080B21F20800700F810BE /* UINavigationBar.swift in Sources */ = {isa = PBXBuildFile; fileRef = 3B40801C1F207EE500F810BE /* UINavigationBar.swift */; };
		3B4080B31F20800700F810BE /* UINavigationController.swift in Sources */ = {isa = PBXBuildFile; fileRef = 3B4080151F207EE400F810BE /* UINavigationController.swift */; };
		3B4080B41F20800700F810BE /* UINavigationItem.swift in Sources */ = {isa = PBXBuildFile; fileRef = 3B40802D1F207EE600F810BE /* UINavigationItem.swift */; };
		3B4080B51F20800700F810BE /* UIPageControl.swift in Sources */ = {isa = PBXBuildFile; fileRef = 3B40801A1F207EE500F810BE /* UIPageControl.swift */; };
		3B4080B61F20800700F810BE /* UIPageViewController.swift in Sources */ = {isa = PBXBuildFile; fileRef = 3B4080171F207EE400F810BE /* UIPageViewController.swift */; };
		3B4080B71F20800700F810BE /* UIPanGestureRecognizer.swift in Sources */ = {isa = PBXBuildFile; fileRef = 3B4080271F207EE600F810BE /* UIPanGestureRecognizer.swift */; };
		3B4080B81F20800700F810BE /* UIPasteboard.swift in Sources */ = {isa = PBXBuildFile; fileRef = 3B4080281F207EE600F810BE /* UIPasteboard.swift */; };
		3B4080B91F20800700F810BE /* UIPercentDrivenInteractiveTransition.swift in Sources */ = {isa = PBXBuildFile; fileRef = 3B40801D1F207EE500F810BE /* UIPercentDrivenInteractiveTransition.swift */; };
		3B4080BA1F20800700F810BE /* UIPickerView.swift in Sources */ = {isa = PBXBuildFile; fileRef = 3B4080321F207EE600F810BE /* UIPickerView.swift */; };
		3B4080BB1F20800700F810BE /* UIPinchGestureRecognizer.swift in Sources */ = {isa = PBXBuildFile; fileRef = 3B4080191F207EE500F810BE /* UIPinchGestureRecognizer.swift */; };
		3B4080BC1F20800700F810BE /* UIPopoverBackgroundView.swift in Sources */ = {isa = PBXBuildFile; fileRef = 3B4080341F207EE600F810BE /* UIPopoverBackgroundView.swift */; };
		3B4080BD1F20800700F810BE /* UIPopoverController.swift in Sources */ = {isa = PBXBuildFile; fileRef = 3B4080181F207EE500F810BE /* UIPopoverController.swift */; };
		3B4080BE1F20800700F810BE /* UIPopoverPresentationController.swift in Sources */ = {isa = PBXBuildFile; fileRef = 3B4080301F207EE600F810BE /* UIPopoverPresentationController.swift */; };
		3B4080BF1F20800700F810BE /* UIPresentationController.swift in Sources */ = {isa = PBXBuildFile; fileRef = 3B4080211F207EE500F810BE /* UIPresentationController.swift */; };
		3B4080C01F20800700F810BE /* UIPreviewInteraction.swift in Sources */ = {isa = PBXBuildFile; fileRef = 3B40802A1F207EE600F810BE /* UIPreviewInteraction.swift */; };
		3B4080C11F20800700F810BE /* UIPrinterPickerController.swift in Sources */ = {isa = PBXBuildFile; fileRef = 3B4080251F207EE600F810BE /* UIPrinterPickerController.swift */; };
		3B4080C21F20800700F810BE /* UIPrintFormatter.swift in Sources */ = {isa = PBXBuildFile; fileRef = 3B4080261F207EE600F810BE /* UIPrintFormatter.swift */; };
		3B4080C31F20800700F810BE /* UIPrintInfo.swift in Sources */ = {isa = PBXBuildFile; fileRef = 3B40801B1F207EE500F810BE /* UIPrintInfo.swift */; };
		3B4080C41F20800700F810BE /* UIPrintInteractionController.swift in Sources */ = {isa = PBXBuildFile; fileRef = 3B4080201F207EE500F810BE /* UIPrintInteractionController.swift */; };
		3B4080C51F20800700F810BE /* UIPrintPageRenderer.swift in Sources */ = {isa = PBXBuildFile; fileRef = 3B40801E1F207EE500F810BE /* UIPrintPageRenderer.swift */; };
		3B4080C61F20800700F810BE /* UIProgressView.swift in Sources */ = {isa = PBXBuildFile; fileRef = 3B40802C1F207EE600F810BE /* UIProgressView.swift */; };
		3B4080C71F20800700F810BE /* UIPushBehavior.swift in Sources */ = {isa = PBXBuildFile; fileRef = 3B40801F1F207EE500F810BE /* UIPushBehavior.swift */; };
		3B4080C81F20800700F810BE /* UIRefreshControl.swift in Sources */ = {isa = PBXBuildFile; fileRef = 3B4080231F207EE600F810BE /* UIRefreshControl.swift */; };
		3B4080C91F20800700F810BE /* UIRotationGestureRecognizer.swift in Sources */ = {isa = PBXBuildFile; fileRef = 3B4080131F207ECB00F810BE /* UIRotationGestureRecognizer.swift */; };
		3B4080CA1F20800700F810BE /* UIScreen.swift in Sources */ = {isa = PBXBuildFile; fileRef = 3B4080141F207ECB00F810BE /* UIScreen.swift */; };
		3B4080CB1F20800700F810BE /* UIScreenEdgePanGestureRecognizer.swift in Sources */ = {isa = PBXBuildFile; fileRef = 3B4080121F207ECB00F810BE /* UIScreenEdgePanGestureRecognizer.swift */; };
		3B4080CC1F20800700F810BE /* UISearchBar.swift in Sources */ = {isa = PBXBuildFile; fileRef = 3B40800C1F207EB900F810BE /* UISearchBar.swift */; };
		3B4080CD1F20800700F810BE /* UISearchController.swift in Sources */ = {isa = PBXBuildFile; fileRef = 3B40800B1F207EB900F810BE /* UISearchController.swift */; };
		3B4080CE1F20800700F810BE /* UISegmentedControl.swift in Sources */ = {isa = PBXBuildFile; fileRef = 3B40800F1F207EB900F810BE /* UISegmentedControl.swift */; };
		3B4080CF1F20800700F810BE /* UISimpleTextPrintFormatter.swift in Sources */ = {isa = PBXBuildFile; fileRef = 3B4080101F207EB900F810BE /* UISimpleTextPrintFormatter.swift */; };
		3B4080D01F20800700F810BE /* UISlider.swift in Sources */ = {isa = PBXBuildFile; fileRef = 3B40800D1F207EB900F810BE /* UISlider.swift */; };
		3B4080D11F20800700F810BE /* UISnapBehavior.swift in Sources */ = {isa = PBXBuildFile; fileRef = 3B40800E1F207EB900F810BE /* UISnapBehavior.swift */; };
		3B4080D21F20800700F810BE /* UISplitViewController.swift in Sources */ = {isa = PBXBuildFile; fileRef = 3B4080111F207EB900F810BE /* UISplitViewController.swift */; };
		3B4080D31F20800700F810BE /* UIStepper.swift in Sources */ = {isa = PBXBuildFile; fileRef = 3B4080051F207EA000F810BE /* UIStepper.swift */; };
		3B4080D41F20800700F810BE /* UISwipeGestureRecognizer.swift in Sources */ = {isa = PBXBuildFile; fileRef = 3B4080091F207EA000F810BE /* UISwipeGestureRecognizer.swift */; };
		3B4080D51F20800700F810BE /* UISwitch.swift in Sources */ = {isa = PBXBuildFile; fileRef = 3B4080061F207EA000F810BE /* UISwitch.swift */; };
		3B4080D61F20800700F810BE /* UITabBar.swift in Sources */ = {isa = PBXBuildFile; fileRef = 3B4080071F207EA000F810BE /* UITabBar.swift */; };
		3B4080D71F20800700F810BE /* UITabBarController.swift in Sources */ = {isa = PBXBuildFile; fileRef = 3B4080081F207EA000F810BE /* UITabBarController.swift */; };
		3B4080D81F20800700F810BE /* UITabBarItem.swift in Sources */ = {isa = PBXBuildFile; fileRef = 3B40800A1F207EA000F810BE /* UITabBarItem.swift */; };
		3B4080D91F20800700F810BE /* UITableViewCell.swift in Sources */ = {isa = PBXBuildFile; fileRef = 3B407FFE1F207E7B00F810BE /* UITableViewCell.swift */; };
		3B4080DA1F20800700F810BE /* UITableViewController.swift in Sources */ = {isa = PBXBuildFile; fileRef = 3B407FFD1F207E7B00F810BE /* UITableViewController.swift */; };
		3B4080DB1F20800700F810BE /* UITableViewHeaderFooterView.swift in Sources */ = {isa = PBXBuildFile; fileRef = 3B4080001F207E7B00F810BE /* UITableViewHeaderFooterView.swift */; };
		3B4080DC1F20800700F810BE /* UITableViewRowAction.swift in Sources */ = {isa = PBXBuildFile; fileRef = 3B4080011F207E7B00F810BE /* UITableViewRowAction.swift */; };
		3B4080DD1F20800700F810BE /* UITapGestureRecognizer.swift in Sources */ = {isa = PBXBuildFile; fileRef = 3B4080041F207E7B00F810BE /* UITapGestureRecognizer.swift */; };
		3B4080DE1F20800700F810BE /* UITextChecker.swift in Sources */ = {isa = PBXBuildFile; fileRef = 3B407FFB1F207E7B00F810BE /* UITextChecker.swift */; };
		3B4080DF1F20800700F810BE /* UITextInput.swift in Sources */ = {isa = PBXBuildFile; fileRef = 3B407FFF1F207E7B00F810BE /* UITextInput.swift */; };
		3B4080E01F20800700F810BE /* UITextInputAssistantItem.swift in Sources */ = {isa = PBXBuildFile; fileRef = 3B407FFC1F207E7B00F810BE /* UITextInputAssistantItem.swift */; };
		3B4080E11F20800700F810BE /* UIToolbar.swift in Sources */ = {isa = PBXBuildFile; fileRef = 3B4080021F207E7B00F810BE /* UIToolbar.swift */; };
		3B4080E21F20800700F810BE /* UIVideoEditorController.swift in Sources */ = {isa = PBXBuildFile; fileRef = 3B4080031F207E7B00F810BE /* UIVideoEditorController.swift */; };
		3B4080E31F20800700F810BE /* UIViewAnimating.swift in Sources */ = {isa = PBXBuildFile; fileRef = 3B407FF71F207E5C00F810BE /* UIViewAnimating.swift */; };
		3B4080E41F20800700F810BE /* UIViewController.swift in Sources */ = {isa = PBXBuildFile; fileRef = 3B407FF81F207E5C00F810BE /* UIViewController.swift */; };
		3B4080E51F20800700F810BE /* UIViewControllerPreviewing.swift in Sources */ = {isa = PBXBuildFile; fileRef = 3B407FF91F207E5C00F810BE /* UIViewControllerPreviewing.swift */; };
		3B4080E61F20800700F810BE /* UIViewPropertyAnimator.swift in Sources */ = {isa = PBXBuildFile; fileRef = 3B407FF61F207E5C00F810BE /* UIViewPropertyAnimator.swift */; };
		3B4080E71F20800700F810BE /* UIVisualEffectView.swift in Sources */ = {isa = PBXBuildFile; fileRef = 3B407FFA1F207E5C00F810BE /* UIVisualEffectView.swift */; };
		3B4080E81F20800700F810BE /* UIWebView.swift in Sources */ = {isa = PBXBuildFile; fileRef = 3B407FF41F207E5C00F810BE /* UIWebView.swift */; };
		3B4080E91F20800700F810BE /* UIWindow.swift in Sources */ = {isa = PBXBuildFile; fileRef = 3B407FF51F207E5C00F810BE /* UIWindow.swift */; };
		3B4080FF1F20810600F810BE /* CAAnimation.swift in Sources */ = {isa = PBXBuildFile; fileRef = 3B4080F31F2080F000F810BE /* CAAnimation.swift */; };
		3B4081001F20810600F810BE /* CAAnimationGroup.swift in Sources */ = {isa = PBXBuildFile; fileRef = 3B4080F51F2080F000F810BE /* CAAnimationGroup.swift */; };
		3B4081011F20810600F810BE /* CABasicAnimation.swift in Sources */ = {isa = PBXBuildFile; fileRef = 3B4080F71F2080F000F810BE /* CABasicAnimation.swift */; };
		3B4081021F20810600F810BE /* CADisplayLink.swift in Sources */ = {isa = PBXBuildFile; fileRef = 3B4080F81F2080F000F810BE /* CADisplayLink.swift */; };
		3B4081041F20810600F810BE /* CAEmitterCell.swift in Sources */ = {isa = PBXBuildFile; fileRef = 3B4080EB1F2080F000F810BE /* CAEmitterCell.swift */; };
		3B4081051F20810600F810BE /* CAEmitterLayer.swift in Sources */ = {isa = PBXBuildFile; fileRef = 3B4080F41F2080F000F810BE /* CAEmitterLayer.swift */; };
		3B4081061F20810600F810BE /* CAGradientLayer.swift in Sources */ = {isa = PBXBuildFile; fileRef = 3B4080FE1F2080F000F810BE /* CAGradientLayer.swift */; };
		3B4081071F20810600F810BE /* CAKeyframeAnimation.swift in Sources */ = {isa = PBXBuildFile; fileRef = 3B4080FB1F2080F000F810BE /* CAKeyframeAnimation.swift */; };
		3B4081081F20810600F810BE /* CALayer.swift in Sources */ = {isa = PBXBuildFile; fileRef = 3B4080FD1F2080F000F810BE /* CALayer.swift */; };
		3B4081091F20810600F810BE /* CAMediaTiming.swift in Sources */ = {isa = PBXBuildFile; fileRef = 3B4080FC1F2080F000F810BE /* CAMediaTiming.swift */; };
		3B40810B1F20810600F810BE /* CAPropertyAnimation.swift in Sources */ = {isa = PBXBuildFile; fileRef = 3B4080F21F2080F000F810BE /* CAPropertyAnimation.swift */; };
		3B40810C1F20810600F810BE /* CAReplicatorLayer.swift in Sources */ = {isa = PBXBuildFile; fileRef = 3B4080F61F2080F000F810BE /* CAReplicatorLayer.swift */; };
		3B40810D1F20810600F810BE /* CAScrollLayer.swift in Sources */ = {isa = PBXBuildFile; fileRef = 3B4080EE1F2080F000F810BE /* CAScrollLayer.swift */; };
		3B40810E1F20810600F810BE /* CAShapeLayer.swift in Sources */ = {isa = PBXBuildFile; fileRef = 3B4080FA1F2080F000F810BE /* CAShapeLayer.swift */; };
		3B40810F1F20810600F810BE /* CASpringAnimation.swift in Sources */ = {isa = PBXBuildFile; fileRef = 3B4080ED1F2080F000F810BE /* CASpringAnimation.swift */; };
		3B4081101F20810600F810BE /* CATextLayer.swift in Sources */ = {isa = PBXBuildFile; fileRef = 3B4080F91F2080F000F810BE /* CATextLayer.swift */; };
		3B4081111F20810600F810BE /* CATiledLayer.swift in Sources */ = {isa = PBXBuildFile; fileRef = 3B4080EF1F2080F000F810BE /* CATiledLayer.swift */; };
		3B4081121F20810600F810BE /* CATransition.swift in Sources */ = {isa = PBXBuildFile; fileRef = 3B4080EC1F2080F000F810BE /* CATransition.swift */; };
		3B4081151F22E8FB00F810BE /* SetHelper.swift in Sources */ = {isa = PBXBuildFile; fileRef = 3B4081141F22E8FB00F810BE /* SetHelper.swift */; };
		3B89336E1F25D8480037F115 /* Add.swift in Sources */ = {isa = PBXBuildFile; fileRef = 3B89336D1F25D8480037F115 /* Add.swift */; };
		3BB2EE8F1DC99F0E001D7AAB /* UICollectionViewExtensions.swift in Sources */ = {isa = PBXBuildFile; fileRef = 3BB2EE8E1DC99F0E001D7AAB /* UICollectionViewExtensions.swift */; };
		3BB2EE911DC9B65B001D7AAB /* UICollectionViewFlowLayout.swift in Sources */ = {isa = PBXBuildFile; fileRef = 3BB2EE901DC9B65B001D7AAB /* UICollectionViewFlowLayout.swift */; };
		3BB2EE931DC9BF09001D7AAB /* UIStackView.swift in Sources */ = {isa = PBXBuildFile; fileRef = 3BB2EE921DC9BF09001D7AAB /* UIStackView.swift */; };
		3BB2EEA11DC9CE7E001D7AAB /* UIViewControllerExtensions.swift in Sources */ = {isa = PBXBuildFile; fileRef = 3BB2EEA01DC9CE7E001D7AAB /* UIViewControllerExtensions.swift */; };
		3BB2EEAB1DC9E891001D7AAB /* Font.swift in Sources */ = {isa = PBXBuildFile; fileRef = 3BB2EEAA1DC9E891001D7AAB /* Font.swift */; };
		3BB2EEB11DCA24B4001D7AAB /* UIButtonExtensions.swift in Sources */ = {isa = PBXBuildFile; fileRef = 3BB2EEB01DCA24B4001D7AAB /* UIButtonExtensions.swift */; };
		3BDCEAA71F25BB390098324A /* CALayerExtensions.swift in Sources */ = {isa = PBXBuildFile; fileRef = 3BDCEAA61F25BB390098324A /* CALayerExtensions.swift */; };
		3BE220D61F232738005D81E9 /* UIGraphicsPDFRendererContext.swift in Sources */ = {isa = PBXBuildFile; fileRef = 3BE220D51F232716005D81E9 /* UIGraphicsPDFRendererContext.swift */; };
		3BF5F3451DC8CE3C0037C598 /* UIButton.swift in Sources */ = {isa = PBXBuildFile; fileRef = 3BF5F3441DC8CE3C0037C598 /* UIButton.swift */; };
		3BF5F3471DC8D1120037C598 /* UILabel.swift in Sources */ = {isa = PBXBuildFile; fileRef = 3BF5F3461DC8D1120037C598 /* UILabel.swift */; };
		3BF5F3491DC8D5600037C598 /* UITextField.swift in Sources */ = {isa = PBXBuildFile; fileRef = 3BF5F3481DC8D5600037C598 /* UITextField.swift */; };
		3BF5F34D1DC8DB220037C598 /* UITextView.swift in Sources */ = {isa = PBXBuildFile; fileRef = 3BF5F34C1DC8DB220037C598 /* UITextView.swift */; };
		3BF5F34F1DC8DE0D0037C598 /* UIImageView.swift in Sources */ = {isa = PBXBuildFile; fileRef = 3BF5F34E1DC8DE0D0037C598 /* UIImageView.swift */; };
		3BF5F3511DC8DFF20037C598 /* UIGestureRecognizer.swift in Sources */ = {isa = PBXBuildFile; fileRef = 3BF5F3501DC8DFF20037C598 /* UIGestureRecognizer.swift */; };
		3BF5F3531DC98BFD0037C598 /* UIScrollView.swift in Sources */ = {isa = PBXBuildFile; fileRef = 3BF5F3521DC98BFD0037C598 /* UIScrollView.swift */; };
		3BF5F3551DC98E4F0037C598 /* UITableView.swift in Sources */ = {isa = PBXBuildFile; fileRef = 3BF5F3541DC98E4F0037C598 /* UITableView.swift */; };
		3BF5F3571DC991000037C598 /* UITableViewExtensions.swift in Sources */ = {isa = PBXBuildFile; fileRef = 3BF5F3561DC991000037C598 /* UITableViewExtensions.swift */; };
		3BF5F3591DC99E680037C598 /* UICollectionView.swift in Sources */ = {isa = PBXBuildFile; fileRef = 3BF5F3581DC99E680037C598 /* UICollectionView.swift */; };
/* End PBXBuildFile section */

/* Begin PBXFileReference section */
		3B0A44EC1F1F6C23004757F1 /* PandaChain.swift */ = {isa = PBXFileReference; lastKnownFileType = sourcecode.swift; path = PandaChain.swift; sourceTree = "<group>"; };
		3B2B90081DC70A3E00B4E92F /* Panda.framework */ = {isa = PBXFileReference; explicitFileType = wrapper.framework; includeInIndex = 0; path = Panda.framework; sourceTree = BUILT_PRODUCTS_DIR; };
		3B2B900B1DC70A3E00B4E92F /* Panda.h */ = {isa = PBXFileReference; lastKnownFileType = sourcecode.c.h; path = Panda.h; sourceTree = "<group>"; };
		3B2B900C1DC70A3E00B4E92F /* Info.plist */ = {isa = PBXFileReference; lastKnownFileType = text.plist.xml; path = Info.plist; sourceTree = "<group>"; };
		3B2B90141DC70D9B00B4E92F /* UIView.swift */ = {isa = PBXFileReference; fileEncoding = 4; lastKnownFileType = sourcecode.swift; path = UIView.swift; sourceTree = "<group>"; };
		3B2B90181DC7770500B4E92F /* UIViewExtensions.swift */ = {isa = PBXFileReference; fileEncoding = 4; lastKnownFileType = sourcecode.swift; path = UIViewExtensions.swift; sourceTree = "<group>"; };
		3B2B901B1DC84F5500B4E92F /* UIResponder.swift */ = {isa = PBXFileReference; fileEncoding = 4; lastKnownFileType = sourcecode.swift; path = UIResponder.swift; sourceTree = "<group>"; };
		3B2B901D1DC8519D00B4E92F /* UIControl.swift */ = {isa = PBXFileReference; fileEncoding = 4; lastKnownFileType = sourcecode.swift; path = UIControl.swift; sourceTree = "<group>"; };
		3B2B901F1DC8530800B4E92F /* Actions.swift */ = {isa = PBXFileReference; fileEncoding = 4; lastKnownFileType = sourcecode.swift; path = Actions.swift; sourceTree = "<group>"; };
		3B407FF41F207E5C00F810BE /* UIWebView.swift */ = {isa = PBXFileReference; lastKnownFileType = sourcecode.swift; path = UIWebView.swift; sourceTree = "<group>"; };
		3B407FF51F207E5C00F810BE /* UIWindow.swift */ = {isa = PBXFileReference; lastKnownFileType = sourcecode.swift; path = UIWindow.swift; sourceTree = "<group>"; };
		3B407FF61F207E5C00F810BE /* UIViewPropertyAnimator.swift */ = {isa = PBXFileReference; lastKnownFileType = sourcecode.swift; path = UIViewPropertyAnimator.swift; sourceTree = "<group>"; };
		3B407FF71F207E5C00F810BE /* UIViewAnimating.swift */ = {isa = PBXFileReference; lastKnownFileType = sourcecode.swift; path = UIViewAnimating.swift; sourceTree = "<group>"; };
		3B407FF81F207E5C00F810BE /* UIViewController.swift */ = {isa = PBXFileReference; lastKnownFileType = sourcecode.swift; path = UIViewController.swift; sourceTree = "<group>"; };
		3B407FF91F207E5C00F810BE /* UIViewControllerPreviewing.swift */ = {isa = PBXFileReference; lastKnownFileType = sourcecode.swift; path = UIViewControllerPreviewing.swift; sourceTree = "<group>"; };
		3B407FFA1F207E5C00F810BE /* UIVisualEffectView.swift */ = {isa = PBXFileReference; lastKnownFileType = sourcecode.swift; path = UIVisualEffectView.swift; sourceTree = "<group>"; };
		3B407FFB1F207E7B00F810BE /* UITextChecker.swift */ = {isa = PBXFileReference; lastKnownFileType = sourcecode.swift; path = UITextChecker.swift; sourceTree = "<group>"; };
		3B407FFC1F207E7B00F810BE /* UITextInputAssistantItem.swift */ = {isa = PBXFileReference; lastKnownFileType = sourcecode.swift; path = UITextInputAssistantItem.swift; sourceTree = "<group>"; };
		3B407FFD1F207E7B00F810BE /* UITableViewController.swift */ = {isa = PBXFileReference; lastKnownFileType = sourcecode.swift; path = UITableViewController.swift; sourceTree = "<group>"; };
		3B407FFE1F207E7B00F810BE /* UITableViewCell.swift */ = {isa = PBXFileReference; lastKnownFileType = sourcecode.swift; path = UITableViewCell.swift; sourceTree = "<group>"; };
		3B407FFF1F207E7B00F810BE /* UITextInput.swift */ = {isa = PBXFileReference; lastKnownFileType = sourcecode.swift; path = UITextInput.swift; sourceTree = "<group>"; };
		3B4080001F207E7B00F810BE /* UITableViewHeaderFooterView.swift */ = {isa = PBXFileReference; lastKnownFileType = sourcecode.swift; path = UITableViewHeaderFooterView.swift; sourceTree = "<group>"; };
		3B4080011F207E7B00F810BE /* UITableViewRowAction.swift */ = {isa = PBXFileReference; lastKnownFileType = sourcecode.swift; path = UITableViewRowAction.swift; sourceTree = "<group>"; };
		3B4080021F207E7B00F810BE /* UIToolbar.swift */ = {isa = PBXFileReference; lastKnownFileType = sourcecode.swift; path = UIToolbar.swift; sourceTree = "<group>"; };
		3B4080031F207E7B00F810BE /* UIVideoEditorController.swift */ = {isa = PBXFileReference; lastKnownFileType = sourcecode.swift; path = UIVideoEditorController.swift; sourceTree = "<group>"; };
		3B4080041F207E7B00F810BE /* UITapGestureRecognizer.swift */ = {isa = PBXFileReference; lastKnownFileType = sourcecode.swift; path = UITapGestureRecognizer.swift; sourceTree = "<group>"; };
		3B4080051F207EA000F810BE /* UIStepper.swift */ = {isa = PBXFileReference; lastKnownFileType = sourcecode.swift; path = UIStepper.swift; sourceTree = "<group>"; };
		3B4080061F207EA000F810BE /* UISwitch.swift */ = {isa = PBXFileReference; lastKnownFileType = sourcecode.swift; path = UISwitch.swift; sourceTree = "<group>"; };
		3B4080071F207EA000F810BE /* UITabBar.swift */ = {isa = PBXFileReference; lastKnownFileType = sourcecode.swift; path = UITabBar.swift; sourceTree = "<group>"; };
		3B4080081F207EA000F810BE /* UITabBarController.swift */ = {isa = PBXFileReference; lastKnownFileType = sourcecode.swift; path = UITabBarController.swift; sourceTree = "<group>"; };
		3B4080091F207EA000F810BE /* UISwipeGestureRecognizer.swift */ = {isa = PBXFileReference; lastKnownFileType = sourcecode.swift; path = UISwipeGestureRecognizer.swift; sourceTree = "<group>"; };
		3B40800A1F207EA000F810BE /* UITabBarItem.swift */ = {isa = PBXFileReference; lastKnownFileType = sourcecode.swift; path = UITabBarItem.swift; sourceTree = "<group>"; };
		3B40800B1F207EB900F810BE /* UISearchController.swift */ = {isa = PBXFileReference; lastKnownFileType = sourcecode.swift; path = UISearchController.swift; sourceTree = "<group>"; };
		3B40800C1F207EB900F810BE /* UISearchBar.swift */ = {isa = PBXFileReference; lastKnownFileType = sourcecode.swift; path = UISearchBar.swift; sourceTree = "<group>"; };
		3B40800D1F207EB900F810BE /* UISlider.swift */ = {isa = PBXFileReference; lastKnownFileType = sourcecode.swift; path = UISlider.swift; sourceTree = "<group>"; };
		3B40800E1F207EB900F810BE /* UISnapBehavior.swift */ = {isa = PBXFileReference; lastKnownFileType = sourcecode.swift; path = UISnapBehavior.swift; sourceTree = "<group>"; };
		3B40800F1F207EB900F810BE /* UISegmentedControl.swift */ = {isa = PBXFileReference; lastKnownFileType = sourcecode.swift; path = UISegmentedControl.swift; sourceTree = "<group>"; };
		3B4080101F207EB900F810BE /* UISimpleTextPrintFormatter.swift */ = {isa = PBXFileReference; lastKnownFileType = sourcecode.swift; path = UISimpleTextPrintFormatter.swift; sourceTree = "<group>"; };
		3B4080111F207EB900F810BE /* UISplitViewController.swift */ = {isa = PBXFileReference; lastKnownFileType = sourcecode.swift; path = UISplitViewController.swift; sourceTree = "<group>"; };
		3B4080121F207ECB00F810BE /* UIScreenEdgePanGestureRecognizer.swift */ = {isa = PBXFileReference; lastKnownFileType = sourcecode.swift; path = UIScreenEdgePanGestureRecognizer.swift; sourceTree = "<group>"; };
		3B4080131F207ECB00F810BE /* UIRotationGestureRecognizer.swift */ = {isa = PBXFileReference; lastKnownFileType = sourcecode.swift; path = UIRotationGestureRecognizer.swift; sourceTree = "<group>"; };
		3B4080141F207ECB00F810BE /* UIScreen.swift */ = {isa = PBXFileReference; lastKnownFileType = sourcecode.swift; path = UIScreen.swift; sourceTree = "<group>"; };
		3B4080151F207EE400F810BE /* UINavigationController.swift */ = {isa = PBXFileReference; lastKnownFileType = sourcecode.swift; path = UINavigationController.swift; sourceTree = "<group>"; };
		3B4080161F207EE400F810BE /* UILocalNotification.swift */ = {isa = PBXFileReference; lastKnownFileType = sourcecode.swift; path = UILocalNotification.swift; sourceTree = "<group>"; };
		3B4080171F207EE400F810BE /* UIPageViewController.swift */ = {isa = PBXFileReference; lastKnownFileType = sourcecode.swift; path = UIPageViewController.swift; sourceTree = "<group>"; };
		3B4080181F207EE500F810BE /* UIPopoverController.swift */ = {isa = PBXFileReference; lastKnownFileType = sourcecode.swift; path = UIPopoverController.swift; sourceTree = "<group>"; };
		3B4080191F207EE500F810BE /* UIPinchGestureRecognizer.swift */ = {isa = PBXFileReference; lastKnownFileType = sourcecode.swift; path = UIPinchGestureRecognizer.swift; sourceTree = "<group>"; };
		3B40801A1F207EE500F810BE /* UIPageControl.swift */ = {isa = PBXFileReference; lastKnownFileType = sourcecode.swift; path = UIPageControl.swift; sourceTree = "<group>"; };
		3B40801B1F207EE500F810BE /* UIPrintInfo.swift */ = {isa = PBXFileReference; lastKnownFileType = sourcecode.swift; path = UIPrintInfo.swift; sourceTree = "<group>"; };
		3B40801C1F207EE500F810BE /* UINavigationBar.swift */ = {isa = PBXFileReference; lastKnownFileType = sourcecode.swift; path = UINavigationBar.swift; sourceTree = "<group>"; };
		3B40801D1F207EE500F810BE /* UIPercentDrivenInteractiveTransition.swift */ = {isa = PBXFileReference; lastKnownFileType = sourcecode.swift; path = UIPercentDrivenInteractiveTransition.swift; sourceTree = "<group>"; };
		3B40801E1F207EE500F810BE /* UIPrintPageRenderer.swift */ = {isa = PBXFileReference; lastKnownFileType = sourcecode.swift; path = UIPrintPageRenderer.swift; sourceTree = "<group>"; };
		3B40801F1F207EE500F810BE /* UIPushBehavior.swift */ = {isa = PBXFileReference; lastKnownFileType = sourcecode.swift; path = UIPushBehavior.swift; sourceTree = "<group>"; };
		3B4080201F207EE500F810BE /* UIPrintInteractionController.swift */ = {isa = PBXFileReference; lastKnownFileType = sourcecode.swift; path = UIPrintInteractionController.swift; sourceTree = "<group>"; };
		3B4080211F207EE500F810BE /* UIPresentationController.swift */ = {isa = PBXFileReference; lastKnownFileType = sourcecode.swift; path = UIPresentationController.swift; sourceTree = "<group>"; };
		3B4080221F207EE500F810BE /* UIManagedDocument.swift */ = {isa = PBXFileReference; lastKnownFileType = sourcecode.swift; path = UIManagedDocument.swift; sourceTree = "<group>"; };
		3B4080231F207EE600F810BE /* UIRefreshControl.swift */ = {isa = PBXFileReference; lastKnownFileType = sourcecode.swift; path = UIRefreshControl.swift; sourceTree = "<group>"; };
		3B4080241F207EE600F810BE /* UIMenuController.swift */ = {isa = PBXFileReference; lastKnownFileType = sourcecode.swift; path = UIMenuController.swift; sourceTree = "<group>"; };
		3B4080251F207EE600F810BE /* UIPrinterPickerController.swift */ = {isa = PBXFileReference; lastKnownFileType = sourcecode.swift; path = UIPrinterPickerController.swift; sourceTree = "<group>"; };
		3B4080261F207EE600F810BE /* UIPrintFormatter.swift */ = {isa = PBXFileReference; lastKnownFileType = sourcecode.swift; path = UIPrintFormatter.swift; sourceTree = "<group>"; };
		3B4080271F207EE600F810BE /* UIPanGestureRecognizer.swift */ = {isa = PBXFileReference; lastKnownFileType = sourcecode.swift; path = UIPanGestureRecognizer.swift; sourceTree = "<group>"; };
		3B4080281F207EE600F810BE /* UIPasteboard.swift */ = {isa = PBXFileReference; lastKnownFileType = sourcecode.swift; path = UIPasteboard.swift; sourceTree = "<group>"; };
		3B4080291F207EE600F810BE /* UIMarkupTextPrintFormatter.swift */ = {isa = PBXFileReference; lastKnownFileType = sourcecode.swift; path = UIMarkupTextPrintFormatter.swift; sourceTree = "<group>"; };
		3B40802A1F207EE600F810BE /* UIPreviewInteraction.swift */ = {isa = PBXFileReference; lastKnownFileType = sourcecode.swift; path = UIPreviewInteraction.swift; sourceTree = "<group>"; };
		3B40802B1F207EE600F810BE /* UIMenuItem.swift */ = {isa = PBXFileReference; lastKnownFileType = sourcecode.swift; path = UIMenuItem.swift; sourceTree = "<group>"; };
		3B40802C1F207EE600F810BE /* UIProgressView.swift */ = {isa = PBXFileReference; lastKnownFileType = sourcecode.swift; path = UIProgressView.swift; sourceTree = "<group>"; };
		3B40802D1F207EE600F810BE /* UINavigationItem.swift */ = {isa = PBXFileReference; lastKnownFileType = sourcecode.swift; path = UINavigationItem.swift; sourceTree = "<group>"; };
		3B40802E1F207EE600F810BE /* UILayoutGuide.swift */ = {isa = PBXFileReference; lastKnownFileType = sourcecode.swift; path = UILayoutGuide.swift; sourceTree = "<group>"; };
		3B40802F1F207EE600F810BE /* UIMotionEffectGroup.swift */ = {isa = PBXFileReference; lastKnownFileType = sourcecode.swift; path = UIMotionEffectGroup.swift; sourceTree = "<group>"; };
		3B4080301F207EE600F810BE /* UIPopoverPresentationController.swift */ = {isa = PBXFileReference; lastKnownFileType = sourcecode.swift; path = UIPopoverPresentationController.swift; sourceTree = "<group>"; };
		3B4080311F207EE600F810BE /* UIMutableUserNotificationAction.swift */ = {isa = PBXFileReference; lastKnownFileType = sourcecode.swift; path = UIMutableUserNotificationAction.swift; sourceTree = "<group>"; };
		3B4080321F207EE600F810BE /* UIPickerView.swift */ = {isa = PBXFileReference; lastKnownFileType = sourcecode.swift; path = UIPickerView.swift; sourceTree = "<group>"; };
		3B4080331F207EE600F810BE /* UIMutableUserNotificationCategory.swift */ = {isa = PBXFileReference; lastKnownFileType = sourcecode.swift; path = UIMutableUserNotificationCategory.swift; sourceTree = "<group>"; };
		3B4080341F207EE600F810BE /* UIPopoverBackgroundView.swift */ = {isa = PBXFileReference; lastKnownFileType = sourcecode.swift; path = UIPopoverBackgroundView.swift; sourceTree = "<group>"; };
		3B4080351F207EE600F810BE /* UIMutableApplicationShortcutItem.swift */ = {isa = PBXFileReference; lastKnownFileType = sourcecode.swift; path = UIMutableApplicationShortcutItem.swift; sourceTree = "<group>"; };
		3B4080361F207EE600F810BE /* UILongPressGestureRecognizer.swift */ = {isa = PBXFileReference; lastKnownFileType = sourcecode.swift; path = UILongPressGestureRecognizer.swift; sourceTree = "<group>"; };
		3B4080371F207F5800F810BE /* UIKeyCommand.swift */ = {isa = PBXFileReference; lastKnownFileType = sourcecode.swift; path = UIKeyCommand.swift; sourceTree = "<group>"; };
		3B4080381F207F5800F810BE /* UIInterpolatingMotionEffect.swift */ = {isa = PBXFileReference; lastKnownFileType = sourcecode.swift; path = UIInterpolatingMotionEffect.swift; sourceTree = "<group>"; };
		3B4080391F207F5800F810BE /* UIInputView.swift */ = {isa = PBXFileReference; lastKnownFileType = sourcecode.swift; path = UIInputView.swift; sourceTree = "<group>"; };
		3B40803A1F207F5800F810BE /* UIInputViewController.swift */ = {isa = PBXFileReference; lastKnownFileType = sourcecode.swift; path = UIInputViewController.swift; sourceTree = "<group>"; };
		3B40803B1F207F6C00F810BE /* UIGravityBehavior.swift */ = {isa = PBXFileReference; lastKnownFileType = sourcecode.swift; path = UIGravityBehavior.swift; sourceTree = "<group>"; };
		3B40803C1F207F6C00F810BE /* UIGraphicsImageRendererFormat.swift */ = {isa = PBXFileReference; lastKnownFileType = sourcecode.swift; path = UIGraphicsImageRendererFormat.swift; sourceTree = "<group>"; };
		3B40803D1F207F6C00F810BE /* UIGraphicsPDFRendererFormat.swift */ = {isa = PBXFileReference; lastKnownFileType = sourcecode.swift; path = UIGraphicsPDFRendererFormat.swift; sourceTree = "<group>"; };
		3B40803E1F207F6C00F810BE /* UIImagePickerController.swift */ = {isa = PBXFileReference; lastKnownFileType = sourcecode.swift; path = UIImagePickerController.swift; sourceTree = "<group>"; };
		3B40803F1F207F8600F810BE /* UIDocument.swift */ = {isa = PBXFileReference; lastKnownFileType = sourcecode.swift; path = UIDocument.swift; sourceTree = "<group>"; };
		3B4080401F207F8600F810BE /* UIFieldBehavior.swift */ = {isa = PBXFileReference; lastKnownFileType = sourcecode.swift; path = UIFieldBehavior.swift; sourceTree = "<group>"; };
		3B4080411F207F8600F810BE /* UIDynamicItem.swift */ = {isa = PBXFileReference; lastKnownFileType = sourcecode.swift; path = UIDynamicItem.swift; sourceTree = "<group>"; };
		3B4080421F207F8600F810BE /* UIDocumentMenuViewController.swift */ = {isa = PBXFileReference; lastKnownFileType = sourcecode.swift; path = UIDocumentMenuViewController.swift; sourceTree = "<group>"; };
		3B4080431F207F8600F810BE /* UIDevice.swift */ = {isa = PBXFileReference; lastKnownFileType = sourcecode.swift; path = UIDevice.swift; sourceTree = "<group>"; };
		3B4080441F207F8600F810BE /* UIDynamicAnimator.swift */ = {isa = PBXFileReference; lastKnownFileType = sourcecode.swift; path = UIDynamicAnimator.swift; sourceTree = "<group>"; };
		3B4080451F207F8600F810BE /* UIFocusGuide.swift */ = {isa = PBXFileReference; lastKnownFileType = sourcecode.swift; path = UIFocusGuide.swift; sourceTree = "<group>"; };
		3B4080461F207F8700F810BE /* UIDynamicBehavior.swift */ = {isa = PBXFileReference; lastKnownFileType = sourcecode.swift; path = UIDynamicBehavior.swift; sourceTree = "<group>"; };
		3B4080471F207F8700F810BE /* UIDatePicker.swift */ = {isa = PBXFileReference; lastKnownFileType = sourcecode.swift; path = UIDatePicker.swift; sourceTree = "<group>"; };
		3B4080481F207F8700F810BE /* UIDocumentPickerViewController.swift */ = {isa = PBXFileReference; lastKnownFileType = sourcecode.swift; path = UIDocumentPickerViewController.swift; sourceTree = "<group>"; };
		3B4080491F207F8700F810BE /* UIDocumentInteractionController.swift */ = {isa = PBXFileReference; lastKnownFileType = sourcecode.swift; path = UIDocumentInteractionController.swift; sourceTree = "<group>"; };
		3B40804A1F207F8700F810BE /* UIDynamicItemBehavior.swift */ = {isa = PBXFileReference; lastKnownFileType = sourcecode.swift; path = UIDynamicItemBehavior.swift; sourceTree = "<group>"; };
		3B40804B1F207FA100F810BE /* UICollectionViewFlowLayoutInvalidationContext.swift */ = {isa = PBXFileReference; lastKnownFileType = sourcecode.swift; path = UICollectionViewFlowLayoutInvalidationContext.swift; sourceTree = "<group>"; };
		3B40804C1F207FA100F810BE /* UICollectionViewLayoutAttributes.swift */ = {isa = PBXFileReference; lastKnownFileType = sourcecode.swift; path = UICollectionViewLayoutAttributes.swift; sourceTree = "<group>"; };
		3B40804D1F207FA100F810BE /* UICollisionBehavior.swift */ = {isa = PBXFileReference; lastKnownFileType = sourcecode.swift; path = UICollisionBehavior.swift; sourceTree = "<group>"; };
		3B40804E1F207FA100F810BE /* UICollectionViewTransitionLayout.swift */ = {isa = PBXFileReference; lastKnownFileType = sourcecode.swift; path = UICollectionViewTransitionLayout.swift; sourceTree = "<group>"; };
		3B40804F1F207FA100F810BE /* UIContentSizeCategoryAdjusting.swift */ = {isa = PBXFileReference; lastKnownFileType = sourcecode.swift; path = UIContentSizeCategoryAdjusting.swift; sourceTree = "<group>"; };
		3B4080501F207FA100F810BE /* UICollectionViewLayoutInvalidationContext.swift */ = {isa = PBXFileReference; lastKnownFileType = sourcecode.swift; path = UICollectionViewLayoutInvalidationContext.swift; sourceTree = "<group>"; };
		3B4080511F207FC200F810BE /* UICloudSharingController.swift */ = {isa = PBXFileReference; lastKnownFileType = sourcecode.swift; path = UICloudSharingController.swift; sourceTree = "<group>"; };
		3B4080521F207FC200F810BE /* UICollectionViewController.swift */ = {isa = PBXFileReference; lastKnownFileType = sourcecode.swift; path = UICollectionViewController.swift; sourceTree = "<group>"; };
		3B4080531F207FC200F810BE /* UICollectionViewCell.swift */ = {isa = PBXFileReference; lastKnownFileType = sourcecode.swift; path = UICollectionViewCell.swift; sourceTree = "<group>"; };
		3B4080541F207FE700F810BE /* NSShadow.swift */ = {isa = PBXFileReference; lastKnownFileType = sourcecode.swift; path = NSShadow.swift; sourceTree = "<group>"; };
		3B4080551F207FE700F810BE /* UIBarButtonItemGroup.swift */ = {isa = PBXFileReference; lastKnownFileType = sourcecode.swift; path = UIBarButtonItemGroup.swift; sourceTree = "<group>"; };
		3B4080561F207FE700F810BE /* UIAccessibilityCustomRotorItemResult.swift */ = {isa = PBXFileReference; lastKnownFileType = sourcecode.swift; path = UIAccessibilityCustomRotorItemResult.swift; sourceTree = "<group>"; };
		3B4080571F207FE700F810BE /* UIAttachmentBehavior.swift */ = {isa = PBXFileReference; lastKnownFileType = sourcecode.swift; path = UIAttachmentBehavior.swift; sourceTree = "<group>"; };
		3B4080581F207FE700F810BE /* UIAlertController.swift */ = {isa = PBXFileReference; lastKnownFileType = sourcecode.swift; path = UIAlertController.swift; sourceTree = "<group>"; };
		3B4080591F207FE700F810BE /* UIAccessibilityCustomRotor.swift */ = {isa = PBXFileReference; lastKnownFileType = sourcecode.swift; path = UIAccessibilityCustomRotor.swift; sourceTree = "<group>"; };
		3B40805A1F207FE700F810BE /* UIAlertAction.swift */ = {isa = PBXFileReference; lastKnownFileType = sourcecode.swift; path = UIAlertAction.swift; sourceTree = "<group>"; };
		3B40805B1F207FE700F810BE /* NSLayoutConstraint.swift */ = {isa = PBXFileReference; lastKnownFileType = sourcecode.swift; path = NSLayoutConstraint.swift; sourceTree = "<group>"; };
		3B40805C1F207FE700F810BE /* UIAccessibilityCustomAction.swift */ = {isa = PBXFileReference; lastKnownFileType = sourcecode.swift; path = UIAccessibilityCustomAction.swift; sourceTree = "<group>"; };
		3B40805D1F207FE700F810BE /* NSTextAttachment.swift */ = {isa = PBXFileReference; lastKnownFileType = sourcecode.swift; path = NSTextAttachment.swift; sourceTree = "<group>"; };
		3B40805E1F207FE700F810BE /* NSTextStorage.swift */ = {isa = PBXFileReference; lastKnownFileType = sourcecode.swift; path = NSTextStorage.swift; sourceTree = "<group>"; };
		3B40805F1F207FE700F810BE /* UIActivityViewController.swift */ = {isa = PBXFileReference; lastKnownFileType = sourcecode.swift; path = UIActivityViewController.swift; sourceTree = "<group>"; };
		3B4080601F207FE700F810BE /* UIAlertView.swift */ = {isa = PBXFileReference; lastKnownFileType = sourcecode.swift; path = UIAlertView.swift; sourceTree = "<group>"; };
		3B4080611F207FE800F810BE /* UIAccessibilityElement.swift */ = {isa = PBXFileReference; lastKnownFileType = sourcecode.swift; path = UIAccessibilityElement.swift; sourceTree = "<group>"; };
		3B4080621F207FE800F810BE /* UIBezierPath.swift */ = {isa = PBXFileReference; lastKnownFileType = sourcecode.swift; path = UIBezierPath.swift; sourceTree = "<group>"; };
		3B4080631F207FE800F810BE /* NSMutableParagraphStyle.swift */ = {isa = PBXFileReference; lastKnownFileType = sourcecode.swift; path = NSMutableParagraphStyle.swift; sourceTree = "<group>"; };
		3B4080641F207FE800F810BE /* UIAccessibilityIdentification.swift */ = {isa = PBXFileReference; lastKnownFileType = sourcecode.swift; path = UIAccessibilityIdentification.swift; sourceTree = "<group>"; };
		3B4080651F207FE800F810BE /* UIApplication.swift */ = {isa = PBXFileReference; lastKnownFileType = sourcecode.swift; path = UIApplication.swift; sourceTree = "<group>"; };
		3B4080661F207FE800F810BE /* UIAccessibilityCustomRotorSearchPredicate.swift */ = {isa = PBXFileReference; lastKnownFileType = sourcecode.swift; path = UIAccessibilityCustomRotorSearchPredicate.swift; sourceTree = "<group>"; };
		3B4080671F207FE800F810BE /* UIActivityIndicatorView.swift */ = {isa = PBXFileReference; lastKnownFileType = sourcecode.swift; path = UIActivityIndicatorView.swift; sourceTree = "<group>"; };
		3B4080681F207FE800F810BE /* NSStringDrawingContext.swift */ = {isa = PBXFileReference; lastKnownFileType = sourcecode.swift; path = NSStringDrawingContext.swift; sourceTree = "<group>"; };
		3B4080691F207FE800F810BE /* UIActionSheet.swift */ = {isa = PBXFileReference; lastKnownFileType = sourcecode.swift; path = UIActionSheet.swift; sourceTree = "<group>"; };
		3B40806A1F207FE800F810BE /* NSObject.swift */ = {isa = PBXFileReference; lastKnownFileType = sourcecode.swift; path = NSObject.swift; sourceTree = "<group>"; };
		3B40806B1F207FE800F810BE /* NSTextContainer.swift */ = {isa = PBXFileReference; lastKnownFileType = sourcecode.swift; path = NSTextContainer.swift; sourceTree = "<group>"; };
		3B40806C1F207FE800F810BE /* UIBarItem.swift */ = {isa = PBXFileReference; lastKnownFileType = sourcecode.swift; path = UIBarItem.swift; sourceTree = "<group>"; };
		3B40806D1F207FE800F810BE /* NSLayoutManager.swift */ = {isa = PBXFileReference; lastKnownFileType = sourcecode.swift; path = NSLayoutManager.swift; sourceTree = "<group>"; };
		3B40806E1F207FE800F810BE /* UIBarButtonItem.swift */ = {isa = PBXFileReference; lastKnownFileType = sourcecode.swift; path = UIBarButtonItem.swift; sourceTree = "<group>"; };
		3B4080EB1F2080F000F810BE /* CAEmitterCell.swift */ = {isa = PBXFileReference; lastKnownFileType = sourcecode.swift; path = CAEmitterCell.swift; sourceTree = "<group>"; };
		3B4080EC1F2080F000F810BE /* CATransition.swift */ = {isa = PBXFileReference; lastKnownFileType = sourcecode.swift; path = CATransition.swift; sourceTree = "<group>"; };
		3B4080ED1F2080F000F810BE /* CASpringAnimation.swift */ = {isa = PBXFileReference; lastKnownFileType = sourcecode.swift; path = CASpringAnimation.swift; sourceTree = "<group>"; };
		3B4080EE1F2080F000F810BE /* CAScrollLayer.swift */ = {isa = PBXFileReference; lastKnownFileType = sourcecode.swift; path = CAScrollLayer.swift; sourceTree = "<group>"; };
		3B4080EF1F2080F000F810BE /* CATiledLayer.swift */ = {isa = PBXFileReference; lastKnownFileType = sourcecode.swift; path = CATiledLayer.swift; sourceTree = "<group>"; };
		3B4080F21F2080F000F810BE /* CAPropertyAnimation.swift */ = {isa = PBXFileReference; lastKnownFileType = sourcecode.swift; path = CAPropertyAnimation.swift; sourceTree = "<group>"; };
		3B4080F31F2080F000F810BE /* CAAnimation.swift */ = {isa = PBXFileReference; lastKnownFileType = sourcecode.swift; path = CAAnimation.swift; sourceTree = "<group>"; };
		3B4080F41F2080F000F810BE /* CAEmitterLayer.swift */ = {isa = PBXFileReference; lastKnownFileType = sourcecode.swift; path = CAEmitterLayer.swift; sourceTree = "<group>"; };
		3B4080F51F2080F000F810BE /* CAAnimationGroup.swift */ = {isa = PBXFileReference; lastKnownFileType = sourcecode.swift; path = CAAnimationGroup.swift; sourceTree = "<group>"; };
		3B4080F61F2080F000F810BE /* CAReplicatorLayer.swift */ = {isa = PBXFileReference; lastKnownFileType = sourcecode.swift; path = CAReplicatorLayer.swift; sourceTree = "<group>"; };
		3B4080F71F2080F000F810BE /* CABasicAnimation.swift */ = {isa = PBXFileReference; lastKnownFileType = sourcecode.swift; path = CABasicAnimation.swift; sourceTree = "<group>"; };
		3B4080F81F2080F000F810BE /* CADisplayLink.swift */ = {isa = PBXFileReference; lastKnownFileType = sourcecode.swift; path = CADisplayLink.swift; sourceTree = "<group>"; };
		3B4080F91F2080F000F810BE /* CATextLayer.swift */ = {isa = PBXFileReference; lastKnownFileType = sourcecode.swift; path = CATextLayer.swift; sourceTree = "<group>"; };
		3B4080FA1F2080F000F810BE /* CAShapeLayer.swift */ = {isa = PBXFileReference; lastKnownFileType = sourcecode.swift; path = CAShapeLayer.swift; sourceTree = "<group>"; };
		3B4080FB1F2080F000F810BE /* CAKeyframeAnimation.swift */ = {isa = PBXFileReference; lastKnownFileType = sourcecode.swift; path = CAKeyframeAnimation.swift; sourceTree = "<group>"; };
		3B4080FC1F2080F000F810BE /* CAMediaTiming.swift */ = {isa = PBXFileReference; lastKnownFileType = sourcecode.swift; path = CAMediaTiming.swift; sourceTree = "<group>"; };
		3B4080FD1F2080F000F810BE /* CALayer.swift */ = {isa = PBXFileReference; lastKnownFileType = sourcecode.swift; path = CALayer.swift; sourceTree = "<group>"; };
		3B4080FE1F2080F000F810BE /* CAGradientLayer.swift */ = {isa = PBXFileReference; lastKnownFileType = sourcecode.swift; path = CAGradientLayer.swift; sourceTree = "<group>"; };
		3B4081141F22E8FB00F810BE /* SetHelper.swift */ = {isa = PBXFileReference; lastKnownFileType = sourcecode.swift; path = SetHelper.swift; sourceTree = "<group>"; };
		3B89336D1F25D8480037F115 /* Add.swift */ = {isa = PBXFileReference; lastKnownFileType = sourcecode.swift; path = Add.swift; sourceTree = "<group>"; };
		3BB2EE8E1DC99F0E001D7AAB /* UICollectionViewExtensions.swift */ = {isa = PBXFileReference; fileEncoding = 4; lastKnownFileType = sourcecode.swift; path = UICollectionViewExtensions.swift; sourceTree = "<group>"; };
		3BB2EE901DC9B65B001D7AAB /* UICollectionViewFlowLayout.swift */ = {isa = PBXFileReference; fileEncoding = 4; lastKnownFileType = sourcecode.swift; path = UICollectionViewFlowLayout.swift; sourceTree = "<group>"; };
		3BB2EE921DC9BF09001D7AAB /* UIStackView.swift */ = {isa = PBXFileReference; fileEncoding = 4; lastKnownFileType = sourcecode.swift; path = UIStackView.swift; sourceTree = "<group>"; };
		3BB2EEA01DC9CE7E001D7AAB /* UIViewControllerExtensions.swift */ = {isa = PBXFileReference; fileEncoding = 4; lastKnownFileType = sourcecode.swift; path = UIViewControllerExtensions.swift; sourceTree = "<group>"; };
		3BB2EEAA1DC9E891001D7AAB /* Font.swift */ = {isa = PBXFileReference; fileEncoding = 4; lastKnownFileType = sourcecode.swift; path = Font.swift; sourceTree = "<group>"; };
		3BB2EEB01DCA24B4001D7AAB /* UIButtonExtensions.swift */ = {isa = PBXFileReference; fileEncoding = 4; lastKnownFileType = sourcecode.swift; path = UIButtonExtensions.swift; sourceTree = "<group>"; };
		3BDCEAA61F25BB390098324A /* CALayerExtensions.swift */ = {isa = PBXFileReference; lastKnownFileType = sourcecode.swift; path = CALayerExtensions.swift; sourceTree = "<group>"; };
		3BE220D51F232716005D81E9 /* UIGraphicsPDFRendererContext.swift */ = {isa = PBXFileReference; lastKnownFileType = sourcecode.swift; path = UIGraphicsPDFRendererContext.swift; sourceTree = "<group>"; };
		3BF5F3441DC8CE3C0037C598 /* UIButton.swift */ = {isa = PBXFileReference; fileEncoding = 4; lastKnownFileType = sourcecode.swift; path = UIButton.swift; sourceTree = "<group>"; };
		3BF5F3461DC8D1120037C598 /* UILabel.swift */ = {isa = PBXFileReference; fileEncoding = 4; lastKnownFileType = sourcecode.swift; path = UILabel.swift; sourceTree = "<group>"; };
		3BF5F3481DC8D5600037C598 /* UITextField.swift */ = {isa = PBXFileReference; fileEncoding = 4; lastKnownFileType = sourcecode.swift; path = UITextField.swift; sourceTree = "<group>"; };
		3BF5F34C1DC8DB220037C598 /* UITextView.swift */ = {isa = PBXFileReference; fileEncoding = 4; lastKnownFileType = sourcecode.swift; path = UITextView.swift; sourceTree = "<group>"; };
		3BF5F34E1DC8DE0D0037C598 /* UIImageView.swift */ = {isa = PBXFileReference; fileEncoding = 4; lastKnownFileType = sourcecode.swift; path = UIImageView.swift; sourceTree = "<group>"; };
		3BF5F3501DC8DFF20037C598 /* UIGestureRecognizer.swift */ = {isa = PBXFileReference; fileEncoding = 4; lastKnownFileType = sourcecode.swift; path = UIGestureRecognizer.swift; sourceTree = "<group>"; };
		3BF5F3521DC98BFD0037C598 /* UIScrollView.swift */ = {isa = PBXFileReference; fileEncoding = 4; lastKnownFileType = sourcecode.swift; path = UIScrollView.swift; sourceTree = "<group>"; };
		3BF5F3541DC98E4F0037C598 /* UITableView.swift */ = {isa = PBXFileReference; fileEncoding = 4; lastKnownFileType = sourcecode.swift; path = UITableView.swift; sourceTree = "<group>"; };
		3BF5F3561DC991000037C598 /* UITableViewExtensions.swift */ = {isa = PBXFileReference; fileEncoding = 4; lastKnownFileType = sourcecode.swift; path = UITableViewExtensions.swift; sourceTree = "<group>"; };
		3BF5F3581DC99E680037C598 /* UICollectionView.swift */ = {isa = PBXFileReference; fileEncoding = 4; lastKnownFileType = sourcecode.swift; path = UICollectionView.swift; sourceTree = "<group>"; };
/* End PBXFileReference section */

/* Begin PBXFrameworksBuildPhase section */
		3B2B90041DC70A3E00B4E92F /* Frameworks */ = {
			isa = PBXFrameworksBuildPhase;
			buildActionMask = 2147483647;
			files = (
			);
			runOnlyForDeploymentPostprocessing = 0;
		};
/* End PBXFrameworksBuildPhase section */

/* Begin PBXGroup section */
		3B0A44EE1F2067F5004757F1 /* UIKit */ = {
			isa = PBXGroup;
			children = (
				3B40805B1F207FE700F810BE /* NSLayoutConstraint.swift */,
				3B40806D1F207FE800F810BE /* NSLayoutManager.swift */,
				3B4080631F207FE800F810BE /* NSMutableParagraphStyle.swift */,
				3B40806A1F207FE800F810BE /* NSObject.swift */,
				3B4080541F207FE700F810BE /* NSShadow.swift */,
				3B4080681F207FE800F810BE /* NSStringDrawingContext.swift */,
				3B40805D1F207FE700F810BE /* NSTextAttachment.swift */,
				3B40806B1F207FE800F810BE /* NSTextContainer.swift */,
				3B40805E1F207FE700F810BE /* NSTextStorage.swift */,
				3B40805C1F207FE700F810BE /* UIAccessibilityCustomAction.swift */,
				3B4080591F207FE700F810BE /* UIAccessibilityCustomRotor.swift */,
				3B4080561F207FE700F810BE /* UIAccessibilityCustomRotorItemResult.swift */,
				3B4080661F207FE800F810BE /* UIAccessibilityCustomRotorSearchPredicate.swift */,
				3B4080611F207FE800F810BE /* UIAccessibilityElement.swift */,
				3B4080641F207FE800F810BE /* UIAccessibilityIdentification.swift */,
				3B4080691F207FE800F810BE /* UIActionSheet.swift */,
				3B4080671F207FE800F810BE /* UIActivityIndicatorView.swift */,
				3B40805F1F207FE700F810BE /* UIActivityViewController.swift */,
				3B40805A1F207FE700F810BE /* UIAlertAction.swift */,
				3B4080581F207FE700F810BE /* UIAlertController.swift */,
				3B4080601F207FE700F810BE /* UIAlertView.swift */,
				3B4080651F207FE800F810BE /* UIApplication.swift */,
				3B4080571F207FE700F810BE /* UIAttachmentBehavior.swift */,
				3B40806E1F207FE800F810BE /* UIBarButtonItem.swift */,
				3B4080551F207FE700F810BE /* UIBarButtonItemGroup.swift */,
				3B40806C1F207FE800F810BE /* UIBarItem.swift */,
				3B4080621F207FE800F810BE /* UIBezierPath.swift */,
				3BF5F3441DC8CE3C0037C598 /* UIButton.swift */,
				3B4080511F207FC200F810BE /* UICloudSharingController.swift */,
				3BF5F3581DC99E680037C598 /* UICollectionView.swift */,
				3B4080531F207FC200F810BE /* UICollectionViewCell.swift */,
				3B4080521F207FC200F810BE /* UICollectionViewController.swift */,
				3BB2EE901DC9B65B001D7AAB /* UICollectionViewFlowLayout.swift */,
				3B40804B1F207FA100F810BE /* UICollectionViewFlowLayoutInvalidationContext.swift */,
				3B40804C1F207FA100F810BE /* UICollectionViewLayoutAttributes.swift */,
				3B4080501F207FA100F810BE /* UICollectionViewLayoutInvalidationContext.swift */,
				3B40804E1F207FA100F810BE /* UICollectionViewTransitionLayout.swift */,
				3B40804D1F207FA100F810BE /* UICollisionBehavior.swift */,
				3B40804F1F207FA100F810BE /* UIContentSizeCategoryAdjusting.swift */,
				3B2B901D1DC8519D00B4E92F /* UIControl.swift */,
				3B4080471F207F8700F810BE /* UIDatePicker.swift */,
				3B4080431F207F8600F810BE /* UIDevice.swift */,
				3B40803F1F207F8600F810BE /* UIDocument.swift */,
				3B4080491F207F8700F810BE /* UIDocumentInteractionController.swift */,
				3B4080421F207F8600F810BE /* UIDocumentMenuViewController.swift */,
				3B4080481F207F8700F810BE /* UIDocumentPickerViewController.swift */,
				3B4080441F207F8600F810BE /* UIDynamicAnimator.swift */,
				3B4080461F207F8700F810BE /* UIDynamicBehavior.swift */,
				3B4080411F207F8600F810BE /* UIDynamicItem.swift */,
				3B40804A1F207F8700F810BE /* UIDynamicItemBehavior.swift */,
				3B4080401F207F8600F810BE /* UIFieldBehavior.swift */,
				3B4080451F207F8600F810BE /* UIFocusGuide.swift */,
				3BF5F3501DC8DFF20037C598 /* UIGestureRecognizer.swift */,
				3B40803C1F207F6C00F810BE /* UIGraphicsImageRendererFormat.swift */,
				3BE220D51F232716005D81E9 /* UIGraphicsPDFRendererContext.swift */,
				3B40803D1F207F6C00F810BE /* UIGraphicsPDFRendererFormat.swift */,
				3B40803B1F207F6C00F810BE /* UIGravityBehavior.swift */,
				3B40803E1F207F6C00F810BE /* UIImagePickerController.swift */,
				3BF5F34E1DC8DE0D0037C598 /* UIImageView.swift */,
				3B4080391F207F5800F810BE /* UIInputView.swift */,
				3B40803A1F207F5800F810BE /* UIInputViewController.swift */,
				3B4080381F207F5800F810BE /* UIInterpolatingMotionEffect.swift */,
				3B4080371F207F5800F810BE /* UIKeyCommand.swift */,
				3BF5F3461DC8D1120037C598 /* UILabel.swift */,
				3B40802E1F207EE600F810BE /* UILayoutGuide.swift */,
				3B4080161F207EE400F810BE /* UILocalNotification.swift */,
				3B4080361F207EE600F810BE /* UILongPressGestureRecognizer.swift */,
				3B4080221F207EE500F810BE /* UIManagedDocument.swift */,
				3B4080291F207EE600F810BE /* UIMarkupTextPrintFormatter.swift */,
				3B4080241F207EE600F810BE /* UIMenuController.swift */,
				3B40802B1F207EE600F810BE /* UIMenuItem.swift */,
				3B40802F1F207EE600F810BE /* UIMotionEffectGroup.swift */,
				3B4080351F207EE600F810BE /* UIMutableApplicationShortcutItem.swift */,
				3B4080311F207EE600F810BE /* UIMutableUserNotificationAction.swift */,
				3B4080331F207EE600F810BE /* UIMutableUserNotificationCategory.swift */,
				3B40801C1F207EE500F810BE /* UINavigationBar.swift */,
				3B4080151F207EE400F810BE /* UINavigationController.swift */,
				3B40802D1F207EE600F810BE /* UINavigationItem.swift */,
				3B40801A1F207EE500F810BE /* UIPageControl.swift */,
				3B4080171F207EE400F810BE /* UIPageViewController.swift */,
				3B4080271F207EE600F810BE /* UIPanGestureRecognizer.swift */,
				3B4080281F207EE600F810BE /* UIPasteboard.swift */,
				3B40801D1F207EE500F810BE /* UIPercentDrivenInteractiveTransition.swift */,
				3B4080321F207EE600F810BE /* UIPickerView.swift */,
				3B4080191F207EE500F810BE /* UIPinchGestureRecognizer.swift */,
				3B4080341F207EE600F810BE /* UIPopoverBackgroundView.swift */,
				3B4080181F207EE500F810BE /* UIPopoverController.swift */,
				3B4080301F207EE600F810BE /* UIPopoverPresentationController.swift */,
				3B4080211F207EE500F810BE /* UIPresentationController.swift */,
				3B40802A1F207EE600F810BE /* UIPreviewInteraction.swift */,
				3B4080251F207EE600F810BE /* UIPrinterPickerController.swift */,
				3B4080261F207EE600F810BE /* UIPrintFormatter.swift */,
				3B40801B1F207EE500F810BE /* UIPrintInfo.swift */,
				3B4080201F207EE500F810BE /* UIPrintInteractionController.swift */,
				3B40801E1F207EE500F810BE /* UIPrintPageRenderer.swift */,
				3B40802C1F207EE600F810BE /* UIProgressView.swift */,
				3B40801F1F207EE500F810BE /* UIPushBehavior.swift */,
				3B4080231F207EE600F810BE /* UIRefreshControl.swift */,
				3B2B901B1DC84F5500B4E92F /* UIResponder.swift */,
				3B4080131F207ECB00F810BE /* UIRotationGestureRecognizer.swift */,
				3B4080141F207ECB00F810BE /* UIScreen.swift */,
				3B4080121F207ECB00F810BE /* UIScreenEdgePanGestureRecognizer.swift */,
				3BF5F3521DC98BFD0037C598 /* UIScrollView.swift */,
				3B40800C1F207EB900F810BE /* UISearchBar.swift */,
				3B40800B1F207EB900F810BE /* UISearchController.swift */,
				3B40800F1F207EB900F810BE /* UISegmentedControl.swift */,
				3B4080101F207EB900F810BE /* UISimpleTextPrintFormatter.swift */,
				3B40800D1F207EB900F810BE /* UISlider.swift */,
				3B40800E1F207EB900F810BE /* UISnapBehavior.swift */,
				3B4080111F207EB900F810BE /* UISplitViewController.swift */,
				3BB2EE921DC9BF09001D7AAB /* UIStackView.swift */,
				3B4080051F207EA000F810BE /* UIStepper.swift */,
				3B4080091F207EA000F810BE /* UISwipeGestureRecognizer.swift */,
				3B4080061F207EA000F810BE /* UISwitch.swift */,
				3B4080071F207EA000F810BE /* UITabBar.swift */,
				3B4080081F207EA000F810BE /* UITabBarController.swift */,
				3B40800A1F207EA000F810BE /* UITabBarItem.swift */,
				3BF5F3541DC98E4F0037C598 /* UITableView.swift */,
				3B407FFE1F207E7B00F810BE /* UITableViewCell.swift */,
				3B407FFD1F207E7B00F810BE /* UITableViewController.swift */,
				3B4080001F207E7B00F810BE /* UITableViewHeaderFooterView.swift */,
				3B4080011F207E7B00F810BE /* UITableViewRowAction.swift */,
				3B4080041F207E7B00F810BE /* UITapGestureRecognizer.swift */,
				3B407FFB1F207E7B00F810BE /* UITextChecker.swift */,
				3BF5F3481DC8D5600037C598 /* UITextField.swift */,
				3B407FFF1F207E7B00F810BE /* UITextInput.swift */,
				3B407FFC1F207E7B00F810BE /* UITextInputAssistantItem.swift */,
				3BF5F34C1DC8DB220037C598 /* UITextView.swift */,
				3B4080021F207E7B00F810BE /* UIToolbar.swift */,
				3B4080031F207E7B00F810BE /* UIVideoEditorController.swift */,
				3B2B90141DC70D9B00B4E92F /* UIView.swift */,
				3B407FF71F207E5C00F810BE /* UIViewAnimating.swift */,
				3B407FF81F207E5C00F810BE /* UIViewController.swift */,
				3B407FF91F207E5C00F810BE /* UIViewControllerPreviewing.swift */,
				3B407FF61F207E5C00F810BE /* UIViewPropertyAnimator.swift */,
				3B407FFA1F207E5C00F810BE /* UIVisualEffectView.swift */,
				3B407FF41F207E5C00F810BE /* UIWebView.swift */,
				3B407FF51F207E5C00F810BE /* UIWindow.swift */,
			);
			path = UIKit;
			sourceTree = "<group>";
		};
		3B2B8FFE1DC70A3E00B4E92F = {
			isa = PBXGroup;
			children = (
				3B2B900A1DC70A3E00B4E92F /* Sources */,
				3B2B90091DC70A3E00B4E92F /* Products */,
			);
			sourceTree = "<group>";
		};
		3B2B90091DC70A3E00B4E92F /* Products */ = {
			isa = PBXGroup;
			children = (
				3B2B90081DC70A3E00B4E92F /* Panda.framework */,
			);
			name = Products;
			sourceTree = "<group>";
		};
		3B2B900A1DC70A3E00B4E92F /* Sources */ = {
			isa = PBXGroup;
			children = (
				3B4081131F22E8BB00F810BE /* Basics */,
				3BB2EE961DC9C1FD001D7AAB /* Extensions */,
				3BB2EE971DC9C204001D7AAB /* Properties */,
				3B2B90131DC70B3B00B4E92F /* Supporting Files */,
			);
			path = Sources;
			sourceTree = "<group>";
		};
		3B2B90131DC70B3B00B4E92F /* Supporting Files */ = {
			isa = PBXGroup;
			children = (
				3B2B900B1DC70A3E00B4E92F /* Panda.h */,
				3B2B900C1DC70A3E00B4E92F /* Info.plist */,
			);
			name = "Supporting Files";
			sourceTree = "<group>";
		};
		3B4080EA1F2080CB00F810BE /* QuartzCore */ = {
			isa = PBXGroup;
			children = (
				3B4080F31F2080F000F810BE /* CAAnimation.swift */,
				3B4080F51F2080F000F810BE /* CAAnimationGroup.swift */,
				3B4080F71F2080F000F810BE /* CABasicAnimation.swift */,
				3B4080F81F2080F000F810BE /* CADisplayLink.swift */,
				3B4080EB1F2080F000F810BE /* CAEmitterCell.swift */,
				3B4080F41F2080F000F810BE /* CAEmitterLayer.swift */,
				3B4080FE1F2080F000F810BE /* CAGradientLayer.swift */,
				3B4080FB1F2080F000F810BE /* CAKeyframeAnimation.swift */,
				3B4080FD1F2080F000F810BE /* CALayer.swift */,
				3B4080FC1F2080F000F810BE /* CAMediaTiming.swift */,
				3B4080F21F2080F000F810BE /* CAPropertyAnimation.swift */,
				3B4080F61F2080F000F810BE /* CAReplicatorLayer.swift */,
				3B4080EE1F2080F000F810BE /* CAScrollLayer.swift */,
				3B4080FA1F2080F000F810BE /* CAShapeLayer.swift */,
				3B4080ED1F2080F000F810BE /* CASpringAnimation.swift */,
				3B4080F91F2080F000F810BE /* CATextLayer.swift */,
				3B4080EF1F2080F000F810BE /* CATiledLayer.swift */,
				3B4080EC1F2080F000F810BE /* CATransition.swift */,
			);
			path = QuartzCore;
			sourceTree = "<group>";
		};
		3B4081131F22E8BB00F810BE /* Basics */ = {
			isa = PBXGroup;
			children = (
				3B0A44EC1F1F6C23004757F1 /* PandaChain.swift */,
				3B2B901F1DC8530800B4E92F /* Actions.swift */,
				3B89336D1F25D8480037F115 /* Add.swift */,
				3BB2EEAA1DC9E891001D7AAB /* Font.swift */,
				3B4081141F22E8FB00F810BE /* SetHelper.swift */,
			);
			path = Basics;
			sourceTree = "<group>";
		};
		3BB2EE961DC9C1FD001D7AAB /* Extensions */ = {
			isa = PBXGroup;
			children = (
				3BDCEAA61F25BB390098324A /* CALayerExtensions.swift */,
				3BB2EEB01DCA24B4001D7AAB /* UIButtonExtensions.swift */,
				3BB2EE8E1DC99F0E001D7AAB /* UICollectionViewExtensions.swift */,
				3BF5F3561DC991000037C598 /* UITableViewExtensions.swift */,
				3B2B90181DC7770500B4E92F /* UIViewExtensions.swift */,
				3BB2EEA01DC9CE7E001D7AAB /* UIViewControllerExtensions.swift */,
			);
			path = Extensions;
			sourceTree = "<group>";
		};
		3BB2EE971DC9C204001D7AAB /* Properties */ = {
			isa = PBXGroup;
			children = (
				3B4080EA1F2080CB00F810BE /* QuartzCore */,
				3B0A44EE1F2067F5004757F1 /* UIKit */,
			);
			path = Properties;
			sourceTree = "<group>";
		};
/* End PBXGroup section */

/* Begin PBXHeadersBuildPhase section */
		3B2B90051DC70A3E00B4E92F /* Headers */ = {
			isa = PBXHeadersBuildPhase;
			buildActionMask = 2147483647;
			files = (
				3B2B900D1DC70A3E00B4E92F /* Panda.h in Headers */,
			);
			runOnlyForDeploymentPostprocessing = 0;
		};
/* End PBXHeadersBuildPhase section */

/* Begin PBXNativeTarget section */
		3B2B90071DC70A3E00B4E92F /* Panda */ = {
			isa = PBXNativeTarget;
			buildConfigurationList = 3B2B90101DC70A3E00B4E92F /* Build configuration list for PBXNativeTarget "Panda" */;
			buildPhases = (
				3B2B90031DC70A3E00B4E92F /* Sources */,
				3B2B90041DC70A3E00B4E92F /* Frameworks */,
				3B2B90051DC70A3E00B4E92F /* Headers */,
				3B2B90061DC70A3E00B4E92F /* Resources */,
			);
			buildRules = (
			);
			dependencies = (
			);
			name = Panda;
			productName = Panda;
			productReference = 3B2B90081DC70A3E00B4E92F /* Panda.framework */;
			productType = "com.apple.product-type.framework";
		};
/* End PBXNativeTarget section */

/* Begin PBXProject section */
		3B2B8FFF1DC70A3E00B4E92F /* Project object */ = {
			isa = PBXProject;
			attributes = {
				LastUpgradeCheck = 0810;
				ORGANIZATIONNAME = Javier;
				TargetAttributes = {
					3B2B90071DC70A3E00B4E92F = {
						CreatedOnToolsVersion = 8.1;
						LastSwiftMigration = 0810;
						ProvisioningStyle = Manual;
					};
				};
			};
			buildConfigurationList = 3B2B90021DC70A3E00B4E92F /* Build configuration list for PBXProject "Panda" */;
			compatibilityVersion = "Xcode 3.2";
			developmentRegion = English;
			hasScannedForEncodings = 0;
			knownRegions = (
				en,
			);
			mainGroup = 3B2B8FFE1DC70A3E00B4E92F;
			productRefGroup = 3B2B90091DC70A3E00B4E92F /* Products */;
			projectDirPath = "";
			projectRoot = "";
			targets = (
				3B2B90071DC70A3E00B4E92F /* Panda */,
			);
		};
/* End PBXProject section */

/* Begin PBXResourcesBuildPhase section */
		3B2B90061DC70A3E00B4E92F /* Resources */ = {
			isa = PBXResourcesBuildPhase;
			buildActionMask = 2147483647;
			files = (
			);
			runOnlyForDeploymentPostprocessing = 0;
		};
/* End PBXResourcesBuildPhase section */

/* Begin PBXSourcesBuildPhase section */
		3B2B90031DC70A3E00B4E92F /* Sources */ = {
			isa = PBXSourcesBuildPhase;
			buildActionMask = 2147483647;
			files = (
				3BE220D61F232738005D81E9 /* UIGraphicsPDFRendererContext.swift in Sources */,
				3B4080FF1F20810600F810BE /* CAAnimation.swift in Sources */,
				3B4081001F20810600F810BE /* CAAnimationGroup.swift in Sources */,
				3B4081011F20810600F810BE /* CABasicAnimation.swift in Sources */,
				3B4081021F20810600F810BE /* CADisplayLink.swift in Sources */,
				3B4081041F20810600F810BE /* CAEmitterCell.swift in Sources */,
				3B4081051F20810600F810BE /* CAEmitterLayer.swift in Sources */,
				3B4081061F20810600F810BE /* CAGradientLayer.swift in Sources */,
				3B4081071F20810600F810BE /* CAKeyframeAnimation.swift in Sources */,
				3B89336E1F25D8480037F115 /* Add.swift in Sources */,
				3B4081081F20810600F810BE /* CALayer.swift in Sources */,
				3B4081091F20810600F810BE /* CAMediaTiming.swift in Sources */,
				3B4081151F22E8FB00F810BE /* SetHelper.swift in Sources */,
				3B40810B1F20810600F810BE /* CAPropertyAnimation.swift in Sources */,
				3B40810C1F20810600F810BE /* CAReplicatorLayer.swift in Sources */,
				3B40810D1F20810600F810BE /* CAScrollLayer.swift in Sources */,
				3B40810E1F20810600F810BE /* CAShapeLayer.swift in Sources */,
				3B40810F1F20810600F810BE /* CASpringAnimation.swift in Sources */,
				3B4081101F20810600F810BE /* CATextLayer.swift in Sources */,
				3B4081111F20810600F810BE /* CATiledLayer.swift in Sources */,
				3B4081121F20810600F810BE /* CATransition.swift in Sources */,
				3B40806F1F20800700F810BE /* NSLayoutConstraint.swift in Sources */,
				3B4080701F20800700F810BE /* NSLayoutManager.swift in Sources */,
				3B4080711F20800700F810BE /* NSMutableParagraphStyle.swift in Sources */,
				3B4080721F20800700F810BE /* NSObject.swift in Sources */,
				3B4080731F20800700F810BE /* NSShadow.swift in Sources */,
				3B4080741F20800700F810BE /* NSStringDrawingContext.swift in Sources */,
				3B4080751F20800700F810BE /* NSTextAttachment.swift in Sources */,
				3B4080761F20800700F810BE /* NSTextContainer.swift in Sources */,
				3B4080771F20800700F810BE /* NSTextStorage.swift in Sources */,
				3B4080781F20800700F810BE /* UIAccessibilityCustomAction.swift in Sources */,
				3B4080791F20800700F810BE /* UIAccessibilityCustomRotor.swift in Sources */,
				3B40807A1F20800700F810BE /* UIAccessibilityCustomRotorItemResult.swift in Sources */,
				3B40807B1F20800700F810BE /* UIAccessibilityCustomRotorSearchPredicate.swift in Sources */,
				3B40807C1F20800700F810BE /* UIAccessibilityElement.swift in Sources */,
				3B40807D1F20800700F810BE /* UIAccessibilityIdentification.swift in Sources */,
				3B40807E1F20800700F810BE /* UIActionSheet.swift in Sources */,
				3B40807F1F20800700F810BE /* UIActivityIndicatorView.swift in Sources */,
				3B4080801F20800700F810BE /* UIActivityViewController.swift in Sources */,
				3B4080811F20800700F810BE /* UIAlertAction.swift in Sources */,
				3B4080821F20800700F810BE /* UIAlertController.swift in Sources */,
				3B4080831F20800700F810BE /* UIAlertView.swift in Sources */,
				3B4080841F20800700F810BE /* UIApplication.swift in Sources */,
				3B4080851F20800700F810BE /* UIAttachmentBehavior.swift in Sources */,
				3B4080861F20800700F810BE /* UIBarButtonItem.swift in Sources */,
				3B4080871F20800700F810BE /* UIBarButtonItemGroup.swift in Sources */,
				3B4080881F20800700F810BE /* UIBarItem.swift in Sources */,
				3B4080891F20800700F810BE /* UIBezierPath.swift in Sources */,
				3B40808A1F20800700F810BE /* UICloudSharingController.swift in Sources */,
				3B40808B1F20800700F810BE /* UICollectionViewCell.swift in Sources */,
				3B40808C1F20800700F810BE /* UICollectionViewController.swift in Sources */,
				3B40808D1F20800700F810BE /* UICollectionViewFlowLayoutInvalidationContext.swift in Sources */,
				3B40808E1F20800700F810BE /* UICollectionViewLayoutAttributes.swift in Sources */,
				3B40808F1F20800700F810BE /* UICollectionViewLayoutInvalidationContext.swift in Sources */,
				3B4080901F20800700F810BE /* UICollectionViewTransitionLayout.swift in Sources */,
				3B4080911F20800700F810BE /* UICollisionBehavior.swift in Sources */,
				3B4080921F20800700F810BE /* UIContentSizeCategoryAdjusting.swift in Sources */,
				3B4080931F20800700F810BE /* UIDatePicker.swift in Sources */,
				3B4080941F20800700F810BE /* UIDevice.swift in Sources */,
				3B4080951F20800700F810BE /* UIDocument.swift in Sources */,
				3B4080961F20800700F810BE /* UIDocumentInteractionController.swift in Sources */,
				3B4080971F20800700F810BE /* UIDocumentMenuViewController.swift in Sources */,
				3B4080981F20800700F810BE /* UIDocumentPickerViewController.swift in Sources */,
				3B4080991F20800700F810BE /* UIDynamicAnimator.swift in Sources */,
				3BDCEAA71F25BB390098324A /* CALayerExtensions.swift in Sources */,
				3B40809A1F20800700F810BE /* UIDynamicBehavior.swift in Sources */,
				3B40809B1F20800700F810BE /* UIDynamicItem.swift in Sources */,
				3B40809C1F20800700F810BE /* UIDynamicItemBehavior.swift in Sources */,
				3B40809D1F20800700F810BE /* UIFieldBehavior.swift in Sources */,
				3B40809E1F20800700F810BE /* UIFocusGuide.swift in Sources */,
				3B40809F1F20800700F810BE /* UIGraphicsImageRendererFormat.swift in Sources */,
				3B4080A01F20800700F810BE /* UIGraphicsPDFRendererFormat.swift in Sources */,
				3B4080A11F20800700F810BE /* UIGravityBehavior.swift in Sources */,
				3B4080A21F20800700F810BE /* UIImagePickerController.swift in Sources */,
				3B4080A31F20800700F810BE /* UIInputView.swift in Sources */,
				3B4080A41F20800700F810BE /* UIInputViewController.swift in Sources */,
				3B4080A51F20800700F810BE /* UIInterpolatingMotionEffect.swift in Sources */,
				3B4080A61F20800700F810BE /* UIKeyCommand.swift in Sources */,
				3B4080A71F20800700F810BE /* UILayoutGuide.swift in Sources */,
				3B4080A81F20800700F810BE /* UILocalNotification.swift in Sources */,
				3B4080A91F20800700F810BE /* UILongPressGestureRecognizer.swift in Sources */,
				3B4080AA1F20800700F810BE /* UIManagedDocument.swift in Sources */,
				3B4080AB1F20800700F810BE /* UIMarkupTextPrintFormatter.swift in Sources */,
				3B4080AC1F20800700F810BE /* UIMenuController.swift in Sources */,
				3B4080AD1F20800700F810BE /* UIMenuItem.swift in Sources */,
				3B4080AE1F20800700F810BE /* UIMotionEffectGroup.swift in Sources */,
				3B4080AF1F20800700F810BE /* UIMutableApplicationShortcutItem.swift in Sources */,
				3B4080B01F20800700F810BE /* UIMutableUserNotificationAction.swift in Sources */,
				3B4080B11F20800700F810BE /* UIMutableUserNotificationCategory.swift in Sources */,
				3B4080B21F20800700F810BE /* UINavigationBar.swift in Sources */,
				3B4080B31F20800700F810BE /* UINavigationController.swift in Sources */,
				3B4080B41F20800700F810BE /* UINavigationItem.swift in Sources */,
				3B4080B51F20800700F810BE /* UIPageControl.swift in Sources */,
				3B4080B61F20800700F810BE /* UIPageViewController.swift in Sources */,
				3B4080B71F20800700F810BE /* UIPanGestureRecognizer.swift in Sources */,
				3B4080B81F20800700F810BE /* UIPasteboard.swift in Sources */,
				3B4080B91F20800700F810BE /* UIPercentDrivenInteractiveTransition.swift in Sources */,
				3B4080BA1F20800700F810BE /* UIPickerView.swift in Sources */,
				3B4080BB1F20800700F810BE /* UIPinchGestureRecognizer.swift in Sources */,
				3B4080BC1F20800700F810BE /* UIPopoverBackgroundView.swift in Sources */,
				3B4080BD1F20800700F810BE /* UIPopoverController.swift in Sources */,
				3B4080BE1F20800700F810BE /* UIPopoverPresentationController.swift in Sources */,
				3B4080BF1F20800700F810BE /* UIPresentationController.swift in Sources */,
				3B4080C01F20800700F810BE /* UIPreviewInteraction.swift in Sources */,
				3B4080C11F20800700F810BE /* UIPrinterPickerController.swift in Sources */,
				3B4080C21F20800700F810BE /* UIPrintFormatter.swift in Sources */,
				3B4080C31F20800700F810BE /* UIPrintInfo.swift in Sources */,
				3B4080C41F20800700F810BE /* UIPrintInteractionController.swift in Sources */,
				3B4080C51F20800700F810BE /* UIPrintPageRenderer.swift in Sources */,
				3B4080C61F20800700F810BE /* UIProgressView.swift in Sources */,
				3B4080C71F20800700F810BE /* UIPushBehavior.swift in Sources */,
				3B4080C81F20800700F810BE /* UIRefreshControl.swift in Sources */,
				3B4080C91F20800700F810BE /* UIRotationGestureRecognizer.swift in Sources */,
				3B4080CA1F20800700F810BE /* UIScreen.swift in Sources */,
				3B4080CB1F20800700F810BE /* UIScreenEdgePanGestureRecognizer.swift in Sources */,
				3B4080CC1F20800700F810BE /* UISearchBar.swift in Sources */,
				3B4080CD1F20800700F810BE /* UISearchController.swift in Sources */,
				3B4080CE1F20800700F810BE /* UISegmentedControl.swift in Sources */,
				3B4080CF1F20800700F810BE /* UISimpleTextPrintFormatter.swift in Sources */,
				3B4080D01F20800700F810BE /* UISlider.swift in Sources */,
				3B4080D11F20800700F810BE /* UISnapBehavior.swift in Sources */,
				3B4080D21F20800700F810BE /* UISplitViewController.swift in Sources */,
				3B4080D31F20800700F810BE /* UIStepper.swift in Sources */,
				3B4080D41F20800700F810BE /* UISwipeGestureRecognizer.swift in Sources */,
				3B4080D51F20800700F810BE /* UISwitch.swift in Sources */,
				3B4080D61F20800700F810BE /* UITabBar.swift in Sources */,
				3B4080D71F20800700F810BE /* UITabBarController.swift in Sources */,
				3B4080D81F20800700F810BE /* UITabBarItem.swift in Sources */,
				3B4080D91F20800700F810BE /* UITableViewCell.swift in Sources */,
				3B4080DA1F20800700F810BE /* UITableViewController.swift in Sources */,
				3B4080DB1F20800700F810BE /* UITableViewHeaderFooterView.swift in Sources */,
				3B4080DC1F20800700F810BE /* UITableViewRowAction.swift in Sources */,
				3B4080DD1F20800700F810BE /* UITapGestureRecognizer.swift in Sources */,
				3B4080DE1F20800700F810BE /* UITextChecker.swift in Sources */,
				3B4080DF1F20800700F810BE /* UITextInput.swift in Sources */,
				3B4080E01F20800700F810BE /* UITextInputAssistantItem.swift in Sources */,
				3B4080E11F20800700F810BE /* UIToolbar.swift in Sources */,
				3B4080E21F20800700F810BE /* UIVideoEditorController.swift in Sources */,
				3B4080E31F20800700F810BE /* UIViewAnimating.swift in Sources */,
				3B4080E41F20800700F810BE /* UIViewController.swift in Sources */,
				3B4080E51F20800700F810BE /* UIViewControllerPreviewing.swift in Sources */,
				3B4080E61F20800700F810BE /* UIViewPropertyAnimator.swift in Sources */,
				3B4080E71F20800700F810BE /* UIVisualEffectView.swift in Sources */,
				3B4080E81F20800700F810BE /* UIWebView.swift in Sources */,
				3B4080E91F20800700F810BE /* UIWindow.swift in Sources */,
				3BB2EE8F1DC99F0E001D7AAB /* UICollectionViewExtensions.swift in Sources */,
				3BB2EE931DC9BF09001D7AAB /* UIStackView.swift in Sources */,
				3BF5F3591DC99E680037C598 /* UICollectionView.swift in Sources */,
				3B0A44ED1F1F6C23004757F1 /* PandaChain.swift in Sources */,
				3BF5F3511DC8DFF20037C598 /* UIGestureRecognizer.swift in Sources */,
				3BB2EEAB1DC9E891001D7AAB /* Font.swift in Sources */,
				3B2B90191DC7770500B4E92F /* UIViewExtensions.swift in Sources */,
				3B2B90201DC8530800B4E92F /* Actions.swift in Sources */,
				3BF5F3471DC8D1120037C598 /* UILabel.swift in Sources */,
				3BB2EE911DC9B65B001D7AAB /* UICollectionViewFlowLayout.swift in Sources */,
				3BB2EEB11DCA24B4001D7AAB /* UIButtonExtensions.swift in Sources */,
				3BF5F3491DC8D5600037C598 /* UITextField.swift in Sources */,
				3BF5F34D1DC8DB220037C598 /* UITextView.swift in Sources */,
				3B2B901E1DC8519D00B4E92F /* UIControl.swift in Sources */,
				3BB2EEA11DC9CE7E001D7AAB /* UIViewControllerExtensions.swift in Sources */,
				3BF5F3571DC991000037C598 /* UITableViewExtensions.swift in Sources */,
				3BF5F34F1DC8DE0D0037C598 /* UIImageView.swift in Sources */,
				3B2B901C1DC84F5500B4E92F /* UIResponder.swift in Sources */,
				3BF5F3531DC98BFD0037C598 /* UIScrollView.swift in Sources */,
				3BF5F3551DC98E4F0037C598 /* UITableView.swift in Sources */,
				3B2B90151DC70D9B00B4E92F /* UIView.swift in Sources */,
				3BF5F3451DC8CE3C0037C598 /* UIButton.swift in Sources */,
			);
			runOnlyForDeploymentPostprocessing = 0;
		};
/* End PBXSourcesBuildPhase section */

/* Begin XCBuildConfiguration section */
		3B2B900E1DC70A3E00B4E92F /* Debug */ = {
			isa = XCBuildConfiguration;
			buildSettings = {
				ALWAYS_SEARCH_USER_PATHS = NO;
				CLANG_ANALYZER_NONNULL = YES;
				CLANG_CXX_LANGUAGE_STANDARD = "gnu++0x";
				CLANG_CXX_LIBRARY = "libc++";
				CLANG_ENABLE_MODULES = YES;
				CLANG_ENABLE_OBJC_ARC = YES;
				CLANG_WARN_BOOL_CONVERSION = YES;
				CLANG_WARN_CONSTANT_CONVERSION = YES;
				CLANG_WARN_DIRECT_OBJC_ISA_USAGE = YES_ERROR;
				CLANG_WARN_DOCUMENTATION_COMMENTS = YES;
				CLANG_WARN_EMPTY_BODY = YES;
				CLANG_WARN_ENUM_CONVERSION = YES;
				CLANG_WARN_INFINITE_RECURSION = YES;
				CLANG_WARN_INT_CONVERSION = YES;
				CLANG_WARN_OBJC_ROOT_CLASS = YES_ERROR;
				CLANG_WARN_SUSPICIOUS_MOVES = YES;
				CLANG_WARN_UNREACHABLE_CODE = YES;
				CLANG_WARN__DUPLICATE_METHOD_MATCH = YES;
				"CODE_SIGN_IDENTITY[sdk=iphoneos*]" = "iPhone Developer";
				COPY_PHASE_STRIP = NO;
				CURRENT_PROJECT_VERSION = 1;
				DEBUG_INFORMATION_FORMAT = dwarf;
				ENABLE_STRICT_OBJC_MSGSEND = YES;
				ENABLE_TESTABILITY = YES;
				GCC_C_LANGUAGE_STANDARD = gnu99;
				GCC_DYNAMIC_NO_PIC = NO;
				GCC_NO_COMMON_BLOCKS = YES;
				GCC_OPTIMIZATION_LEVEL = 0;
				GCC_PREPROCESSOR_DEFINITIONS = (
					"DEBUG=1",
					"$(inherited)",
				);
				GCC_WARN_64_TO_32_BIT_CONVERSION = YES;
				GCC_WARN_ABOUT_RETURN_TYPE = YES_ERROR;
				GCC_WARN_UNDECLARED_SELECTOR = YES;
				GCC_WARN_UNINITIALIZED_AUTOS = YES_AGGRESSIVE;
				GCC_WARN_UNUSED_FUNCTION = YES;
				GCC_WARN_UNUSED_VARIABLE = YES;
				IPHONEOS_DEPLOYMENT_TARGET = 8.0;
				MTL_ENABLE_DEBUG_INFO = YES;
				ONLY_ACTIVE_ARCH = YES;
				SDKROOT = iphoneos;
				SWIFT_ACTIVE_COMPILATION_CONDITIONS = DEBUG;
				SWIFT_OPTIMIZATION_LEVEL = "-Onone";
				TARGETED_DEVICE_FAMILY = "1,2";
				VERSIONING_SYSTEM = "apple-generic";
				VERSION_INFO_PREFIX = "";
			};
			name = Debug;
		};
		3B2B900F1DC70A3E00B4E92F /* Release */ = {
			isa = XCBuildConfiguration;
			buildSettings = {
				ALWAYS_SEARCH_USER_PATHS = NO;
				CLANG_ANALYZER_NONNULL = YES;
				CLANG_CXX_LANGUAGE_STANDARD = "gnu++0x";
				CLANG_CXX_LIBRARY = "libc++";
				CLANG_ENABLE_MODULES = YES;
				CLANG_ENABLE_OBJC_ARC = YES;
				CLANG_WARN_BOOL_CONVERSION = YES;
				CLANG_WARN_CONSTANT_CONVERSION = YES;
				CLANG_WARN_DIRECT_OBJC_ISA_USAGE = YES_ERROR;
				CLANG_WARN_DOCUMENTATION_COMMENTS = YES;
				CLANG_WARN_EMPTY_BODY = YES;
				CLANG_WARN_ENUM_CONVERSION = YES;
				CLANG_WARN_INFINITE_RECURSION = YES;
				CLANG_WARN_INT_CONVERSION = YES;
				CLANG_WARN_OBJC_ROOT_CLASS = YES_ERROR;
				CLANG_WARN_SUSPICIOUS_MOVES = YES;
				CLANG_WARN_UNREACHABLE_CODE = YES;
				CLANG_WARN__DUPLICATE_METHOD_MATCH = YES;
				"CODE_SIGN_IDENTITY[sdk=iphoneos*]" = "iPhone Developer";
				COPY_PHASE_STRIP = NO;
				CURRENT_PROJECT_VERSION = 1;
				DEBUG_INFORMATION_FORMAT = "dwarf-with-dsym";
				ENABLE_NS_ASSERTIONS = NO;
				ENABLE_STRICT_OBJC_MSGSEND = YES;
				GCC_C_LANGUAGE_STANDARD = gnu99;
				GCC_NO_COMMON_BLOCKS = YES;
				GCC_WARN_64_TO_32_BIT_CONVERSION = YES;
				GCC_WARN_ABOUT_RETURN_TYPE = YES_ERROR;
				GCC_WARN_UNDECLARED_SELECTOR = YES;
				GCC_WARN_UNINITIALIZED_AUTOS = YES_AGGRESSIVE;
				GCC_WARN_UNUSED_FUNCTION = YES;
				GCC_WARN_UNUSED_VARIABLE = YES;
				IPHONEOS_DEPLOYMENT_TARGET = 8.0;
				MTL_ENABLE_DEBUG_INFO = NO;
				SDKROOT = iphoneos;
				SWIFT_OPTIMIZATION_LEVEL = "-Owholemodule";
				TARGETED_DEVICE_FAMILY = "1,2";
				VALIDATE_PRODUCT = YES;
				VERSIONING_SYSTEM = "apple-generic";
				VERSION_INFO_PREFIX = "";
			};
			name = Release;
		};
		3B2B90111DC70A3E00B4E92F /* Debug */ = {
			isa = XCBuildConfiguration;
			buildSettings = {
				CLANG_ENABLE_MODULES = YES;
				CODE_SIGN_IDENTITY = "";
				CODE_SIGN_STYLE = Manual;
				DEFINES_MODULE = YES;
				DEVELOPMENT_TEAM = "";
				DYLIB_COMPATIBILITY_VERSION = 1;
				DYLIB_CURRENT_VERSION = 1;
				DYLIB_INSTALL_NAME_BASE = "@rpath";
				INFOPLIST_FILE = Sources/Info.plist;
				INSTALL_PATH = "$(LOCAL_LIBRARY_DIR)/Frameworks";
				LD_RUNPATH_SEARCH_PATHS = "$(inherited) @executable_path/Frameworks @loader_path/Frameworks";
				PRODUCT_BUNDLE_IDENTIFIER = com.wordlessj.Panda;
				PRODUCT_NAME = "$(TARGET_NAME)";
				PROVISIONING_PROFILE_SPECIFIER = "";
				SKIP_INSTALL = YES;
				SWIFT_OPTIMIZATION_LEVEL = "-Onone";
				SWIFT_VERSION = 3.0;
			};
			name = Debug;
		};
		3B2B90121DC70A3E00B4E92F /* Release */ = {
			isa = XCBuildConfiguration;
			buildSettings = {
				CLANG_ENABLE_MODULES = YES;
				CODE_SIGN_IDENTITY = "";
				CODE_SIGN_STYLE = Manual;
				DEFINES_MODULE = YES;
				DEVELOPMENT_TEAM = "";
				DYLIB_COMPATIBILITY_VERSION = 1;
				DYLIB_CURRENT_VERSION = 1;
				DYLIB_INSTALL_NAME_BASE = "@rpath";
				INFOPLIST_FILE = Sources/Info.plist;
				INSTALL_PATH = "$(LOCAL_LIBRARY_DIR)/Frameworks";
				LD_RUNPATH_SEARCH_PATHS = "$(inherited) @executable_path/Frameworks @loader_path/Frameworks";
				PRODUCT_BUNDLE_IDENTIFIER = com.wordlessj.Panda;
				PRODUCT_NAME = "$(TARGET_NAME)";
				PROVISIONING_PROFILE_SPECIFIER = "";
				SKIP_INSTALL = YES;
				SWIFT_VERSION = 3.0;
			};
			name = Release;
		};
/* End XCBuildConfiguration section */

/* Begin XCConfigurationList section */
		3B2B90021DC70A3E00B4E92F /* Build configuration list for PBXProject "Panda" */ = {
			isa = XCConfigurationList;
			buildConfigurations = (
				3B2B900E1DC70A3E00B4E92F /* Debug */,
				3B2B900F1DC70A3E00B4E92F /* Release */,
			);
			defaultConfigurationIsVisible = 0;
			defaultConfigurationName = Release;
		};
		3B2B90101DC70A3E00B4E92F /* Build configuration list for PBXNativeTarget "Panda" */ = {
			isa = XCConfigurationList;
			buildConfigurations = (
				3B2B90111DC70A3E00B4E92F /* Debug */,
				3B2B90121DC70A3E00B4E92F /* Release */,
			);
			defaultConfigurationIsVisible = 0;
			defaultConfigurationName = Release;
		};
/* End XCConfigurationList section */
	};
	rootObject = 3B2B8FFF1DC70A3E00B4E92F /* Project object */;
}
