// !$*UTF8*$!
{
	archiveVersion = 1;
	classes = {
	};
	objectVersion = 46;
	objects = {

/* Begin PBXBuildFile section */
		3B0F7CBC20887E8500B68587 /* Subviews.swift in Sources */ = {isa = PBXBuildFile; fileRef = 3B0F7CBB20887E8500B68587 /* Subviews.swift */; };
		3B0F7CC12089919600B68587 /* KeyPath.swift in Sources */ = {isa = PBXBuildFile; fileRef = 3B0F7CC02089919600B68587 /* KeyPath.swift */; };
		3B2AB39F2081B18900F95259 /* Element.swift in Sources */ = {isa = PBXBuildFile; fileRef = 3B2AB39E2081B18900F95259 /* Element.swift */; };
		3B2AB3A12081B2F400F95259 /* ElementObject.swift in Sources */ = {isa = PBXBuildFile; fileRef = 3B2AB3A02081B2F400F95259 /* ElementObject.swift */; };
		3B2AB3A52081B4C900F95259 /* Component.swift in Sources */ = {isa = PBXBuildFile; fileRef = 3B2AB3A42081B4C900F95259 /* Component.swift */; };
		3B2AB3A72081B5C800F95259 /* RenderView.swift in Sources */ = {isa = PBXBuildFile; fileRef = 3B2AB3A62081B5C800F95259 /* RenderView.swift */; };
		3B2B900D1DC70A3E00B4E92F /* Panda.h in Headers */ = {isa = PBXBuildFile; fileRef = 3B2B900B1DC70A3E00B4E92F /* Panda.h */; settings = {ATTRIBUTES = (Public, ); }; };
		3B2B90151DC70D9B00B4E92F /* UIView.swift in Sources */ = {isa = PBXBuildFile; fileRef = 3B2B90141DC70D9B00B4E92F /* UIView.swift */; };
		3B2B90191DC7770500B4E92F /* Layer.swift in Sources */ = {isa = PBXBuildFile; fileRef = 3B2B90181DC7770500B4E92F /* Layer.swift */; };
		3B2B901C1DC84F5500B4E92F /* UIResponder.swift in Sources */ = {isa = PBXBuildFile; fileRef = 3B2B901B1DC84F5500B4E92F /* UIResponder.swift */; };
		3B2B901E1DC8519D00B4E92F /* UIControl.swift in Sources */ = {isa = PBXBuildFile; fileRef = 3B2B901D1DC8519D00B4E92F /* UIControl.swift */; };
		3B2B90201DC8530800B4E92F /* Actions.swift in Sources */ = {isa = PBXBuildFile; fileRef = 3B2B901F1DC8530800B4E92F /* Actions.swift */; };
		3B4080721F20800700F810BE /* NSObject.swift in Sources */ = {isa = PBXBuildFile; fileRef = 3B40806A1F207FE800F810BE /* NSObject.swift */; };
		3B40807F1F20800700F810BE /* UIActivityIndicatorView.swift in Sources */ = {isa = PBXBuildFile; fileRef = 3B4080671F207FE800F810BE /* UIActivityIndicatorView.swift */; };
		3B40808B1F20800700F810BE /* UICollectionViewCell.swift in Sources */ = {isa = PBXBuildFile; fileRef = 3B4080531F207FC200F810BE /* UICollectionViewCell.swift */; };
		3B4080931F20800700F810BE /* UIDatePicker.swift in Sources */ = {isa = PBXBuildFile; fileRef = 3B4080471F207F8700F810BE /* UIDatePicker.swift */; };
		3B4080A31F20800700F810BE /* UIInputView.swift in Sources */ = {isa = PBXBuildFile; fileRef = 3B4080391F207F5800F810BE /* UIInputView.swift */; };
		3B4080B21F20800700F810BE /* UINavigationBar.swift in Sources */ = {isa = PBXBuildFile; fileRef = 3B40801C1F207EE500F810BE /* UINavigationBar.swift */; };
		3B4080B51F20800700F810BE /* UIPageControl.swift in Sources */ = {isa = PBXBuildFile; fileRef = 3B40801A1F207EE500F810BE /* UIPageControl.swift */; };
		3B4080BA1F20800700F810BE /* UIPickerView.swift in Sources */ = {isa = PBXBuildFile; fileRef = 3B4080321F207EE600F810BE /* UIPickerView.swift */; };
		3B4080BC1F20800700F810BE /* UIPopoverBackgroundView.swift in Sources */ = {isa = PBXBuildFile; fileRef = 3B4080341F207EE600F810BE /* UIPopoverBackgroundView.swift */; };
		3B4080C61F20800700F810BE /* UIProgressView.swift in Sources */ = {isa = PBXBuildFile; fileRef = 3B40802C1F207EE600F810BE /* UIProgressView.swift */; };
		3B4080C81F20800700F810BE /* UIRefreshControl.swift in Sources */ = {isa = PBXBuildFile; fileRef = 3B4080231F207EE600F810BE /* UIRefreshControl.swift */; };
		3B4080CC1F20800700F810BE /* UISearchBar.swift in Sources */ = {isa = PBXBuildFile; fileRef = 3B40800C1F207EB900F810BE /* UISearchBar.swift */; };
		3B4080CE1F20800700F810BE /* UISegmentedControl.swift in Sources */ = {isa = PBXBuildFile; fileRef = 3B40800F1F207EB900F810BE /* UISegmentedControl.swift */; };
		3B4080D01F20800700F810BE /* UISlider.swift in Sources */ = {isa = PBXBuildFile; fileRef = 3B40800D1F207EB900F810BE /* UISlider.swift */; };
		3B4080D31F20800700F810BE /* UIStepper.swift in Sources */ = {isa = PBXBuildFile; fileRef = 3B4080051F207EA000F810BE /* UIStepper.swift */; };
		3B4080D51F20800700F810BE /* UISwitch.swift in Sources */ = {isa = PBXBuildFile; fileRef = 3B4080061F207EA000F810BE /* UISwitch.swift */; };
		3B4080D61F20800700F810BE /* UITabBar.swift in Sources */ = {isa = PBXBuildFile; fileRef = 3B4080071F207EA000F810BE /* UITabBar.swift */; };
		3B4080D91F20800700F810BE /* UITableViewCell.swift in Sources */ = {isa = PBXBuildFile; fileRef = 3B407FFE1F207E7B00F810BE /* UITableViewCell.swift */; };
		3B4080DB1F20800700F810BE /* UITableViewHeaderFooterView.swift in Sources */ = {isa = PBXBuildFile; fileRef = 3B4080001F207E7B00F810BE /* UITableViewHeaderFooterView.swift */; };
		3B4080E11F20800700F810BE /* UIToolbar.swift in Sources */ = {isa = PBXBuildFile; fileRef = 3B4080021F207E7B00F810BE /* UIToolbar.swift */; };
		3B4080E71F20800700F810BE /* UIVisualEffectView.swift in Sources */ = {isa = PBXBuildFile; fileRef = 3B407FFA1F207E5C00F810BE /* UIVisualEffectView.swift */; };
		3B4080E81F20800700F810BE /* UIWebView.swift in Sources */ = {isa = PBXBuildFile; fileRef = 3B407FF41F207E5C00F810BE /* UIWebView.swift */; };
		3B4080E91F20800700F810BE /* UIWindow.swift in Sources */ = {isa = PBXBuildFile; fileRef = 3B407FF51F207E5C00F810BE /* UIWindow.swift */; };
		3B65456B208C65FC00206D9B /* LayoutManager.swift in Sources */ = {isa = PBXBuildFile; fileRef = 3B65456A208C65FC00206D9B /* LayoutManager.swift */; };
		3B6545B8208F042F00206D9B /* DataCollectionView.swift in Sources */ = {isa = PBXBuildFile; fileRef = 3B6545B7208F042F00206D9B /* DataCollectionView.swift */; };
		3B6545BA208F388F00206D9B /* CollectionLayout.swift in Sources */ = {isa = PBXBuildFile; fileRef = 3B6545B9208F388F00206D9B /* CollectionLayout.swift */; };
		3B6545EB208F7FBF00206D9B /* WeakSelf.swift in Sources */ = {isa = PBXBuildFile; fileRef = 3B6545EA208F7FBF00206D9B /* WeakSelf.swift */; };
		3B77B3192082F8FD005ECEB2 /* Helper.swift in Sources */ = {isa = PBXBuildFile; fileRef = 3B77B3182082F8FD005ECEB2 /* Helper.swift */; };
		3B77B31B20832C25005ECEB2 /* ComponentUpdater.swift in Sources */ = {isa = PBXBuildFile; fileRef = 3B77B31A20832C25005ECEB2 /* ComponentUpdater.swift */; };
		3B7C3D641F2DCD0100BCB492 /* Transform.swift in Sources */ = {isa = PBXBuildFile; fileRef = 3B7C3D631F2DCD0100BCB492 /* Transform.swift */; };
		3B7C3D681F2DE25600BCB492 /* SourceDelegate.swift in Sources */ = {isa = PBXBuildFile; fileRef = 3B7C3D671F2DE25600BCB492 /* SourceDelegate.swift */; };
		3B7C3D6E1F2F575E00BCB492 /* Composite.swift in Sources */ = {isa = PBXBuildFile; fileRef = 3B7C3D6D1F2F575D00BCB492 /* Composite.swift */; };
		3B8D24E42084F7BF00FB0567 /* ElementStack.swift in Sources */ = {isa = PBXBuildFile; fileRef = 3B8D24E32084F7BF00FB0567 /* ElementStack.swift */; };
		3B8D24E62085D0BE00FB0567 /* UITextInput.swift in Sources */ = {isa = PBXBuildFile; fileRef = 3B8D24E52085D0BD00FB0567 /* UITextInput.swift */; };
		3B8D24E820874E2E00FB0567 /* Hash.swift in Sources */ = {isa = PBXBuildFile; fileRef = 3B8D24E720874E2E00FB0567 /* Hash.swift */; };
		3BA7760D2081F98F000AA7E5 /* Children.swift in Sources */ = {isa = PBXBuildFile; fileRef = 3BA7760C2081F98F000AA7E5 /* Children.swift */; };
		3BB2EE931DC9BF09001D7AAB /* UIStackView.swift in Sources */ = {isa = PBXBuildFile; fileRef = 3BB2EE921DC9BF09001D7AAB /* UIStackView.swift */; };
		3BB2EEAB1DC9E891001D7AAB /* Font.swift in Sources */ = {isa = PBXBuildFile; fileRef = 3BB2EEAA1DC9E891001D7AAB /* Font.swift */; };
		3BC92EF4208A15E70021E2A9 /* YGLayout.m in Sources */ = {isa = PBXBuildFile; fileRef = 3BC92EEE208A15E70021E2A9 /* YGLayout.m */; };
		3BC92EF5208A15E70021E2A9 /* UIView+Yoga.h in Headers */ = {isa = PBXBuildFile; fileRef = 3BC92EEF208A15E70021E2A9 /* UIView+Yoga.h */; settings = {ATTRIBUTES = (Public, ); }; };
		3BC92EF6208A15E70021E2A9 /* YGLayoutExtensions.swift in Sources */ = {isa = PBXBuildFile; fileRef = 3BC92EF0208A15E70021E2A9 /* YGLayoutExtensions.swift */; };
		3BC92EF7208A15E70021E2A9 /* YGLayout+Private.h in Headers */ = {isa = PBXBuildFile; fileRef = 3BC92EF1208A15E70021E2A9 /* YGLayout+Private.h */; settings = {ATTRIBUTES = (Private, ); }; };
		3BC92EF8208A15E70021E2A9 /* UIView+Yoga.m in Sources */ = {isa = PBXBuildFile; fileRef = 3BC92EF2208A15E70021E2A9 /* UIView+Yoga.m */; };
		3BC92EF9208A15E70021E2A9 /* YGLayout.h in Headers */ = {isa = PBXBuildFile; fileRef = 3BC92EF3208A15E70021E2A9 /* YGLayout.h */; settings = {ATTRIBUTES = (Public, ); }; };
		3BC92F0F208A16A30021E2A9 /* YGNode.cpp in Sources */ = {isa = PBXBuildFile; fileRef = 3BC92EFB208A16A20021E2A9 /* YGNode.cpp */; };
		3BC92F10208A16A30021E2A9 /* Utils.h in Headers */ = {isa = PBXBuildFile; fileRef = 3BC92EFC208A16A20021E2A9 /* Utils.h */; };
		3BC92F11208A16A30021E2A9 /* Yoga-internal.h in Headers */ = {isa = PBXBuildFile; fileRef = 3BC92EFD208A16A20021E2A9 /* Yoga-internal.h */; };
		3BC92F12208A16A30021E2A9 /* YGConfig.h in Headers */ = {isa = PBXBuildFile; fileRef = 3BC92EFE208A16A20021E2A9 /* YGConfig.h */; };
		3BC92F13208A16A30021E2A9 /* Yoga.cpp in Sources */ = {isa = PBXBuildFile; fileRef = 3BC92EFF208A16A20021E2A9 /* Yoga.cpp */; };
		3BC92F14208A16A30021E2A9 /* YGLayout.h in Headers */ = {isa = PBXBuildFile; fileRef = 3BC92F00208A16A20021E2A9 /* YGLayout.h */; };
		3BC92F15208A16A30021E2A9 /* YGNodePrint.cpp in Sources */ = {isa = PBXBuildFile; fileRef = 3BC92F01208A16A20021E2A9 /* YGNodePrint.cpp */; };
		3BC92F16208A16A30021E2A9 /* YGConfig.cpp in Sources */ = {isa = PBXBuildFile; fileRef = 3BC92F02208A16A20021E2A9 /* YGConfig.cpp */; };
		3BC92F17208A16A30021E2A9 /* YGFloatOptional.cpp in Sources */ = {isa = PBXBuildFile; fileRef = 3BC92F03208A16A20021E2A9 /* YGFloatOptional.cpp */; };
		3BC92F18208A16A30021E2A9 /* YGMacros.h in Headers */ = {isa = PBXBuildFile; fileRef = 3BC92F04208A16A20021E2A9 /* YGMacros.h */; settings = {ATTRIBUTES = (Public, ); }; };
		3BC92F19208A16A30021E2A9 /* YGNodePrint.h in Headers */ = {isa = PBXBuildFile; fileRef = 3BC92F05208A16A30021E2A9 /* YGNodePrint.h */; };
		3BC92F1A208A16A30021E2A9 /* YGStyle.h in Headers */ = {isa = PBXBuildFile; fileRef = 3BC92F06208A16A30021E2A9 /* YGStyle.h */; };
		3BC92F1B208A16A30021E2A9 /* YGStyle.cpp in Sources */ = {isa = PBXBuildFile; fileRef = 3BC92F07208A16A30021E2A9 /* YGStyle.cpp */; };
		3BC92F1C208A16A30021E2A9 /* YGEnums.cpp in Sources */ = {isa = PBXBuildFile; fileRef = 3BC92F08208A16A30021E2A9 /* YGEnums.cpp */; };
		3BC92F1D208A16A30021E2A9 /* Yoga.h in Headers */ = {isa = PBXBuildFile; fileRef = 3BC92F09208A16A30021E2A9 /* Yoga.h */; settings = {ATTRIBUTES = (Public, ); }; };
		3BC92F1E208A16A30021E2A9 /* YGNode.h in Headers */ = {isa = PBXBuildFile; fileRef = 3BC92F0A208A16A30021E2A9 /* YGNode.h */; };
		3BC92F1F208A16A30021E2A9 /* YGEnums.h in Headers */ = {isa = PBXBuildFile; fileRef = 3BC92F0B208A16A30021E2A9 /* YGEnums.h */; settings = {ATTRIBUTES = (Public, ); }; };
		3BC92F20208A16A30021E2A9 /* Utils.cpp in Sources */ = {isa = PBXBuildFile; fileRef = 3BC92F0C208A16A30021E2A9 /* Utils.cpp */; };
		3BC92F21208A16A30021E2A9 /* YGLayout.cpp in Sources */ = {isa = PBXBuildFile; fileRef = 3BC92F0D208A16A30021E2A9 /* YGLayout.cpp */; };
		3BC92F22208A16A30021E2A9 /* YGFloatOptional.h in Headers */ = {isa = PBXBuildFile; fileRef = 3BC92F0E208A16A30021E2A9 /* YGFloatOptional.h */; };
		3BC92F25208A22BB0021E2A9 /* Layout.swift in Sources */ = {isa = PBXBuildFile; fileRef = 3BC92F24208A22BB0021E2A9 /* Layout.swift */; };
		3BF5F3451DC8CE3C0037C598 /* UIButton.swift in Sources */ = {isa = PBXBuildFile; fileRef = 3BF5F3441DC8CE3C0037C598 /* UIButton.swift */; };
		3BF5F3471DC8D1120037C598 /* UILabel.swift in Sources */ = {isa = PBXBuildFile; fileRef = 3BF5F3461DC8D1120037C598 /* UILabel.swift */; };
		3BF5F3491DC8D5600037C598 /* UITextField.swift in Sources */ = {isa = PBXBuildFile; fileRef = 3BF5F3481DC8D5600037C598 /* UITextField.swift */; };
		3BF5F34D1DC8DB220037C598 /* UITextView.swift in Sources */ = {isa = PBXBuildFile; fileRef = 3BF5F34C1DC8DB220037C598 /* UITextView.swift */; };
		3BF5F34F1DC8DE0D0037C598 /* UIImageView.swift in Sources */ = {isa = PBXBuildFile; fileRef = 3BF5F34E1DC8DE0D0037C598 /* UIImageView.swift */; };
		3BF5F3531DC98BFD0037C598 /* UIScrollView.swift in Sources */ = {isa = PBXBuildFile; fileRef = 3BF5F3521DC98BFD0037C598 /* UIScrollView.swift */; };
		3BF5F3551DC98E4F0037C598 /* UITableView.swift in Sources */ = {isa = PBXBuildFile; fileRef = 3BF5F3541DC98E4F0037C598 /* UITableView.swift */; };
		3BF5F3591DC99E680037C598 /* UICollectionView.swift in Sources */ = {isa = PBXBuildFile; fileRef = 3BF5F3581DC99E680037C598 /* UICollectionView.swift */; };
/* End PBXBuildFile section */

/* Begin PBXFileReference section */
		3B0F7CBB20887E8500B68587 /* Subviews.swift */ = {isa = PBXFileReference; lastKnownFileType = sourcecode.swift; path = Subviews.swift; sourceTree = "<group>"; };
		3B0F7CC02089919600B68587 /* KeyPath.swift */ = {isa = PBXFileReference; lastKnownFileType = sourcecode.swift; path = KeyPath.swift; sourceTree = "<group>"; };
		3B2AB39E2081B18900F95259 /* Element.swift */ = {isa = PBXFileReference; lastKnownFileType = sourcecode.swift; path = Element.swift; sourceTree = "<group>"; };
		3B2AB3A02081B2F400F95259 /* ElementObject.swift */ = {isa = PBXFileReference; lastKnownFileType = sourcecode.swift; path = ElementObject.swift; sourceTree = "<group>"; };
		3B2AB3A42081B4C900F95259 /* Component.swift */ = {isa = PBXFileReference; lastKnownFileType = sourcecode.swift; path = Component.swift; sourceTree = "<group>"; };
		3B2AB3A62081B5C800F95259 /* RenderView.swift */ = {isa = PBXFileReference; lastKnownFileType = sourcecode.swift; path = RenderView.swift; sourceTree = "<group>"; };
		3B2B90081DC70A3E00B4E92F /* Panda.framework */ = {isa = PBXFileReference; explicitFileType = wrapper.framework; includeInIndex = 0; path = Panda.framework; sourceTree = BUILT_PRODUCTS_DIR; };
		3B2B900B1DC70A3E00B4E92F /* Panda.h */ = {isa = PBXFileReference; lastKnownFileType = sourcecode.c.h; path = Panda.h; sourceTree = "<group>"; };
		3B2B900C1DC70A3E00B4E92F /* Info.plist */ = {isa = PBXFileReference; lastKnownFileType = text.plist.xml; path = Info.plist; sourceTree = "<group>"; };
		3B2B90141DC70D9B00B4E92F /* UIView.swift */ = {isa = PBXFileReference; fileEncoding = 4; lastKnownFileType = sourcecode.swift; path = UIView.swift; sourceTree = "<group>"; };
		3B2B90181DC7770500B4E92F /* Layer.swift */ = {isa = PBXFileReference; fileEncoding = 4; lastKnownFileType = sourcecode.swift; path = Layer.swift; sourceTree = "<group>"; };
		3B2B901B1DC84F5500B4E92F /* UIResponder.swift */ = {isa = PBXFileReference; fileEncoding = 4; lastKnownFileType = sourcecode.swift; path = UIResponder.swift; sourceTree = "<group>"; };
		3B2B901D1DC8519D00B4E92F /* UIControl.swift */ = {isa = PBXFileReference; fileEncoding = 4; lastKnownFileType = sourcecode.swift; path = UIControl.swift; sourceTree = "<group>"; };
		3B2B901F1DC8530800B4E92F /* Actions.swift */ = {isa = PBXFileReference; fileEncoding = 4; lastKnownFileType = sourcecode.swift; path = Actions.swift; sourceTree = "<group>"; };
		3B407FF41F207E5C00F810BE /* UIWebView.swift */ = {isa = PBXFileReference; lastKnownFileType = sourcecode.swift; path = UIWebView.swift; sourceTree = "<group>"; };
		3B407FF51F207E5C00F810BE /* UIWindow.swift */ = {isa = PBXFileReference; lastKnownFileType = sourcecode.swift; path = UIWindow.swift; sourceTree = "<group>"; };
		3B407FFA1F207E5C00F810BE /* UIVisualEffectView.swift */ = {isa = PBXFileReference; lastKnownFileType = sourcecode.swift; path = UIVisualEffectView.swift; sourceTree = "<group>"; };
		3B407FFE1F207E7B00F810BE /* UITableViewCell.swift */ = {isa = PBXFileReference; lastKnownFileType = sourcecode.swift; path = UITableViewCell.swift; sourceTree = "<group>"; };
		3B4080001F207E7B00F810BE /* UITableViewHeaderFooterView.swift */ = {isa = PBXFileReference; lastKnownFileType = sourcecode.swift; path = UITableViewHeaderFooterView.swift; sourceTree = "<group>"; };
		3B4080021F207E7B00F810BE /* UIToolbar.swift */ = {isa = PBXFileReference; lastKnownFileType = sourcecode.swift; path = UIToolbar.swift; sourceTree = "<group>"; };
		3B4080051F207EA000F810BE /* UIStepper.swift */ = {isa = PBXFileReference; lastKnownFileType = sourcecode.swift; path = UIStepper.swift; sourceTree = "<group>"; };
		3B4080061F207EA000F810BE /* UISwitch.swift */ = {isa = PBXFileReference; lastKnownFileType = sourcecode.swift; path = UISwitch.swift; sourceTree = "<group>"; };
		3B4080071F207EA000F810BE /* UITabBar.swift */ = {isa = PBXFileReference; lastKnownFileType = sourcecode.swift; path = UITabBar.swift; sourceTree = "<group>"; };
		3B40800C1F207EB900F810BE /* UISearchBar.swift */ = {isa = PBXFileReference; lastKnownFileType = sourcecode.swift; path = UISearchBar.swift; sourceTree = "<group>"; };
		3B40800D1F207EB900F810BE /* UISlider.swift */ = {isa = PBXFileReference; lastKnownFileType = sourcecode.swift; path = UISlider.swift; sourceTree = "<group>"; };
		3B40800F1F207EB900F810BE /* UISegmentedControl.swift */ = {isa = PBXFileReference; lastKnownFileType = sourcecode.swift; path = UISegmentedControl.swift; sourceTree = "<group>"; };
		3B40801A1F207EE500F810BE /* UIPageControl.swift */ = {isa = PBXFileReference; lastKnownFileType = sourcecode.swift; path = UIPageControl.swift; sourceTree = "<group>"; };
		3B40801C1F207EE500F810BE /* UINavigationBar.swift */ = {isa = PBXFileReference; lastKnownFileType = sourcecode.swift; path = UINavigationBar.swift; sourceTree = "<group>"; };
		3B4080231F207EE600F810BE /* UIRefreshControl.swift */ = {isa = PBXFileReference; lastKnownFileType = sourcecode.swift; path = UIRefreshControl.swift; sourceTree = "<group>"; };
		3B40802C1F207EE600F810BE /* UIProgressView.swift */ = {isa = PBXFileReference; lastKnownFileType = sourcecode.swift; path = UIProgressView.swift; sourceTree = "<group>"; };
		3B4080321F207EE600F810BE /* UIPickerView.swift */ = {isa = PBXFileReference; lastKnownFileType = sourcecode.swift; path = UIPickerView.swift; sourceTree = "<group>"; };
		3B4080341F207EE600F810BE /* UIPopoverBackgroundView.swift */ = {isa = PBXFileReference; lastKnownFileType = sourcecode.swift; path = UIPopoverBackgroundView.swift; sourceTree = "<group>"; };
		3B4080391F207F5800F810BE /* UIInputView.swift */ = {isa = PBXFileReference; lastKnownFileType = sourcecode.swift; path = UIInputView.swift; sourceTree = "<group>"; };
		3B4080471F207F8700F810BE /* UIDatePicker.swift */ = {isa = PBXFileReference; lastKnownFileType = sourcecode.swift; path = UIDatePicker.swift; sourceTree = "<group>"; };
		3B4080531F207FC200F810BE /* UICollectionViewCell.swift */ = {isa = PBXFileReference; lastKnownFileType = sourcecode.swift; path = UICollectionViewCell.swift; sourceTree = "<group>"; };
		3B4080671F207FE800F810BE /* UIActivityIndicatorView.swift */ = {isa = PBXFileReference; lastKnownFileType = sourcecode.swift; path = UIActivityIndicatorView.swift; sourceTree = "<group>"; };
		3B40806A1F207FE800F810BE /* NSObject.swift */ = {isa = PBXFileReference; lastKnownFileType = sourcecode.swift; path = NSObject.swift; sourceTree = "<group>"; };
		3B65456A208C65FC00206D9B /* LayoutManager.swift */ = {isa = PBXFileReference; lastKnownFileType = sourcecode.swift; path = LayoutManager.swift; sourceTree = "<group>"; };
		3B6545B7208F042F00206D9B /* DataCollectionView.swift */ = {isa = PBXFileReference; lastKnownFileType = sourcecode.swift; path = DataCollectionView.swift; sourceTree = "<group>"; };
		3B6545B9208F388F00206D9B /* CollectionLayout.swift */ = {isa = PBXFileReference; lastKnownFileType = sourcecode.swift; path = CollectionLayout.swift; sourceTree = "<group>"; };
		3B6545EA208F7FBF00206D9B /* WeakSelf.swift */ = {isa = PBXFileReference; lastKnownFileType = sourcecode.swift; path = WeakSelf.swift; sourceTree = "<group>"; };
		3B77B3182082F8FD005ECEB2 /* Helper.swift */ = {isa = PBXFileReference; lastKnownFileType = sourcecode.swift; path = Helper.swift; sourceTree = "<group>"; };
		3B77B31A20832C25005ECEB2 /* ComponentUpdater.swift */ = {isa = PBXFileReference; lastKnownFileType = sourcecode.swift; path = ComponentUpdater.swift; sourceTree = "<group>"; };
		3B7C3D631F2DCD0100BCB492 /* Transform.swift */ = {isa = PBXFileReference; lastKnownFileType = sourcecode.swift; path = Transform.swift; sourceTree = "<group>"; };
		3B7C3D671F2DE25600BCB492 /* SourceDelegate.swift */ = {isa = PBXFileReference; lastKnownFileType = sourcecode.swift; path = SourceDelegate.swift; sourceTree = "<group>"; };
		3B7C3D6D1F2F575D00BCB492 /* Composite.swift */ = {isa = PBXFileReference; lastKnownFileType = sourcecode.swift; path = Composite.swift; sourceTree = "<group>"; };
		3B8D24E32084F7BF00FB0567 /* ElementStack.swift */ = {isa = PBXFileReference; lastKnownFileType = sourcecode.swift; path = ElementStack.swift; sourceTree = "<group>"; };
		3B8D24E52085D0BD00FB0567 /* UITextInput.swift */ = {isa = PBXFileReference; fileEncoding = 4; lastKnownFileType = sourcecode.swift; path = UITextInput.swift; sourceTree = "<group>"; };
		3B8D24E720874E2E00FB0567 /* Hash.swift */ = {isa = PBXFileReference; lastKnownFileType = sourcecode.swift; path = Hash.swift; sourceTree = "<group>"; };
		3BA7760C2081F98F000AA7E5 /* Children.swift */ = {isa = PBXFileReference; lastKnownFileType = sourcecode.swift; path = Children.swift; sourceTree = "<group>"; };
		3BB2EE921DC9BF09001D7AAB /* UIStackView.swift */ = {isa = PBXFileReference; fileEncoding = 4; lastKnownFileType = sourcecode.swift; path = UIStackView.swift; sourceTree = "<group>"; };
		3BB2EEAA1DC9E891001D7AAB /* Font.swift */ = {isa = PBXFileReference; fileEncoding = 4; lastKnownFileType = sourcecode.swift; path = Font.swift; sourceTree = "<group>"; };
		3BC92EEE208A15E70021E2A9 /* YGLayout.m */ = {isa = PBXFileReference; fileEncoding = 4; lastKnownFileType = sourcecode.c.objc; path = YGLayout.m; sourceTree = "<group>"; };
		3BC92EEF208A15E70021E2A9 /* UIView+Yoga.h */ = {isa = PBXFileReference; fileEncoding = 4; lastKnownFileType = sourcecode.c.h; path = "UIView+Yoga.h"; sourceTree = "<group>"; };
		3BC92EF0208A15E70021E2A9 /* YGLayoutExtensions.swift */ = {isa = PBXFileReference; fileEncoding = 4; lastKnownFileType = sourcecode.swift; path = YGLayoutExtensions.swift; sourceTree = "<group>"; };
		3BC92EF1208A15E70021E2A9 /* YGLayout+Private.h */ = {isa = PBXFileReference; fileEncoding = 4; lastKnownFileType = sourcecode.c.h; path = "YGLayout+Private.h"; sourceTree = "<group>"; };
		3BC92EF2208A15E70021E2A9 /* UIView+Yoga.m */ = {isa = PBXFileReference; fileEncoding = 4; lastKnownFileType = sourcecode.c.objc; path = "UIView+Yoga.m"; sourceTree = "<group>"; };
		3BC92EF3208A15E70021E2A9 /* YGLayout.h */ = {isa = PBXFileReference; fileEncoding = 4; lastKnownFileType = sourcecode.c.h; path = YGLayout.h; sourceTree = "<group>"; };
		3BC92EFB208A16A20021E2A9 /* YGNode.cpp */ = {isa = PBXFileReference; fileEncoding = 4; lastKnownFileType = sourcecode.cpp.cpp; path = YGNode.cpp; sourceTree = "<group>"; };
		3BC92EFC208A16A20021E2A9 /* Utils.h */ = {isa = PBXFileReference; fileEncoding = 4; lastKnownFileType = sourcecode.c.h; path = Utils.h; sourceTree = "<group>"; };
		3BC92EFD208A16A20021E2A9 /* Yoga-internal.h */ = {isa = PBXFileReference; fileEncoding = 4; lastKnownFileType = sourcecode.c.h; path = "Yoga-internal.h"; sourceTree = "<group>"; };
		3BC92EFE208A16A20021E2A9 /* YGConfig.h */ = {isa = PBXFileReference; fileEncoding = 4; lastKnownFileType = sourcecode.c.h; path = YGConfig.h; sourceTree = "<group>"; };
		3BC92EFF208A16A20021E2A9 /* Yoga.cpp */ = {isa = PBXFileReference; fileEncoding = 4; lastKnownFileType = sourcecode.cpp.cpp; path = Yoga.cpp; sourceTree = "<group>"; };
		3BC92F00208A16A20021E2A9 /* YGLayout.h */ = {isa = PBXFileReference; fileEncoding = 4; lastKnownFileType = sourcecode.c.h; path = YGLayout.h; sourceTree = "<group>"; };
		3BC92F01208A16A20021E2A9 /* YGNodePrint.cpp */ = {isa = PBXFileReference; fileEncoding = 4; lastKnownFileType = sourcecode.cpp.cpp; path = YGNodePrint.cpp; sourceTree = "<group>"; };
		3BC92F02208A16A20021E2A9 /* YGConfig.cpp */ = {isa = PBXFileReference; fileEncoding = 4; lastKnownFileType = sourcecode.cpp.cpp; path = YGConfig.cpp; sourceTree = "<group>"; };
		3BC92F03208A16A20021E2A9 /* YGFloatOptional.cpp */ = {isa = PBXFileReference; fileEncoding = 4; lastKnownFileType = sourcecode.cpp.cpp; path = YGFloatOptional.cpp; sourceTree = "<group>"; };
		3BC92F04208A16A20021E2A9 /* YGMacros.h */ = {isa = PBXFileReference; fileEncoding = 4; lastKnownFileType = sourcecode.c.h; path = YGMacros.h; sourceTree = "<group>"; };
		3BC92F05208A16A30021E2A9 /* YGNodePrint.h */ = {isa = PBXFileReference; fileEncoding = 4; lastKnownFileType = sourcecode.c.h; path = YGNodePrint.h; sourceTree = "<group>"; };
		3BC92F06208A16A30021E2A9 /* YGStyle.h */ = {isa = PBXFileReference; fileEncoding = 4; lastKnownFileType = sourcecode.c.h; path = YGStyle.h; sourceTree = "<group>"; };
		3BC92F07208A16A30021E2A9 /* YGStyle.cpp */ = {isa = PBXFileReference; fileEncoding = 4; lastKnownFileType = sourcecode.cpp.cpp; path = YGStyle.cpp; sourceTree = "<group>"; };
		3BC92F08208A16A30021E2A9 /* YGEnums.cpp */ = {isa = PBXFileReference; fileEncoding = 4; lastKnownFileType = sourcecode.cpp.cpp; path = YGEnums.cpp; sourceTree = "<group>"; };
		3BC92F09208A16A30021E2A9 /* Yoga.h */ = {isa = PBXFileReference; fileEncoding = 4; lastKnownFileType = sourcecode.c.h; path = Yoga.h; sourceTree = "<group>"; };
		3BC92F0A208A16A30021E2A9 /* YGNode.h */ = {isa = PBXFileReference; fileEncoding = 4; lastKnownFileType = sourcecode.c.h; path = YGNode.h; sourceTree = "<group>"; };
		3BC92F0B208A16A30021E2A9 /* YGEnums.h */ = {isa = PBXFileReference; fileEncoding = 4; lastKnownFileType = sourcecode.c.h; path = YGEnums.h; sourceTree = "<group>"; };
		3BC92F0C208A16A30021E2A9 /* Utils.cpp */ = {isa = PBXFileReference; fileEncoding = 4; lastKnownFileType = sourcecode.cpp.cpp; path = Utils.cpp; sourceTree = "<group>"; };
		3BC92F0D208A16A30021E2A9 /* YGLayout.cpp */ = {isa = PBXFileReference; fileEncoding = 4; lastKnownFileType = sourcecode.cpp.cpp; path = YGLayout.cpp; sourceTree = "<group>"; };
		3BC92F0E208A16A30021E2A9 /* YGFloatOptional.h */ = {isa = PBXFileReference; fileEncoding = 4; lastKnownFileType = sourcecode.c.h; path = YGFloatOptional.h; sourceTree = "<group>"; };
		3BC92F24208A22BB0021E2A9 /* Layout.swift */ = {isa = PBXFileReference; lastKnownFileType = sourcecode.swift; path = Layout.swift; sourceTree = "<group>"; };
		3BF5F3441DC8CE3C0037C598 /* UIButton.swift */ = {isa = PBXFileReference; fileEncoding = 4; lastKnownFileType = sourcecode.swift; path = UIButton.swift; sourceTree = "<group>"; };
		3BF5F3461DC8D1120037C598 /* UILabel.swift */ = {isa = PBXFileReference; fileEncoding = 4; lastKnownFileType = sourcecode.swift; path = UILabel.swift; sourceTree = "<group>"; };
		3BF5F3481DC8D5600037C598 /* UITextField.swift */ = {isa = PBXFileReference; fileEncoding = 4; lastKnownFileType = sourcecode.swift; path = UITextField.swift; sourceTree = "<group>"; };
		3BF5F34C1DC8DB220037C598 /* UITextView.swift */ = {isa = PBXFileReference; fileEncoding = 4; lastKnownFileType = sourcecode.swift; path = UITextView.swift; sourceTree = "<group>"; };
		3BF5F34E1DC8DE0D0037C598 /* UIImageView.swift */ = {isa = PBXFileReference; fileEncoding = 4; lastKnownFileType = sourcecode.swift; path = UIImageView.swift; sourceTree = "<group>"; };
		3BF5F3521DC98BFD0037C598 /* UIScrollView.swift */ = {isa = PBXFileReference; fileEncoding = 4; lastKnownFileType = sourcecode.swift; path = UIScrollView.swift; sourceTree = "<group>"; };
		3BF5F3541DC98E4F0037C598 /* UITableView.swift */ = {isa = PBXFileReference; fileEncoding = 4; lastKnownFileType = sourcecode.swift; path = UITableView.swift; sourceTree = "<group>"; };
		3BF5F3581DC99E680037C598 /* UICollectionView.swift */ = {isa = PBXFileReference; fileEncoding = 4; lastKnownFileType = sourcecode.swift; path = UICollectionView.swift; sourceTree = "<group>"; };
/* End PBXFileReference section */

/* Begin PBXFrameworksBuildPhase section */
		3B2B90041DC70A3E00B4E92F /* Frameworks */ = {
			isa = PBXFrameworksBuildPhase;
			buildActionMask = 2147483647;
			files = (
			);
			runOnlyForDeploymentPostprocessing = 0;
		};
/* End PBXFrameworksBuildPhase section */

/* Begin PBXGroup section */
		3B0A44EE1F2067F5004757F1 /* UIKit */ = {
			isa = PBXGroup;
			children = (
				3B40806A1F207FE800F810BE /* NSObject.swift */,
				3B4080671F207FE800F810BE /* UIActivityIndicatorView.swift */,
				3BF5F3441DC8CE3C0037C598 /* UIButton.swift */,
				3BF5F3581DC99E680037C598 /* UICollectionView.swift */,
				3B4080531F207FC200F810BE /* UICollectionViewCell.swift */,
				3B2B901D1DC8519D00B4E92F /* UIControl.swift */,
				3B4080471F207F8700F810BE /* UIDatePicker.swift */,
				3BF5F34E1DC8DE0D0037C598 /* UIImageView.swift */,
				3B4080391F207F5800F810BE /* UIInputView.swift */,
				3BF5F3461DC8D1120037C598 /* UILabel.swift */,
				3B40801C1F207EE500F810BE /* UINavigationBar.swift */,
				3B40801A1F207EE500F810BE /* UIPageControl.swift */,
				3B4080321F207EE600F810BE /* UIPickerView.swift */,
				3B4080341F207EE600F810BE /* UIPopoverBackgroundView.swift */,
				3B40802C1F207EE600F810BE /* UIProgressView.swift */,
				3B4080231F207EE600F810BE /* UIRefreshControl.swift */,
				3B2B901B1DC84F5500B4E92F /* UIResponder.swift */,
				3BF5F3521DC98BFD0037C598 /* UIScrollView.swift */,
				3B40800C1F207EB900F810BE /* UISearchBar.swift */,
				3B40800F1F207EB900F810BE /* UISegmentedControl.swift */,
				3B40800D1F207EB900F810BE /* UISlider.swift */,
				3BB2EE921DC9BF09001D7AAB /* UIStackView.swift */,
				3B4080051F207EA000F810BE /* UIStepper.swift */,
				3B4080061F207EA000F810BE /* UISwitch.swift */,
				3B4080071F207EA000F810BE /* UITabBar.swift */,
				3BF5F3541DC98E4F0037C598 /* UITableView.swift */,
				3B407FFE1F207E7B00F810BE /* UITableViewCell.swift */,
				3B4080001F207E7B00F810BE /* UITableViewHeaderFooterView.swift */,
				3BF5F3481DC8D5600037C598 /* UITextField.swift */,
				3B8D24E52085D0BD00FB0567 /* UITextInput.swift */,
				3BF5F34C1DC8DB220037C598 /* UITextView.swift */,
				3B4080021F207E7B00F810BE /* UIToolbar.swift */,
				3B2B90141DC70D9B00B4E92F /* UIView.swift */,
				3B407FFA1F207E5C00F810BE /* UIVisualEffectView.swift */,
				3B407FF41F207E5C00F810BE /* UIWebView.swift */,
				3B407FF51F207E5C00F810BE /* UIWindow.swift */,
			);
			path = UIKit;
			sourceTree = "<group>";
		};
		3B2B8FFE1DC70A3E00B4E92F = {
			isa = PBXGroup;
			children = (
				3B2B900A1DC70A3E00B4E92F /* Sources */,
				3B2B90091DC70A3E00B4E92F /* Products */,
			);
			sourceTree = "<group>";
		};
		3B2B90091DC70A3E00B4E92F /* Products */ = {
			isa = PBXGroup;
			children = (
				3B2B90081DC70A3E00B4E92F /* Panda.framework */,
			);
			name = Products;
			sourceTree = "<group>";
		};
		3B2B900A1DC70A3E00B4E92F /* Sources */ = {
			isa = PBXGroup;
			children = (
				3B4081131F22E8BB00F810BE /* Basics */,
				3BB2EE961DC9C1FD001D7AAB /* Extensions */,
				3B6545B6208F03C700206D9B /* Views */,
				3BB2EE971DC9C204001D7AAB /* Properties */,
				3BC92EFA208A16650021E2A9 /* Yoga */,
				3BC92EED208A14B90021E2A9 /* YogaKit */,
				3B2B90131DC70B3B00B4E92F /* Supporting Files */,
			);
			path = Sources;
			sourceTree = "<group>";
		};
		3B2B90131DC70B3B00B4E92F /* Supporting Files */ = {
			isa = PBXGroup;
			children = (
				3B2B900B1DC70A3E00B4E92F /* Panda.h */,
				3B2B900C1DC70A3E00B4E92F /* Info.plist */,
			);
			name = "Supporting Files";
			sourceTree = "<group>";
		};
		3B4081131F22E8BB00F810BE /* Basics */ = {
			isa = PBXGroup;
			children = (
				3B2AB39E2081B18900F95259 /* Element.swift */,
				3B2AB3A02081B2F400F95259 /* ElementObject.swift */,
				3B8D24E32084F7BF00FB0567 /* ElementStack.swift */,
				3BA7760C2081F98F000AA7E5 /* Children.swift */,
				3B65456A208C65FC00206D9B /* LayoutManager.swift */,
				3B2AB3A42081B4C900F95259 /* Component.swift */,
				3B77B31A20832C25005ECEB2 /* ComponentUpdater.swift */,
				3B2AB3A62081B5C800F95259 /* RenderView.swift */,
				3B8D24E720874E2E00FB0567 /* Hash.swift */,
				3B77B3182082F8FD005ECEB2 /* Helper.swift */,
			);
			path = Basics;
			sourceTree = "<group>";
		};
		3B6545B6208F03C700206D9B /* Views */ = {
			isa = PBXGroup;
			children = (
				3B6545B7208F042F00206D9B /* DataCollectionView.swift */,
			);
			path = Views;
			sourceTree = "<group>";
		};
		3BB2EE961DC9C1FD001D7AAB /* Extensions */ = {
			isa = PBXGroup;
			children = (
				3B2B901F1DC8530800B4E92F /* Actions.swift */,
				3B6545B9208F388F00206D9B /* CollectionLayout.swift */,
				3B7C3D6D1F2F575D00BCB492 /* Composite.swift */,
				3BB2EEAA1DC9E891001D7AAB /* Font.swift */,
				3B0F7CC02089919600B68587 /* KeyPath.swift */,
				3B2B90181DC7770500B4E92F /* Layer.swift */,
				3BC92F24208A22BB0021E2A9 /* Layout.swift */,
				3B7C3D671F2DE25600BCB492 /* SourceDelegate.swift */,
				3B0F7CBB20887E8500B68587 /* Subviews.swift */,
				3B7C3D631F2DCD0100BCB492 /* Transform.swift */,
				3B6545EA208F7FBF00206D9B /* WeakSelf.swift */,
			);
			path = Extensions;
			sourceTree = "<group>";
		};
		3BB2EE971DC9C204001D7AAB /* Properties */ = {
			isa = PBXGroup;
			children = (
				3B0A44EE1F2067F5004757F1 /* UIKit */,
			);
			path = Properties;
			sourceTree = "<group>";
		};
		3BC92EED208A14B90021E2A9 /* YogaKit */ = {
			isa = PBXGroup;
			children = (
				3BC92EEF208A15E70021E2A9 /* UIView+Yoga.h */,
				3BC92EF2208A15E70021E2A9 /* UIView+Yoga.m */,
				3BC92EF3208A15E70021E2A9 /* YGLayout.h */,
				3BC92EEE208A15E70021E2A9 /* YGLayout.m */,
				3BC92EF1208A15E70021E2A9 /* YGLayout+Private.h */,
				3BC92EF0208A15E70021E2A9 /* YGLayoutExtensions.swift */,
			);
			path = YogaKit;
			sourceTree = "<group>";
		};
		3BC92EFA208A16650021E2A9 /* Yoga */ = {
			isa = PBXGroup;
			children = (
				3BC92F0C208A16A30021E2A9 /* Utils.cpp */,
				3BC92EFC208A16A20021E2A9 /* Utils.h */,
				3BC92F02208A16A20021E2A9 /* YGConfig.cpp */,
				3BC92EFE208A16A20021E2A9 /* YGConfig.h */,
				3BC92F08208A16A30021E2A9 /* YGEnums.cpp */,
				3BC92F0B208A16A30021E2A9 /* YGEnums.h */,
				3BC92F03208A16A20021E2A9 /* YGFloatOptional.cpp */,
				3BC92F0E208A16A30021E2A9 /* YGFloatOptional.h */,
				3BC92F0D208A16A30021E2A9 /* YGLayout.cpp */,
				3BC92F00208A16A20021E2A9 /* YGLayout.h */,
				3BC92F04208A16A20021E2A9 /* YGMacros.h */,
				3BC92EFB208A16A20021E2A9 /* YGNode.cpp */,
				3BC92F0A208A16A30021E2A9 /* YGNode.h */,
				3BC92F01208A16A20021E2A9 /* YGNodePrint.cpp */,
				3BC92F05208A16A30021E2A9 /* YGNodePrint.h */,
				3BC92F07208A16A30021E2A9 /* YGStyle.cpp */,
				3BC92F06208A16A30021E2A9 /* YGStyle.h */,
				3BC92EFD208A16A20021E2A9 /* Yoga-internal.h */,
				3BC92EFF208A16A20021E2A9 /* Yoga.cpp */,
				3BC92F09208A16A30021E2A9 /* Yoga.h */,
			);
			path = Yoga;
			sourceTree = "<group>";
		};
/* End PBXGroup section */

/* Begin PBXHeadersBuildPhase section */
		3B2B90051DC70A3E00B4E92F /* Headers */ = {
			isa = PBXHeadersBuildPhase;
			buildActionMask = 2147483647;
			files = (
				3BC92F12208A16A30021E2A9 /* YGConfig.h in Headers */,
				3BC92F1F208A16A30021E2A9 /* YGEnums.h in Headers */,
				3BC92EF9208A15E70021E2A9 /* YGLayout.h in Headers */,
				3BC92EF5208A15E70021E2A9 /* UIView+Yoga.h in Headers */,
				3BC92F18208A16A30021E2A9 /* YGMacros.h in Headers */,
				3BC92F1D208A16A30021E2A9 /* Yoga.h in Headers */,
				3BC92EF7208A15E70021E2A9 /* YGLayout+Private.h in Headers */,
				3B2B900D1DC70A3E00B4E92F /* Panda.h in Headers */,
				3BC92F11208A16A30021E2A9 /* Yoga-internal.h in Headers */,
				3BC92F22208A16A30021E2A9 /* YGFloatOptional.h in Headers */,
				3BC92F19208A16A30021E2A9 /* YGNodePrint.h in Headers */,
				3BC92F10208A16A30021E2A9 /* Utils.h in Headers */,
				3BC92F1E208A16A30021E2A9 /* YGNode.h in Headers */,
				3BC92F1A208A16A30021E2A9 /* YGStyle.h in Headers */,
				3BC92F14208A16A30021E2A9 /* YGLayout.h in Headers */,
			);
			runOnlyForDeploymentPostprocessing = 0;
		};
/* End PBXHeadersBuildPhase section */

/* Begin PBXNativeTarget section */
		3B2B90071DC70A3E00B4E92F /* Panda */ = {
			isa = PBXNativeTarget;
			buildConfigurationList = 3B2B90101DC70A3E00B4E92F /* Build configuration list for PBXNativeTarget "Panda" */;
			buildPhases = (
				3B2B90031DC70A3E00B4E92F /* Sources */,
				3B2B90041DC70A3E00B4E92F /* Frameworks */,
				3B2B90051DC70A3E00B4E92F /* Headers */,
				3B2B90061DC70A3E00B4E92F /* Resources */,
			);
			buildRules = (
			);
			dependencies = (
			);
			name = Panda;
			productName = Panda;
			productReference = 3B2B90081DC70A3E00B4E92F /* Panda.framework */;
			productType = "com.apple.product-type.framework";
		};
/* End PBXNativeTarget section */

/* Begin PBXProject section */
		3B2B8FFF1DC70A3E00B4E92F /* Project object */ = {
			isa = PBXProject;
			attributes = {
				LastUpgradeCheck = 0930;
				ORGANIZATIONNAME = Javier;
				TargetAttributes = {
					3B2B90071DC70A3E00B4E92F = {
						CreatedOnToolsVersion = 8.1;
						LastSwiftMigration = 0930;
						ProvisioningStyle = Manual;
					};
				};
			};
			buildConfigurationList = 3B2B90021DC70A3E00B4E92F /* Build configuration list for PBXProject "Panda" */;
			compatibilityVersion = "Xcode 3.2";
			developmentRegion = English;
			hasScannedForEncodings = 0;
			knownRegions = (
				en,
			);
			mainGroup = 3B2B8FFE1DC70A3E00B4E92F;
			productRefGroup = 3B2B90091DC70A3E00B4E92F /* Products */;
			projectDirPath = "";
			projectRoot = "";
			targets = (
				3B2B90071DC70A3E00B4E92F /* Panda */,
			);
		};
/* End PBXProject section */

/* Begin PBXResourcesBuildPhase section */
		3B2B90061DC70A3E00B4E92F /* Resources */ = {
			isa = PBXResourcesBuildPhase;
			buildActionMask = 2147483647;
			files = (
			);
			runOnlyForDeploymentPostprocessing = 0;
		};
/* End PBXResourcesBuildPhase section */

/* Begin PBXSourcesBuildPhase section */
		3B2B90031DC70A3E00B4E92F /* Sources */ = {
			isa = PBXSourcesBuildPhase;
			buildActionMask = 2147483647;
			files = (
				3B7C3D681F2DE25600BCB492 /* SourceDelegate.swift in Sources */,
				3BC92F1C208A16A30021E2A9 /* YGEnums.cpp in Sources */,
				3B2AB3A52081B4C900F95259 /* Component.swift in Sources */,
				3B4080721F20800700F810BE /* NSObject.swift in Sources */,
				3BC92EF4208A15E70021E2A9 /* YGLayout.m in Sources */,
				3B7C3D6E1F2F575E00BCB492 /* Composite.swift in Sources */,
				3B2AB3A72081B5C800F95259 /* RenderView.swift in Sources */,
				3B8D24E42084F7BF00FB0567 /* ElementStack.swift in Sources */,
				3B40807F1F20800700F810BE /* UIActivityIndicatorView.swift in Sources */,
				3B40808B1F20800700F810BE /* UICollectionViewCell.swift in Sources */,
				3B4080931F20800700F810BE /* UIDatePicker.swift in Sources */,
				3BC92F20208A16A30021E2A9 /* Utils.cpp in Sources */,
				3BA7760D2081F98F000AA7E5 /* Children.swift in Sources */,
				3BC92F16208A16A30021E2A9 /* YGConfig.cpp in Sources */,
				3B2AB3A12081B2F400F95259 /* ElementObject.swift in Sources */,
				3BC92EF8208A15E70021E2A9 /* UIView+Yoga.m in Sources */,
				3B4080A31F20800700F810BE /* UIInputView.swift in Sources */,
				3B4080B21F20800700F810BE /* UINavigationBar.swift in Sources */,
				3BC92F17208A16A30021E2A9 /* YGFloatOptional.cpp in Sources */,
				3B6545EB208F7FBF00206D9B /* WeakSelf.swift in Sources */,
				3B4080B51F20800700F810BE /* UIPageControl.swift in Sources */,
				3B7C3D641F2DCD0100BCB492 /* Transform.swift in Sources */,
				3BC92F21208A16A30021E2A9 /* YGLayout.cpp in Sources */,
				3BC92F13208A16A30021E2A9 /* Yoga.cpp in Sources */,
				3B4080BA1F20800700F810BE /* UIPickerView.swift in Sources */,
				3B4080BC1F20800700F810BE /* UIPopoverBackgroundView.swift in Sources */,
				3B4080C61F20800700F810BE /* UIProgressView.swift in Sources */,
				3B4080C81F20800700F810BE /* UIRefreshControl.swift in Sources */,
				3B4080CC1F20800700F810BE /* UISearchBar.swift in Sources */,
				3B4080CE1F20800700F810BE /* UISegmentedControl.swift in Sources */,
				3BC92F25208A22BB0021E2A9 /* Layout.swift in Sources */,
				3B77B3192082F8FD005ECEB2 /* Helper.swift in Sources */,
				3B4080D01F20800700F810BE /* UISlider.swift in Sources */,
				3B4080D31F20800700F810BE /* UIStepper.swift in Sources */,
				3B4080D51F20800700F810BE /* UISwitch.swift in Sources */,
				3B4080D61F20800700F810BE /* UITabBar.swift in Sources */,
				3BC92F1B208A16A30021E2A9 /* YGStyle.cpp in Sources */,
				3B6545B8208F042F00206D9B /* DataCollectionView.swift in Sources */,
				3B4080D91F20800700F810BE /* UITableViewCell.swift in Sources */,
				3B4080DB1F20800700F810BE /* UITableViewHeaderFooterView.swift in Sources */,
				3B65456B208C65FC00206D9B /* LayoutManager.swift in Sources */,
				3B4080E11F20800700F810BE /* UIToolbar.swift in Sources */,
				3B2AB39F2081B18900F95259 /* Element.swift in Sources */,
				3B4080E71F20800700F810BE /* UIVisualEffectView.swift in Sources */,
				3B4080E81F20800700F810BE /* UIWebView.swift in Sources */,
				3B4080E91F20800700F810BE /* UIWindow.swift in Sources */,
				3B8D24E62085D0BE00FB0567 /* UITextInput.swift in Sources */,
				3BC92F15208A16A30021E2A9 /* YGNodePrint.cpp in Sources */,
				3BB2EE931DC9BF09001D7AAB /* UIStackView.swift in Sources */,
				3B0F7CBC20887E8500B68587 /* Subviews.swift in Sources */,
				3B0F7CC12089919600B68587 /* KeyPath.swift in Sources */,
				3BF5F3591DC99E680037C598 /* UICollectionView.swift in Sources */,
				3BC92F0F208A16A30021E2A9 /* YGNode.cpp in Sources */,
				3BB2EEAB1DC9E891001D7AAB /* Font.swift in Sources */,
				3B2B90191DC7770500B4E92F /* Layer.swift in Sources */,
				3B2B90201DC8530800B4E92F /* Actions.swift in Sources */,
				3BF5F3471DC8D1120037C598 /* UILabel.swift in Sources */,
				3BF5F3491DC8D5600037C598 /* UITextField.swift in Sources */,
				3BF5F34D1DC8DB220037C598 /* UITextView.swift in Sources */,
				3B2B901E1DC8519D00B4E92F /* UIControl.swift in Sources */,
				3BF5F34F1DC8DE0D0037C598 /* UIImageView.swift in Sources */,
				3B2B901C1DC84F5500B4E92F /* UIResponder.swift in Sources */,
				3B6545BA208F388F00206D9B /* CollectionLayout.swift in Sources */,
				3B77B31B20832C25005ECEB2 /* ComponentUpdater.swift in Sources */,
				3BF5F3531DC98BFD0037C598 /* UIScrollView.swift in Sources */,
				3BC92EF6208A15E70021E2A9 /* YGLayoutExtensions.swift in Sources */,
				3B8D24E820874E2E00FB0567 /* Hash.swift in Sources */,
				3BF5F3551DC98E4F0037C598 /* UITableView.swift in Sources */,
				3B2B90151DC70D9B00B4E92F /* UIView.swift in Sources */,
				3BF5F3451DC8CE3C0037C598 /* UIButton.swift in Sources */,
			);
			runOnlyForDeploymentPostprocessing = 0;
		};
/* End PBXSourcesBuildPhase section */

/* Begin XCBuildConfiguration section */
		3B2B900E1DC70A3E00B4E92F /* Debug */ = {
			isa = XCBuildConfiguration;
			buildSettings = {
				ALWAYS_SEARCH_USER_PATHS = NO;
				CLANG_ANALYZER_NONNULL = YES;
				CLANG_CXX_LANGUAGE_STANDARD = "gnu++0x";
				CLANG_CXX_LIBRARY = "libc++";
				CLANG_ENABLE_MODULES = YES;
				CLANG_ENABLE_OBJC_ARC = YES;
				CLANG_WARN_BLOCK_CAPTURE_AUTORELEASING = YES;
				CLANG_WARN_BOOL_CONVERSION = YES;
				CLANG_WARN_COMMA = YES;
				CLANG_WARN_CONSTANT_CONVERSION = YES;
				CLANG_WARN_DEPRECATED_OBJC_IMPLEMENTATIONS = YES;
				CLANG_WARN_DIRECT_OBJC_ISA_USAGE = YES_ERROR;
				CLANG_WARN_DOCUMENTATION_COMMENTS = YES;
				CLANG_WARN_EMPTY_BODY = YES;
				CLANG_WARN_ENUM_CONVERSION = YES;
				CLANG_WARN_INFINITE_RECURSION = YES;
				CLANG_WARN_INT_CONVERSION = YES;
				CLANG_WARN_NON_LITERAL_NULL_CONVERSION = YES;
				CLANG_WARN_OBJC_IMPLICIT_RETAIN_SELF = YES;
				CLANG_WARN_OBJC_LITERAL_CONVERSION = YES;
				CLANG_WARN_OBJC_ROOT_CLASS = YES_ERROR;
				CLANG_WARN_RANGE_LOOP_ANALYSIS = YES;
				CLANG_WARN_STRICT_PROTOTYPES = YES;
				CLANG_WARN_SUSPICIOUS_MOVE = YES;
				CLANG_WARN_SUSPICIOUS_MOVES = YES;
				CLANG_WARN_UNREACHABLE_CODE = YES;
				CLANG_WARN__DUPLICATE_METHOD_MATCH = YES;
				"CODE_SIGN_IDENTITY[sdk=iphoneos*]" = "iPhone Developer";
				COPY_PHASE_STRIP = NO;
				CURRENT_PROJECT_VERSION = 1;
				DEBUG_INFORMATION_FORMAT = dwarf;
				ENABLE_STRICT_OBJC_MSGSEND = YES;
				ENABLE_TESTABILITY = YES;
				GCC_C_LANGUAGE_STANDARD = gnu99;
				GCC_DYNAMIC_NO_PIC = NO;
				GCC_NO_COMMON_BLOCKS = YES;
				GCC_OPTIMIZATION_LEVEL = 0;
				GCC_PREPROCESSOR_DEFINITIONS = (
					"DEBUG=1",
					"$(inherited)",
				);
				GCC_WARN_64_TO_32_BIT_CONVERSION = YES;
				GCC_WARN_ABOUT_RETURN_TYPE = YES_ERROR;
				GCC_WARN_UNDECLARED_SELECTOR = YES;
				GCC_WARN_UNINITIALIZED_AUTOS = YES_AGGRESSIVE;
				GCC_WARN_UNUSED_FUNCTION = YES;
				GCC_WARN_UNUSED_VARIABLE = YES;
				IPHONEOS_DEPLOYMENT_TARGET = 9.0;
				MTL_ENABLE_DEBUG_INFO = YES;
				ONLY_ACTIVE_ARCH = YES;
				SDKROOT = iphoneos;
				SWIFT_ACTIVE_COMPILATION_CONDITIONS = DEBUG;
				SWIFT_OPTIMIZATION_LEVEL = "-Onone";
				TARGETED_DEVICE_FAMILY = "1,2";
				VERSIONING_SYSTEM = "apple-generic";
				VERSION_INFO_PREFIX = "";
			};
			name = Debug;
		};
		3B2B900F1DC70A3E00B4E92F /* Release */ = {
			isa = XCBuildConfiguration;
			buildSettings = {
				ALWAYS_SEARCH_USER_PATHS = NO;
				CLANG_ANALYZER_NONNULL = YES;
				CLANG_CXX_LANGUAGE_STANDARD = "gnu++0x";
				CLANG_CXX_LIBRARY = "libc++";
				CLANG_ENABLE_MODULES = YES;
				CLANG_ENABLE_OBJC_ARC = YES;
				CLANG_WARN_BLOCK_CAPTURE_AUTORELEASING = YES;
				CLANG_WARN_BOOL_CONVERSION = YES;
				CLANG_WARN_COMMA = YES;
				CLANG_WARN_CONSTANT_CONVERSION = YES;
				CLANG_WARN_DEPRECATED_OBJC_IMPLEMENTATIONS = YES;
				CLANG_WARN_DIRECT_OBJC_ISA_USAGE = YES_ERROR;
				CLANG_WARN_DOCUMENTATION_COMMENTS = YES;
				CLANG_WARN_EMPTY_BODY = YES;
				CLANG_WARN_ENUM_CONVERSION = YES;
				CLANG_WARN_INFINITE_RECURSION = YES;
				CLANG_WARN_INT_CONVERSION = YES;
				CLANG_WARN_NON_LITERAL_NULL_CONVERSION = YES;
				CLANG_WARN_OBJC_IMPLICIT_RETAIN_SELF = YES;
				CLANG_WARN_OBJC_LITERAL_CONVERSION = YES;
				CLANG_WARN_OBJC_ROOT_CLASS = YES_ERROR;
				CLANG_WARN_RANGE_LOOP_ANALYSIS = YES;
				CLANG_WARN_STRICT_PROTOTYPES = YES;
				CLANG_WARN_SUSPICIOUS_MOVE = YES;
				CLANG_WARN_SUSPICIOUS_MOVES = YES;
				CLANG_WARN_UNREACHABLE_CODE = YES;
				CLANG_WARN__DUPLICATE_METHOD_MATCH = YES;
				"CODE_SIGN_IDENTITY[sdk=iphoneos*]" = "iPhone Developer";
				COPY_PHASE_STRIP = NO;
				CURRENT_PROJECT_VERSION = 1;
				DEBUG_INFORMATION_FORMAT = "dwarf-with-dsym";
				ENABLE_NS_ASSERTIONS = NO;
				ENABLE_STRICT_OBJC_MSGSEND = YES;
				GCC_C_LANGUAGE_STANDARD = gnu99;
				GCC_NO_COMMON_BLOCKS = YES;
				GCC_WARN_64_TO_32_BIT_CONVERSION = YES;
				GCC_WARN_ABOUT_RETURN_TYPE = YES_ERROR;
				GCC_WARN_UNDECLARED_SELECTOR = YES;
				GCC_WARN_UNINITIALIZED_AUTOS = YES_AGGRESSIVE;
				GCC_WARN_UNUSED_FUNCTION = YES;
				GCC_WARN_UNUSED_VARIABLE = YES;
				IPHONEOS_DEPLOYMENT_TARGET = 9.0;
				MTL_ENABLE_DEBUG_INFO = NO;
				SDKROOT = iphoneos;
				SWIFT_OPTIMIZATION_LEVEL = "-Owholemodule";
				TARGETED_DEVICE_FAMILY = "1,2";
				VALIDATE_PRODUCT = YES;
				VERSIONING_SYSTEM = "apple-generic";
				VERSION_INFO_PREFIX = "";
			};
			name = Release;
		};
		3B2B90111DC70A3E00B4E92F /* Debug */ = {
			isa = XCBuildConfiguration;
			buildSettings = {
				CLANG_ENABLE_MODULES = YES;
				CODE_SIGN_IDENTITY = "";
				CODE_SIGN_STYLE = Manual;
				DEFINES_MODULE = YES;
				DEVELOPMENT_TEAM = "";
				DYLIB_COMPATIBILITY_VERSION = 1;
				DYLIB_CURRENT_VERSION = 1;
				DYLIB_INSTALL_NAME_BASE = "@rpath";
				INFOPLIST_FILE = Sources/Info.plist;
				INSTALL_PATH = "$(LOCAL_LIBRARY_DIR)/Frameworks";
				LD_RUNPATH_SEARCH_PATHS = "$(inherited) @executable_path/Frameworks @loader_path/Frameworks";
				PRODUCT_BUNDLE_IDENTIFIER = com.wordlessj.Panda;
				PRODUCT_NAME = "$(TARGET_NAME)";
				PROVISIONING_PROFILE_SPECIFIER = "";
				SKIP_INSTALL = YES;
				SWIFT_OPTIMIZATION_LEVEL = "-Onone";
				SWIFT_VERSION = 4.0;
			};
			name = Debug;
		};
		3B2B90121DC70A3E00B4E92F /* Release */ = {
			isa = XCBuildConfiguration;
			buildSettings = {
				CLANG_ENABLE_MODULES = YES;
				CODE_SIGN_IDENTITY = "";
				CODE_SIGN_STYLE = Manual;
				DEFINES_MODULE = YES;
				DEVELOPMENT_TEAM = "";
				DYLIB_COMPATIBILITY_VERSION = 1;
				DYLIB_CURRENT_VERSION = 1;
				DYLIB_INSTALL_NAME_BASE = "@rpath";
				INFOPLIST_FILE = Sources/Info.plist;
				INSTALL_PATH = "$(LOCAL_LIBRARY_DIR)/Frameworks";
				LD_RUNPATH_SEARCH_PATHS = "$(inherited) @executable_path/Frameworks @loader_path/Frameworks";
				PRODUCT_BUNDLE_IDENTIFIER = com.wordlessj.Panda;
				PRODUCT_NAME = "$(TARGET_NAME)";
				PROVISIONING_PROFILE_SPECIFIER = "";
				SKIP_INSTALL = YES;
				SWIFT_VERSION = 4.0;
			};
			name = Release;
		};
/* End XCBuildConfiguration section */

/* Begin XCConfigurationList section */
		3B2B90021DC70A3E00B4E92F /* Build configuration list for PBXProject "Panda" */ = {
			isa = XCConfigurationList;
			buildConfigurations = (
				3B2B900E1DC70A3E00B4E92F /* Debug */,
				3B2B900F1DC70A3E00B4E92F /* Release */,
			);
			defaultConfigurationIsVisible = 0;
			defaultConfigurationName = Release;
		};
		3B2B90101DC70A3E00B4E92F /* Build configuration list for PBXNativeTarget "Panda" */ = {
			isa = XCConfigurationList;
			buildConfigurations = (
				3B2B90111DC70A3E00B4E92F /* Debug */,
				3B2B90121DC70A3E00B4E92F /* Release */,
			);
			defaultConfigurationIsVisible = 0;
			defaultConfigurationName = Release;
		};
/* End XCConfigurationList section */
	};
	rootObject = 3B2B8FFF1DC70A3E00B4E92F /* Project object */;
}
