// !$*UTF8*$!
{
	archiveVersion = 1;
	classes = {
	};
	objectVersion = 50;
	objects = {

/* Begin PBXBuildFile section */
		3B6545C8208F3F4800206D9B /* AppDelegate.swift in Sources */ = {isa = PBXBuildFile; fileRef = 3B6545C7208F3F4800206D9B /* AppDelegate.swift */; };
		3B6545CA208F3F4800206D9B /* ViewController.swift in Sources */ = {isa = PBXBuildFile; fileRef = 3B6545C9208F3F4800206D9B /* ViewController.swift */; };
		3B6545CD208F3F4800206D9B /* Main.storyboard in Resources */ = {isa = PBXBuildFile; fileRef = 3B6545CB208F3F4800206D9B /* Main.storyboard */; };
		3B6545D2208F3F4C00206D9B /* LaunchScreen.storyboard in Resources */ = {isa = PBXBuildFile; fileRef = 3B6545D0208F3F4C00206D9B /* LaunchScreen.storyboard */; };
		3B6545E0208F6D5C00206D9B /* AddView.swift in Sources */ = {isa = PBXBuildFile; fileRef = 3B6545DF208F6D5C00206D9B /* AddView.swift */; };
		3B6545E5208F710500206D9B /* Panda.framework in Frameworks */ = {isa = PBXBuildFile; fileRef = 3B6545E3208F70FF00206D9B /* Panda.framework */; };
		3B6545E6208F710500206D9B /* Panda.framework in Embed Frameworks */ = {isa = PBXBuildFile; fileRef = 3B6545E3208F70FF00206D9B /* Panda.framework */; settings = {ATTRIBUTES = (CodeSignOnCopy, RemoveHeadersOnCopy, ); }; };
		3B6545E9208F7DFD00206D9B /* Todo.swift in Sources */ = {isa = PBXBuildFile; fileRef = 3B6545E8208F7DFD00206D9B /* Todo.swift */; };
		3B6545ED2098B79B00206D9B /* ListView.swift in Sources */ = {isa = PBXBuildFile; fileRef = 3B6545EC2098B79B00206D9B /* ListView.swift */; };
		3B6545EF2099694600206D9B /* Assets.xcassets in Resources */ = {isa = PBXBuildFile; fileRef = 3B6545EE2099694600206D9B /* Assets.xcassets */; };
		3B6545F120997F9300206D9B /* Style.swift in Sources */ = {isa = PBXBuildFile; fileRef = 3B6545F020997F9300206D9B /* Style.swift */; };
		3BE027BA209C9EB400282EEF /* BottomBar.swift in Sources */ = {isa = PBXBuildFile; fileRef = 3BE027B9209C9EB400282EEF /* BottomBar.swift */; };
/* End PBXBuildFile section */

/* Begin PBXCopyFilesBuildPhase section */
		3B6545E7208F710600206D9B /* Embed Frameworks */ = {
			isa = PBXCopyFilesBuildPhase;
			buildActionMask = 2147483647;
			dstPath = "";
			dstSubfolderSpec = 10;
			files = (
				3B6545E6208F710500206D9B /* Panda.framework in Embed Frameworks */,
			);
			name = "Embed Frameworks";
			runOnlyForDeploymentPostprocessing = 0;
		};
/* End PBXCopyFilesBuildPhase section */

/* Begin PBXFileReference section */
		3B6545C4208F3F4800206D9B /* TodoSample.app */ = {isa = PBXFileReference; explicitFileType = wrapper.application; includeInIndex = 0; path = TodoSample.app; sourceTree = BUILT_PRODUCTS_DIR; };
		3B6545C7208F3F4800206D9B /* AppDelegate.swift */ = {isa = PBXFileReference; lastKnownFileType = sourcecode.swift; path = AppDelegate.swift; sourceTree = "<group>"; };
		3B6545C9208F3F4800206D9B /* ViewController.swift */ = {isa = PBXFileReference; lastKnownFileType = sourcecode.swift; path = ViewController.swift; sourceTree = "<group>"; };
		3B6545CC208F3F4800206D9B /* Base */ = {isa = PBXFileReference; lastKnownFileType = file.storyboard; name = Base; path = Base.lproj/Main.storyboard; sourceTree = "<group>"; };
		3B6545D1208F3F4C00206D9B /* Base */ = {isa = PBXFileReference; lastKnownFileType = file.storyboard; name = Base; path = Base.lproj/LaunchScreen.storyboard; sourceTree = "<group>"; };
		3B6545D3208F3F4C00206D9B /* Info.plist */ = {isa = PBXFileReference; lastKnownFileType = text.plist.xml; path = Info.plist; sourceTree = "<group>"; };
		3B6545DF208F6D5C00206D9B /* AddView.swift */ = {isa = PBXFileReference; lastKnownFileType = sourcecode.swift; path = AddView.swift; sourceTree = "<group>"; };
		3B6545E3208F70FF00206D9B /* Panda.framework */ = {isa = PBXFileReference; explicitFileType = wrapper.framework; path = Panda.framework; sourceTree = BUILT_PRODUCTS_DIR; };
		3B6545E8208F7DFD00206D9B /* Todo.swift */ = {isa = PBXFileReference; lastKnownFileType = sourcecode.swift; path = Todo.swift; sourceTree = "<group>"; };
		3B6545EC2098B79B00206D9B /* ListView.swift */ = {isa = PBXFileReference; lastKnownFileType = sourcecode.swift; path = ListView.swift; sourceTree = "<group>"; };
		3B6545EE2099694600206D9B /* Assets.xcassets */ = {isa = PBXFileReference; lastKnownFileType = folder.assetcatalog; path = Assets.xcassets; sourceTree = "<group>"; };
		3B6545F020997F9300206D9B /* Style.swift */ = {isa = PBXFileReference; lastKnownFileType = sourcecode.swift; path = Style.swift; sourceTree = "<group>"; };
		3BE027B9209C9EB400282EEF /* BottomBar.swift */ = {isa = PBXFileReference; lastKnownFileType = sourcecode.swift; path = BottomBar.swift; sourceTree = "<group>"; };
/* End PBXFileReference section */

/* Begin PBXFrameworksBuildPhase section */
		3B6545C1208F3F4800206D9B /* Frameworks */ = {
			isa = PBXFrameworksBuildPhase;
			buildActionMask = 2147483647;
			files = (
				3B6545E5208F710500206D9B /* Panda.framework in Frameworks */,
			);
			runOnlyForDeploymentPostprocessing = 0;
		};
/* End PBXFrameworksBuildPhase section */

/* Begin PBXGroup section */
		3B6545BB208F3F4700206D9B = {
			isa = PBXGroup;
			children = (
				3B6545C6208F3F4800206D9B /* Sources */,
				3B6545DD208F3FE000206D9B /* Frameworks */,
				3B6545C5208F3F4800206D9B /* Products */,
			);
			sourceTree = "<group>";
		};
		3B6545C5208F3F4800206D9B /* Products */ = {
			isa = PBXGroup;
			children = (
				3B6545C4208F3F4800206D9B /* TodoSample.app */,
			);
			name = Products;
			sourceTree = "<group>";
		};
		3B6545C6208F3F4800206D9B /* Sources */ = {
			isa = PBXGroup;
			children = (
				3B6545C7208F3F4800206D9B /* AppDelegate.swift */,
				3B6545C9208F3F4800206D9B /* ViewController.swift */,
				3B6545DF208F6D5C00206D9B /* AddView.swift */,
				3B6545EC2098B79B00206D9B /* ListView.swift */,
				3BE027B9209C9EB400282EEF /* BottomBar.swift */,
				3B6545F020997F9300206D9B /* Style.swift */,
				3B6545E8208F7DFD00206D9B /* Todo.swift */,
				3B6545CB208F3F4800206D9B /* Main.storyboard */,
				3B6545D0208F3F4C00206D9B /* LaunchScreen.storyboard */,
				3B6545EE2099694600206D9B /* Assets.xcassets */,
				3B6545D3208F3F4C00206D9B /* Info.plist */,
			);
			path = Sources;
			sourceTree = "<group>";
		};
		3B6545DD208F3FE000206D9B /* Frameworks */ = {
			isa = PBXGroup;
			children = (
				3B6545E3208F70FF00206D9B /* Panda.framework */,
			);
			name = Frameworks;
			sourceTree = "<group>";
		};
/* End PBXGroup section */

/* Begin PBXNativeTarget section */
		3B6545C3208F3F4800206D9B /* TodoSample */ = {
			isa = PBXNativeTarget;
			buildConfigurationList = 3B6545D6208F3F4C00206D9B /* Build configuration list for PBXNativeTarget "TodoSample" */;
			buildPhases = (
				3B6545C0208F3F4800206D9B /* Sources */,
				3B6545C1208F3F4800206D9B /* Frameworks */,
				3B6545C2208F3F4800206D9B /* Resources */,
				3B6545E7208F710600206D9B /* Embed Frameworks */,
			);
			buildRules = (
			);
			dependencies = (
			);
			name = TodoSample;
			productName = TodoSample;
			productReference = 3B6545C4208F3F4800206D9B /* TodoSample.app */;
			productType = "com.apple.product-type.application";
		};
/* End PBXNativeTarget section */

/* Begin PBXProject section */
		3B6545BC208F3F4700206D9B /* Project object */ = {
			isa = PBXProject;
			attributes = {
				LastSwiftUpdateCheck = 0930;
				LastUpgradeCheck = 0930;
				ORGANIZATIONNAME = Javier;
				TargetAttributes = {
					3B6545C3208F3F4800206D9B = {
						CreatedOnToolsVersion = 9.3;
					};
				};
			};
			buildConfigurationList = 3B6545BF208F3F4700206D9B /* Build configuration list for PBXProject "TodoSample" */;
			compatibilityVersion = "Xcode 9.3";
			developmentRegion = en;
			hasScannedForEncodings = 0;
			knownRegions = (
				en,
				Base,
			);
			mainGroup = 3B6545BB208F3F4700206D9B;
			productRefGroup = 3B6545C5208F3F4800206D9B /* Products */;
			projectDirPath = "";
			projectRoot = "";
			targets = (
				3B6545C3208F3F4800206D9B /* TodoSample */,
			);
		};
/* End PBXProject section */

/* Begin PBXResourcesBuildPhase section */
		3B6545C2208F3F4800206D9B /* Resources */ = {
			isa = PBXResourcesBuildPhase;
			buildActionMask = 2147483647;
			files = (
				3B6545D2208F3F4C00206D9B /* LaunchScreen.storyboard in Resources */,
				3B6545EF2099694600206D9B /* Assets.xcassets in Resources */,
				3B6545CD208F3F4800206D9B /* Main.storyboard in Resources */,
			);
			runOnlyForDeploymentPostprocessing = 0;
		};
/* End PBXResourcesBuildPhase section */

/* Begin PBXSourcesBuildPhase section */
		3B6545C0208F3F4800206D9B /* Sources */ = {
			isa = PBXSourcesBuildPhase;
			buildActionMask = 2147483647;
			files = (
				3B6545CA208F3F4800206D9B /* ViewController.swift in Sources */,
				3B6545F120997F9300206D9B /* Style.swift in Sources */,
				3B6545C8208F3F4800206D9B /* AppDelegate.swift in Sources */,
				3B6545ED2098B79B00206D9B /* ListView.swift in Sources */,
				3BE027BA209C9EB400282EEF /* BottomBar.swift in Sources */,
				3B6545E0208F6D5C00206D9B /* AddView.swift in Sources */,
				3B6545E9208F7DFD00206D9B /* Todo.swift in Sources */,
			);
			runOnlyForDeploymentPostprocessing = 0;
		};
/* End PBXSourcesBuildPhase section */

/* Begin PBXVariantGroup section */
		3B6545CB208F3F4800206D9B /* Main.storyboard */ = {
			isa = PBXVariantGroup;
			children = (
				3B6545CC208F3F4800206D9B /* Base */,
			);
			name = Main.storyboard;
			sourceTree = "<group>";
		};
		3B6545D0208F3F4C00206D9B /* LaunchScreen.storyboard */ = {
			isa = PBXVariantGroup;
			children = (
				3B6545D1208F3F4C00206D9B /* Base */,
			);
			name = LaunchScreen.storyboard;
			sourceTree = "<group>";
		};
/* End PBXVariantGroup section */

/* Begin XCBuildConfiguration section */
		3B6545D4208F3F4C00206D9B /* Debug */ = {
			isa = XCBuildConfiguration;
			buildSettings = {
				ALWAYS_SEARCH_USER_PATHS = NO;
				CLANG_ANALYZER_NONNULL = YES;
				CLANG_ANALYZER_NUMBER_OBJECT_CONVERSION = YES_AGGRESSIVE;
				CLANG_CXX_LANGUAGE_STANDARD = "gnu++14";
				CLANG_CXX_LIBRARY = "libc++";
				CLANG_ENABLE_MODULES = YES;
				CLANG_ENABLE_OBJC_ARC = YES;
				CLANG_ENABLE_OBJC_WEAK = YES;
				CLANG_WARN_BLOCK_CAPTURE_AUTORELEASING = YES;
				CLANG_WARN_BOOL_CONVERSION = YES;
				CLANG_WARN_COMMA = YES;
				CLANG_WARN_CONSTANT_CONVERSION = YES;
				CLANG_WARN_DEPRECATED_OBJC_IMPLEMENTATIONS = YES;
				CLANG_WARN_DIRECT_OBJC_ISA_USAGE = YES_ERROR;
				CLANG_WARN_DOCUMENTATION_COMMENTS = YES;
				CLANG_WARN_EMPTY_BODY = YES;
				CLANG_WARN_ENUM_CONVERSION = YES;
				CLANG_WARN_INFINITE_RECURSION = YES;
				CLANG_WARN_INT_CONVERSION = YES;
				CLANG_WARN_NON_LITERAL_NULL_CONVERSION = YES;
				CLANG_WARN_OBJC_IMPLICIT_RETAIN_SELF = YES;
				CLANG_WARN_OBJC_LITERAL_CONVERSION = YES;
				CLANG_WARN_OBJC_ROOT_CLASS = YES_ERROR;
				CLANG_WARN_RANGE_LOOP_ANALYSIS = YES;
				CLANG_WARN_STRICT_PROTOTYPES = YES;
				CLANG_WARN_SUSPICIOUS_MOVE = YES;
				CLANG_WARN_UNGUARDED_AVAILABILITY = YES_AGGRESSIVE;
				CLANG_WARN_UNREACHABLE_CODE = YES;
				CLANG_WARN__DUPLICATE_METHOD_MATCH = YES;
				CODE_SIGN_IDENTITY = "iPhone Developer";
				COPY_PHASE_STRIP = NO;
				DEBUG_INFORMATION_FORMAT = dwarf;
				ENABLE_STRICT_OBJC_MSGSEND = YES;
				ENABLE_TESTABILITY = YES;
				GCC_C_LANGUAGE_STANDARD = gnu11;
				GCC_DYNAMIC_NO_PIC = NO;
				GCC_NO_COMMON_BLOCKS = YES;
				GCC_OPTIMIZATION_LEVEL = 0;
				GCC_PREPROCESSOR_DEFINITIONS = (
					"DEBUG=1",
					"$(inherited)",
				);
				GCC_WARN_64_TO_32_BIT_CONVERSION = YES;
				GCC_WARN_ABOUT_RETURN_TYPE = YES_ERROR;
				GCC_WARN_UNDECLARED_SELECTOR = YES;
				GCC_WARN_UNINITIALIZED_AUTOS = YES_AGGRESSIVE;
				GCC_WARN_UNUSED_FUNCTION = YES;
				GCC_WARN_UNUSED_VARIABLE = YES;
				IPHONEOS_DEPLOYMENT_TARGET = 11.0;
				MTL_ENABLE_DEBUG_INFO = YES;
				ONLY_ACTIVE_ARCH = YES;
				SDKROOT = iphoneos;
				SWIFT_ACTIVE_COMPILATION_CONDITIONS = DEBUG;
				SWIFT_OPTIMIZATION_LEVEL = "-Onone";
			};
			name = Debug;
		};
		3B6545D5208F3F4C00206D9B /* Release */ = {
			isa = XCBuildConfiguration;
			buildSettings = {
				ALWAYS_SEARCH_USER_PATHS = NO;
				CLANG_ANALYZER_NONNULL = YES;
				CLANG_ANALYZER_NUMBER_OBJECT_CONVERSION = YES_AGGRESSIVE;
				CLANG_CXX_LANGUAGE_STANDARD = "gnu++14";
				CLANG_CXX_LIBRARY = "libc++";
				CLANG_ENABLE_MODULES = YES;
				CLANG_ENABLE_OBJC_ARC = YES;
				CLANG_ENABLE_OBJC_WEAK = YES;
				CLANG_WARN_BLOCK_CAPTURE_AUTORELEASING = YES;
				CLANG_WARN_BOOL_CONVERSION = YES;
				CLANG_WARN_COMMA = YES;
				CLANG_WARN_CONSTANT_CONVERSION = YES;
				CLANG_WARN_DEPRECATED_OBJC_IMPLEMENTATIONS = YES;
				CLANG_WARN_DIRECT_OBJC_ISA_USAGE = YES_ERROR;
				CLANG_WARN_DOCUMENTATION_COMMENTS = YES;
				CLANG_WARN_EMPTY_BODY = YES;
				CLANG_WARN_ENUM_CONVERSION = YES;
				CLANG_WARN_INFINITE_RECURSION = YES;
				CLANG_WARN_INT_CONVERSION = YES;
				CLANG_WARN_NON_LITERAL_NULL_CONVERSION = YES;
				CLANG_WARN_OBJC_IMPLICIT_RETAIN_SELF = YES;
				CLANG_WARN_OBJC_LITERAL_CONVERSION = YES;
				CLANG_WARN_OBJC_ROOT_CLASS = YES_ERROR;
				CLANG_WARN_RANGE_LOOP_ANALYSIS = YES;
				CLANG_WARN_STRICT_PROTOTYPES = YES;
				CLANG_WARN_SUSPICIOUS_MOVE = YES;
				CLANG_WARN_UNGUARDED_AVAILABILITY = YES_AGGRESSIVE;
				CLANG_WARN_UNREACHABLE_CODE = YES;
				CLANG_WARN__DUPLICATE_METHOD_MATCH = YES;
				CODE_SIGN_IDENTITY = "iPhone Developer";
				COPY_PHASE_STRIP = NO;
				DEBUG_INFORMATION_FORMAT = "dwarf-with-dsym";
				ENABLE_NS_ASSERTIONS = NO;
				ENABLE_STRICT_OBJC_MSGSEND = YES;
				GCC_C_LANGUAGE_STANDARD = gnu11;
				GCC_NO_COMMON_BLOCKS = YES;
				GCC_WARN_64_TO_32_BIT_CONVERSION = YES;
				GCC_WARN_ABOUT_RETURN_TYPE = YES_ERROR;
				GCC_WARN_UNDECLARED_SELECTOR = YES;
				GCC_WARN_UNINITIALIZED_AUTOS = YES_AGGRESSIVE;
				GCC_WARN_UNUSED_FUNCTION = YES;
				GCC_WARN_UNUSED_VARIABLE = YES;
				IPHONEOS_DEPLOYMENT_TARGET = 11.0;
				MTL_ENABLE_DEBUG_INFO = NO;
				SDKROOT = iphoneos;
				SWIFT_COMPILATION_MODE = wholemodule;
				SWIFT_OPTIMIZATION_LEVEL = "-O";
				VALIDATE_PRODUCT = YES;
			};
			name = Release;
		};
		3B6545D7208F3F4C00206D9B /* Debug */ = {
			isa = XCBuildConfiguration;
			buildSettings = {
				CODE_SIGN_STYLE = Automatic;
				INFOPLIST_FILE = Sources/Info.plist;
				LD_RUNPATH_SEARCH_PATHS = (
					"$(inherited)",
					"@executable_path/Frameworks",
				);
				PRODUCT_BUNDLE_IDENTIFIER = com.wordlessj.TodoSample;
				PRODUCT_NAME = "$(TARGET_NAME)";
				SWIFT_VERSION = 4.0;
				TARGETED_DEVICE_FAMILY = "1,2";
			};
			name = Debug;
		};
		3B6545D8208F3F4C00206D9B /* Release */ = {
			isa = XCBuildConfiguration;
			buildSettings = {
				CODE_SIGN_STYLE = Automatic;
				INFOPLIST_FILE = Sources/Info.plist;
				LD_RUNPATH_SEARCH_PATHS = (
					"$(inherited)",
					"@executable_path/Frameworks",
				);
				PRODUCT_BUNDLE_IDENTIFIER = com.wordlessj.TodoSample;
				PRODUCT_NAME = "$(TARGET_NAME)";
				SWIFT_VERSION = 4.0;
				TARGETED_DEVICE_FAMILY = "1,2";
			};
			name = Release;
		};
/* End XCBuildConfiguration section */

/* Begin XCConfigurationList section */
		3B6545BF208F3F4700206D9B /* Build configuration list for PBXProject "TodoSample" */ = {
			isa = XCConfigurationList;
			buildConfigurations = (
				3B6545D4208F3F4C00206D9B /* Debug */,
				3B6545D5208F3F4C00206D9B /* Release */,
			);
			defaultConfigurationIsVisible = 0;
			defaultConfigurationName = Release;
		};
		3B6545D6208F3F4C00206D9B /* Build configuration list for PBXNativeTarget "TodoSample" */ = {
			isa = XCConfigurationList;
			buildConfigurations = (
				3B6545D7208F3F4C00206D9B /* Debug */,
				3B6545D8208F3F4C00206D9B /* Release */,
			);
			defaultConfigurationIsVisible = 0;
			defaultConfigurationName = Release;
		};
/* End XCConfigurationList section */
	};
	rootObject = 3B6545BC208F3F4700206D9B /* Project object */;
}
